
Microsoft Visual Studio Solution File, Format Version 12.00
# Visual Studio 2012
VisualStudioVersion = 12.0.31101.0
MinimumVisualStudioVersion = 10.0.40219.1
Project("{FAE04EC0-301F-11D3-BF4B-00C04F79EFBC}") = "NControlDemo.FormsApp", "NControlDemo\NControlDemo.FormsApp\NControlDemo.FormsApp.csproj", "{39EA0550-B11F-4ABC-B23A-61EB4136C775}"
EndProject
Project("{FAE04EC0-301F-11D3-BF4B-00C04F79EFBC}") = "NControlDemo.iOS", "NControlDemo\NControlDemo.iOS\NControlDemo.iOS.csproj", "{43A5D241-4140-41A9-9E4B-713E5467A9F9}"
EndProject
Project("{FAE04EC0-301F-11D3-BF4B-00C04F79EFBC}") = "NControlDemo.Droid", "NControlDemo\NControlDemo.Droid\NControlDemo.Droid.csproj", "{617C5658-90A2-4828-8609-F5959C66CF9C}"
EndProject
Project("{FAE04EC0-301F-11D3-BF4B-00C04F79EFBC}") = "NControlDemo.Localization", "NControlDemo\NControlDemo.Localization\NControlDemo.Localization.csproj", "{79968FF8-9E85-42D1-9917-73B52F022969}"
EndProject
Project("{FAE04EC0-301F-11D3-BF4B-00C04F79EFBC}") = "NControlDemo.Utils", "NControlDemo\NControlDemo.Utils\NControlDemo.Utils.csproj", "{C5A54152-DCDF-4ED8-B9F7-7A701EDD73CB}"
EndProject
Project("{2150E333-8FDC-42A3-9474-1A3956D46DE8}") = "Libraries", "Libraries", "{915A7419-1DC8-43AE-962D-2F1046F01070}"
	ProjectSection(SolutionItems) = preProject
		NControl\NControl.nuspec = NControl\NControl.nuspec
	EndProjectSection
EndProject
Project("{FAE04EC0-301F-11D3-BF4B-00C04F79EFBC}") = "NControl", "NControl\NControl\NControl.csproj", "{E0951DAE-4B6E-421D-AA30-5BD2203D5DEC}"
EndProject
Project("{FAE04EC0-301F-11D3-BF4B-00C04F79EFBC}") = "NControl.Droid", "NControl\NControl.Droid\NControl.Droid.csproj", "{75DFD328-A91C-4056-B50B-1EFDC595C6A0}"
EndProject
Project("{FAE04EC0-301F-11D3-BF4B-00C04F79EFBC}") = "NControl.iOS", "NControl\NControl.iOS\NControl.iOS.csproj", "{C1497752-06AF-4FDB-886E-8DD57F5CB5A0}"
EndProject
Project("{FAE04EC0-301F-11D3-BF4B-00C04F79EFBC}") = "NControl.WP81", "NControl\NControl.WP81\NControl.WP81.csproj", "{9E684606-7520-4C66-A530-F65AAA129B8F}"
EndProject
Project("{FAE04EC0-301F-11D3-BF4B-00C04F79EFBC}") = "NControl.WP80", "NControl\NControl.WP80\NControl.WP80.csproj", "{7417DF41-1260-4F98-8AF5-23B9C6048AAB}"
EndProject
Project("{FAE04EC0-301F-11D3-BF4B-00C04F79EFBC}") = "NControlDemo.WP81", "NControlDemo\NControlDemo.WP81\NControlDemo.WP81.csproj", "{28DF003B-40C3-4550-8000-103AD513BC6D}"
EndProject
Project("{2150E333-8FDC-42A3-9474-1A3956D46DE8}") = ".nuget", ".nuget", "{F2FDFCFD-72B1-425E-A1AB-36328E4F4E41}"
	ProjectSection(SolutionItems) = preProject
		.nuget\NuGet.Config = .nuget\NuGet.Config
		.nuget\NuGet.exe = .nuget\NuGet.exe
		.nuget\NuGet.targets = .nuget\NuGet.targets
	EndProjectSection
EndProject
Project("{FAE04EC0-301F-11D3-BF4B-00C04F79EFBC}") = "NControlDemo.WP80", "NControlDemo\NControlDemo.WP80\NControlDemo.WP80.csproj", "{D563351A-165C-4932-8A03-7E70E9E33D70}"
EndProject
Global
	GlobalSection(SolutionConfigurationPlatforms) = preSolution
		Ad-Hoc|Any CPU = Ad-Hoc|Any CPU
		Ad-Hoc|ARM = Ad-Hoc|ARM
		Ad-Hoc|iPhone = Ad-Hoc|iPhone
		Ad-Hoc|iPhoneSimulator = Ad-Hoc|iPhoneSimulator
		Ad-Hoc|Mixed Platforms = Ad-Hoc|Mixed Platforms
		Ad-Hoc|x86 = Ad-Hoc|x86
		AppStore|Any CPU = AppStore|Any CPU
		AppStore|ARM = AppStore|ARM
		AppStore|iPhone = AppStore|iPhone
		AppStore|iPhoneSimulator = AppStore|iPhoneSimulator
		AppStore|Mixed Platforms = AppStore|Mixed Platforms
		AppStore|x86 = AppStore|x86
		Debug|Any CPU = Debug|Any CPU
		Debug|ARM = Debug|ARM
		Debug|iPhone = Debug|iPhone
		Debug|iPhoneSimulator = Debug|iPhoneSimulator
		Debug|Mixed Platforms = Debug|Mixed Platforms
		Debug|x86 = Debug|x86
		Release|Any CPU = Release|Any CPU
		Release|ARM = Release|ARM
		Release|iPhone = Release|iPhone
		Release|iPhoneSimulator = Release|iPhoneSimulator
		Release|Mixed Platforms = Release|Mixed Platforms
		Release|x86 = Release|x86
	EndGlobalSection
	GlobalSection(ProjectConfigurationPlatforms) = postSolution
		{28DF003B-40C3-4550-8000-103AD513BC6D}.Ad-Hoc|Any CPU.ActiveCfg = Release|Any CPU
		{28DF003B-40C3-4550-8000-103AD513BC6D}.Ad-Hoc|Any CPU.Build.0 = Release|Any CPU
		{28DF003B-40C3-4550-8000-103AD513BC6D}.Ad-Hoc|Any CPU.Deploy.0 = Release|Any CPU
		{28DF003B-40C3-4550-8000-103AD513BC6D}.Ad-Hoc|ARM.ActiveCfg = Release|ARM
		{28DF003B-40C3-4550-8000-103AD513BC6D}.Ad-Hoc|ARM.Build.0 = Release|ARM
		{28DF003B-40C3-4550-8000-103AD513BC6D}.Ad-Hoc|ARM.Deploy.0 = Release|ARM
		{28DF003B-40C3-4550-8000-103AD513BC6D}.Ad-Hoc|iPhone.ActiveCfg = Release|Any CPU
		{28DF003B-40C3-4550-8000-103AD513BC6D}.Ad-Hoc|iPhoneSimulator.ActiveCfg = Release|Any CPU
		{28DF003B-40C3-4550-8000-103AD513BC6D}.Ad-Hoc|Mixed Platforms.ActiveCfg = Debug|x86
		{28DF003B-40C3-4550-8000-103AD513BC6D}.Ad-Hoc|Mixed Platforms.Build.0 = Debug|x86
		{28DF003B-40C3-4550-8000-103AD513BC6D}.Ad-Hoc|Mixed Platforms.Deploy.0 = Debug|x86
		{28DF003B-40C3-4550-8000-103AD513BC6D}.Ad-Hoc|x86.ActiveCfg = Release|x86
		{28DF003B-40C3-4550-8000-103AD513BC6D}.Ad-Hoc|x86.Build.0 = Release|x86
		{28DF003B-40C3-4550-8000-103AD513BC6D}.Ad-Hoc|x86.Deploy.0 = Release|x86
		{28DF003B-40C3-4550-8000-103AD513BC6D}.AppStore|Any CPU.ActiveCfg = Release|Any CPU
		{28DF003B-40C3-4550-8000-103AD513BC6D}.AppStore|Any CPU.Build.0 = Release|Any CPU
		{28DF003B-40C3-4550-8000-103AD513BC6D}.AppStore|Any CPU.Deploy.0 = Release|Any CPU
		{28DF003B-40C3-4550-8000-103AD513BC6D}.AppStore|ARM.ActiveCfg = Release|ARM
		{28DF003B-40C3-4550-8000-103AD513BC6D}.AppStore|ARM.Build.0 = Release|ARM
		{28DF003B-40C3-4550-8000-103AD513BC6D}.AppStore|ARM.Deploy.0 = Release|ARM
		{28DF003B-40C3-4550-8000-103AD513BC6D}.AppStore|iPhone.ActiveCfg = Release|Any CPU
		{28DF003B-40C3-4550-8000-103AD513BC6D}.AppStore|iPhoneSimulator.ActiveCfg = Release|Any CPU
		{28DF003B-40C3-4550-8000-103AD513BC6D}.AppStore|Mixed Platforms.ActiveCfg = Debug|x86
		{28DF003B-40C3-4550-8000-103AD513BC6D}.AppStore|Mixed Platforms.Build.0 = Debug|x86
		{28DF003B-40C3-4550-8000-103AD513BC6D}.AppStore|Mixed Platforms.Deploy.0 = Debug|x86
		{28DF003B-40C3-4550-8000-103AD513BC6D}.AppStore|x86.ActiveCfg = Release|x86
		{28DF003B-40C3-4550-8000-103AD513BC6D}.AppStore|x86.Build.0 = Release|x86
		{28DF003B-40C3-4550-8000-103AD513BC6D}.AppStore|x86.Deploy.0 = Release|x86
		{28DF003B-40C3-4550-8000-103AD513BC6D}.Debug|Any CPU.ActiveCfg = Debug|Any CPU
		{28DF003B-40C3-4550-8000-103AD513BC6D}.Debug|Any CPU.Build.0 = Debug|Any CPU
		{28DF003B-40C3-4550-8000-103AD513BC6D}.Debug|Any CPU.Deploy.0 = Debug|Any CPU
		{28DF003B-40C3-4550-8000-103AD513BC6D}.Debug|ARM.ActiveCfg = Debug|ARM
		{28DF003B-40C3-4550-8000-103AD513BC6D}.Debug|ARM.Build.0 = Debug|ARM
		{28DF003B-40C3-4550-8000-103AD513BC6D}.Debug|ARM.Deploy.0 = Debug|ARM
		{28DF003B-40C3-4550-8000-103AD513BC6D}.Debug|iPhone.ActiveCfg = Debug|Any CPU
		{28DF003B-40C3-4550-8000-103AD513BC6D}.Debug|iPhoneSimulator.ActiveCfg = Debug|Any CPU
		{28DF003B-40C3-4550-8000-103AD513BC6D}.Debug|Mixed Platforms.ActiveCfg = Debug|x86
		{28DF003B-40C3-4550-8000-103AD513BC6D}.Debug|Mixed Platforms.Build.0 = Debug|x86
		{28DF003B-40C3-4550-8000-103AD513BC6D}.Debug|Mixed Platforms.Deploy.0 = Debug|x86
		{28DF003B-40C3-4550-8000-103AD513BC6D}.Debug|x86.ActiveCfg = Debug|x86
		{28DF003B-40C3-4550-8000-103AD513BC6D}.Debug|x86.Build.0 = Debug|x86
		{28DF003B-40C3-4550-8000-103AD513BC6D}.Debug|x86.Deploy.0 = Debug|x86
		{28DF003B-40C3-4550-8000-103AD513BC6D}.Release|Any CPU.ActiveCfg = Release|Any CPU
		{28DF003B-40C3-4550-8000-103AD513BC6D}.Release|Any CPU.Build.0 = Release|Any CPU
		{28DF003B-40C3-4550-8000-103AD513BC6D}.Release|Any CPU.Deploy.0 = Release|Any CPU
		{28DF003B-40C3-4550-8000-103AD513BC6D}.Release|ARM.ActiveCfg = Release|ARM
		{28DF003B-40C3-4550-8000-103AD513BC6D}.Release|ARM.Build.0 = Release|ARM
		{28DF003B-40C3-4550-8000-103AD513BC6D}.Release|ARM.Deploy.0 = Release|ARM
		{28DF003B-40C3-4550-8000-103AD513BC6D}.Release|iPhone.ActiveCfg = Release|Any CPU
		{28DF003B-40C3-4550-8000-103AD513BC6D}.Release|iPhoneSimulator.ActiveCfg = Release|Any CPU
		{28DF003B-40C3-4550-8000-103AD513BC6D}.Release|Mixed Platforms.ActiveCfg = Release|x86
		{28DF003B-40C3-4550-8000-103AD513BC6D}.Release|Mixed Platforms.Build.0 = Release|x86
		{28DF003B-40C3-4550-8000-103AD513BC6D}.Release|Mixed Platforms.Deploy.0 = Release|x86
		{28DF003B-40C3-4550-8000-103AD513BC6D}.Release|x86.ActiveCfg = Release|x86
		{28DF003B-40C3-4550-8000-103AD513BC6D}.Release|x86.Build.0 = Release|x86
		{28DF003B-40C3-4550-8000-103AD513BC6D}.Release|x86.Deploy.0 = Release|x86
		{39EA0550-B11F-4ABC-B23A-61EB4136C775}.Ad-Hoc|Any CPU.ActiveCfg = Release|Any CPU
		{39EA0550-B11F-4ABC-B23A-61EB4136C775}.Ad-Hoc|ARM.ActiveCfg = Release|Any CPU
		{39EA0550-B11F-4ABC-B23A-61EB4136C775}.Ad-Hoc|iPhone.ActiveCfg = Debug|Any CPU
		{39EA0550-B11F-4ABC-B23A-61EB4136C775}.Ad-Hoc|iPhone.Build.0 = Debug|Any CPU
		{39EA0550-B11F-4ABC-B23A-61EB4136C775}.Ad-Hoc|iPhoneSimulator.ActiveCfg = Release|Any CPU
		{39EA0550-B11F-4ABC-B23A-61EB4136C775}.Ad-Hoc|Mixed Platforms.ActiveCfg = Debug|Any CPU
		{39EA0550-B11F-4ABC-B23A-61EB4136C775}.Ad-Hoc|Mixed Platforms.Build.0 = Debug|Any CPU
		{39EA0550-B11F-4ABC-B23A-61EB4136C775}.Ad-Hoc|x86.ActiveCfg = Release|Any CPU
		{39EA0550-B11F-4ABC-B23A-61EB4136C775}.AppStore|Any CPU.ActiveCfg = Release|Any CPU
		{39EA0550-B11F-4ABC-B23A-61EB4136C775}.AppStore|ARM.ActiveCfg = Release|Any CPU
		{39EA0550-B11F-4ABC-B23A-61EB4136C775}.AppStore|iPhone.ActiveCfg = Debug|Any CPU
		{39EA0550-B11F-4ABC-B23A-61EB4136C775}.AppStore|iPhone.Build.0 = Debug|Any CPU
		{39EA0550-B11F-4ABC-B23A-61EB4136C775}.AppStore|iPhoneSimulator.ActiveCfg = Release|Any CPU
		{39EA0550-B11F-4ABC-B23A-61EB4136C775}.AppStore|Mixed Platforms.ActiveCfg = Debug|Any CPU
		{39EA0550-B11F-4ABC-B23A-61EB4136C775}.AppStore|Mixed Platforms.Build.0 = Debug|Any CPU
		{39EA0550-B11F-4ABC-B23A-61EB4136C775}.AppStore|x86.ActiveCfg = Release|Any CPU
		{39EA0550-B11F-4ABC-B23A-61EB4136C775}.Debug|Any CPU.ActiveCfg = Debug|Any CPU
		{39EA0550-B11F-4ABC-B23A-61EB4136C775}.Debug|Any CPU.Build.0 = Debug|Any CPU
		{39EA0550-B11F-4ABC-B23A-61EB4136C775}.Debug|ARM.ActiveCfg = Debug|Any CPU
		{39EA0550-B11F-4ABC-B23A-61EB4136C775}.Debug|ARM.Build.0 = Debug|Any CPU
		{39EA0550-B11F-4ABC-B23A-61EB4136C775}.Debug|iPhone.ActiveCfg = Debug|Any CPU
		{39EA0550-B11F-4ABC-B23A-61EB4136C775}.Debug|iPhone.Build.0 = Debug|Any CPU
		{39EA0550-B11F-4ABC-B23A-61EB4136C775}.Debug|iPhoneSimulator.ActiveCfg = Debug|Any CPU
		{39EA0550-B11F-4ABC-B23A-61EB4136C775}.Debug|iPhoneSimulator.Build.0 = Debug|Any CPU
		{39EA0550-B11F-4ABC-B23A-61EB4136C775}.Debug|Mixed Platforms.ActiveCfg = Debug|Any CPU
		{39EA0550-B11F-4ABC-B23A-61EB4136C775}.Debug|Mixed Platforms.Build.0 = Debug|Any CPU
		{39EA0550-B11F-4ABC-B23A-61EB4136C775}.Debug|x86.ActiveCfg = Debug|Any CPU
		{39EA0550-B11F-4ABC-B23A-61EB4136C775}.Release|Any CPU.ActiveCfg = Release|Any CPU
		{39EA0550-B11F-4ABC-B23A-61EB4136C775}.Release|Any CPU.Build.0 = Release|Any CPU
		{39EA0550-B11F-4ABC-B23A-61EB4136C775}.Release|ARM.ActiveCfg = Release|Any CPU
		{39EA0550-B11F-4ABC-B23A-61EB4136C775}.Release|ARM.Build.0 = Release|Any CPU
		{39EA0550-B11F-4ABC-B23A-61EB4136C775}.Release|iPhone.ActiveCfg = Release|Any CPU
		{39EA0550-B11F-4ABC-B23A-61EB4136C775}.Release|iPhone.Build.0 = Release|Any CPU
		{39EA0550-B11F-4ABC-B23A-61EB4136C775}.Release|iPhoneSimulator.ActiveCfg = Release|Any CPU
		{39EA0550-B11F-4ABC-B23A-61EB4136C775}.Release|iPhoneSimulator.Build.0 = Release|Any CPU
		{39EA0550-B11F-4ABC-B23A-61EB4136C775}.Release|Mixed Platforms.ActiveCfg = Release|Any CPU
		{39EA0550-B11F-4ABC-B23A-61EB4136C775}.Release|Mixed Platforms.Build.0 = Release|Any CPU
		{39EA0550-B11F-4ABC-B23A-61EB4136C775}.Release|x86.ActiveCfg = Release|Any CPU
		{43A5D241-4140-41A9-9E4B-713E5467A9F9}.Ad-Hoc|Any CPU.ActiveCfg = Ad-Hoc|iPhone
		{43A5D241-4140-41A9-9E4B-713E5467A9F9}.Ad-Hoc|ARM.ActiveCfg = Ad-Hoc|iPhone
		{43A5D241-4140-41A9-9E4B-713E5467A9F9}.Ad-Hoc|iPhone.ActiveCfg = Ad-Hoc|iPhone
		{43A5D241-4140-41A9-9E4B-713E5467A9F9}.Ad-Hoc|iPhone.Build.0 = Ad-Hoc|iPhone
		{43A5D241-4140-41A9-9E4B-713E5467A9F9}.Ad-Hoc|iPhoneSimulator.ActiveCfg = Ad-Hoc|iPhone
		{43A5D241-4140-41A9-9E4B-713E5467A9F9}.Ad-Hoc|Mixed Platforms.ActiveCfg = Ad-Hoc|iPhoneSimulator
		{43A5D241-4140-41A9-9E4B-713E5467A9F9}.Ad-Hoc|Mixed Platforms.Build.0 = Ad-Hoc|iPhoneSimulator
		{43A5D241-4140-41A9-9E4B-713E5467A9F9}.Ad-Hoc|x86.ActiveCfg = Ad-Hoc|iPhone
		{43A5D241-4140-41A9-9E4B-713E5467A9F9}.AppStore|Any CPU.ActiveCfg = AppStore|iPhone
		{43A5D241-4140-41A9-9E4B-713E5467A9F9}.AppStore|ARM.ActiveCfg = AppStore|iPhone
		{43A5D241-4140-41A9-9E4B-713E5467A9F9}.AppStore|iPhone.ActiveCfg = AppStore|iPhone
		{43A5D241-4140-41A9-9E4B-713E5467A9F9}.AppStore|iPhone.Build.0 = AppStore|iPhone
		{43A5D241-4140-41A9-9E4B-713E5467A9F9}.AppStore|iPhoneSimulator.ActiveCfg = AppStore|iPhone
		{43A5D241-4140-41A9-9E4B-713E5467A9F9}.AppStore|Mixed Platforms.ActiveCfg = AppStore|iPhoneSimulator
		{43A5D241-4140-41A9-9E4B-713E5467A9F9}.AppStore|Mixed Platforms.Build.0 = AppStore|iPhoneSimulator
		{43A5D241-4140-41A9-9E4B-713E5467A9F9}.AppStore|x86.ActiveCfg = AppStore|iPhone
		{43A5D241-4140-41A9-9E4B-713E5467A9F9}.Debug|Any CPU.ActiveCfg = Debug|iPhoneSimulator
		{43A5D241-4140-41A9-9E4B-713E5467A9F9}.Debug|Any CPU.Build.0 = Debug|iPhoneSimulator
		{43A5D241-4140-41A9-9E4B-713E5467A9F9}.Debug|ARM.ActiveCfg = Debug|iPhone
		{43A5D241-4140-41A9-9E4B-713E5467A9F9}.Debug|iPhone.ActiveCfg = Debug|iPhone
		{43A5D241-4140-41A9-9E4B-713E5467A9F9}.Debug|iPhone.Build.0 = Debug|iPhone
		{43A5D241-4140-41A9-9E4B-713E5467A9F9}.Debug|iPhoneSimulator.ActiveCfg = Debug|iPhoneSimulator
		{43A5D241-4140-41A9-9E4B-713E5467A9F9}.Debug|iPhoneSimulator.Build.0 = Debug|iPhoneSimulator
		{43A5D241-4140-41A9-9E4B-713E5467A9F9}.Debug|Mixed Platforms.ActiveCfg = Debug|iPhone
		{43A5D241-4140-41A9-9E4B-713E5467A9F9}.Debug|Mixed Platforms.Build.0 = Debug|iPhone
		{43A5D241-4140-41A9-9E4B-713E5467A9F9}.Debug|x86.ActiveCfg = Debug|iPhone
		{43A5D241-4140-41A9-9E4B-713E5467A9F9}.Release|Any CPU.ActiveCfg = Release|iPhoneSimulator
		{43A5D241-4140-41A9-9E4B-713E5467A9F9}.Release|Any CPU.Build.0 = Release|iPhoneSimulator
		{43A5D241-4140-41A9-9E4B-713E5467A9F9}.Release|ARM.ActiveCfg = Release|iPhone
		{43A5D241-4140-41A9-9E4B-713E5467A9F9}.Release|ARM.Build.0 = Release|iPhone
		{43A5D241-4140-41A9-9E4B-713E5467A9F9}.Release|iPhone.ActiveCfg = Release|iPhone
		{43A5D241-4140-41A9-9E4B-713E5467A9F9}.Release|iPhone.Build.0 = Release|iPhone
		{43A5D241-4140-41A9-9E4B-713E5467A9F9}.Release|iPhoneSimulator.ActiveCfg = Release|iPhoneSimulator
		{43A5D241-4140-41A9-9E4B-713E5467A9F9}.Release|iPhoneSimulator.Build.0 = Release|iPhoneSimulator
		{43A5D241-4140-41A9-9E4B-713E5467A9F9}.Release|Mixed Platforms.ActiveCfg = Release|iPhone
		{43A5D241-4140-41A9-9E4B-713E5467A9F9}.Release|Mixed Platforms.Build.0 = Release|iPhone
		{43A5D241-4140-41A9-9E4B-713E5467A9F9}.Release|x86.ActiveCfg = Release|iPhone
		{617C5658-90A2-4828-8609-F5959C66CF9C}.Ad-Hoc|Any CPU.ActiveCfg = Debug|Any CPU
		{617C5658-90A2-4828-8609-F5959C66CF9C}.Ad-Hoc|ARM.ActiveCfg = Debug|Any CPU
		{617C5658-90A2-4828-8609-F5959C66CF9C}.Ad-Hoc|iPhone.ActiveCfg = Release|Any CPU
		{617C5658-90A2-4828-8609-F5959C66CF9C}.Ad-Hoc|iPhone.Build.0 = Release|Any CPU
		{617C5658-90A2-4828-8609-F5959C66CF9C}.Ad-Hoc|iPhoneSimulator.ActiveCfg = Debug|Any CPU
		{617C5658-90A2-4828-8609-F5959C66CF9C}.Ad-Hoc|Mixed Platforms.ActiveCfg = Release|Any CPU
		{617C5658-90A2-4828-8609-F5959C66CF9C}.Ad-Hoc|Mixed Platforms.Build.0 = Release|Any CPU
		{617C5658-90A2-4828-8609-F5959C66CF9C}.Ad-Hoc|Mixed Platforms.Deploy.0 = Release|Any CPU
		{617C5658-90A2-4828-8609-F5959C66CF9C}.Ad-Hoc|x86.ActiveCfg = Debug|Any CPU
		{617C5658-90A2-4828-8609-F5959C66CF9C}.AppStore|Any CPU.ActiveCfg = Debug|Any CPU
		{617C5658-90A2-4828-8609-F5959C66CF9C}.AppStore|ARM.ActiveCfg = Debug|Any CPU
		{617C5658-90A2-4828-8609-F5959C66CF9C}.AppStore|iPhone.ActiveCfg = Release|Any CPU
		{617C5658-90A2-4828-8609-F5959C66CF9C}.AppStore|iPhone.Build.0 = Release|Any CPU
		{617C5658-90A2-4828-8609-F5959C66CF9C}.AppStore|iPhoneSimulator.ActiveCfg = Debug|Any CPU
		{617C5658-90A2-4828-8609-F5959C66CF9C}.AppStore|Mixed Platforms.ActiveCfg = Release|Any CPU
		{617C5658-90A2-4828-8609-F5959C66CF9C}.AppStore|Mixed Platforms.Build.0 = Release|Any CPU
		{617C5658-90A2-4828-8609-F5959C66CF9C}.AppStore|Mixed Platforms.Deploy.0 = Release|Any CPU
		{617C5658-90A2-4828-8609-F5959C66CF9C}.AppStore|x86.ActiveCfg = Debug|Any CPU
		{617C5658-90A2-4828-8609-F5959C66CF9C}.Debug|Any CPU.ActiveCfg = Debug|Any CPU
		{617C5658-90A2-4828-8609-F5959C66CF9C}.Debug|Any CPU.Build.0 = Debug|Any CPU
		{617C5658-90A2-4828-8609-F5959C66CF9C}.Debug|Any CPU.Deploy.0 = Debug|Any CPU
		{617C5658-90A2-4828-8609-F5959C66CF9C}.Debug|ARM.ActiveCfg = Debug|Any CPU
		{617C5658-90A2-4828-8609-F5959C66CF9C}.Debug|iPhone.ActiveCfg = Debug|Any CPU
		{617C5658-90A2-4828-8609-F5959C66CF9C}.Debug|iPhone.Build.0 = Debug|Any CPU
		{617C5658-90A2-4828-8609-F5959C66CF9C}.Debug|iPhoneSimulator.ActiveCfg = Debug|Any CPU
		{617C5658-90A2-4828-8609-F5959C66CF9C}.Debug|iPhoneSimulator.Build.0 = Debug|Any CPU
		{617C5658-90A2-4828-8609-F5959C66CF9C}.Debug|Mixed Platforms.ActiveCfg = Debug|Any CPU
		{617C5658-90A2-4828-8609-F5959C66CF9C}.Debug|Mixed Platforms.Build.0 = Debug|Any CPU
		{617C5658-90A2-4828-8609-F5959C66CF9C}.Debug|Mixed Platforms.Deploy.0 = Debug|Any CPU
		{617C5658-90A2-4828-8609-F5959C66CF9C}.Debug|x86.ActiveCfg = Debug|Any CPU
		{617C5658-90A2-4828-8609-F5959C66CF9C}.Release|Any CPU.ActiveCfg = Release|Any CPU
		{617C5658-90A2-4828-8609-F5959C66CF9C}.Release|Any CPU.Build.0 = Release|Any CPU
		{617C5658-90A2-4828-8609-F5959C66CF9C}.Release|Any CPU.Deploy.0 = Release|Any CPU
		{617C5658-90A2-4828-8609-F5959C66CF9C}.Release|ARM.ActiveCfg = Release|Any CPU
		{617C5658-90A2-4828-8609-F5959C66CF9C}.Release|ARM.Build.0 = Release|Any CPU
		{617C5658-90A2-4828-8609-F5959C66CF9C}.Release|iPhone.ActiveCfg = Release|Any CPU
		{617C5658-90A2-4828-8609-F5959C66CF9C}.Release|iPhone.Build.0 = Release|Any CPU
		{617C5658-90A2-4828-8609-F5959C66CF9C}.Release|iPhoneSimulator.ActiveCfg = Release|Any CPU
		{617C5658-90A2-4828-8609-F5959C66CF9C}.Release|iPhoneSimulator.Build.0 = Release|Any CPU
		{617C5658-90A2-4828-8609-F5959C66CF9C}.Release|Mixed Platforms.ActiveCfg = Release|Any CPU
		{617C5658-90A2-4828-8609-F5959C66CF9C}.Release|Mixed Platforms.Build.0 = Release|Any CPU
		{617C5658-90A2-4828-8609-F5959C66CF9C}.Release|Mixed Platforms.Deploy.0 = Release|Any CPU
		{617C5658-90A2-4828-8609-F5959C66CF9C}.Release|x86.ActiveCfg = Release|Any CPU
		{7417DF41-1260-4F98-8AF5-23B9C6048AAB}.Ad-Hoc|Any CPU.ActiveCfg = Release|Any CPU
		{7417DF41-1260-4F98-8AF5-23B9C6048AAB}.Ad-Hoc|Any CPU.Build.0 = Release|Any CPU
		{7417DF41-1260-4F98-8AF5-23B9C6048AAB}.Ad-Hoc|ARM.ActiveCfg = Release|ARM
		{7417DF41-1260-4F98-8AF5-23B9C6048AAB}.Ad-Hoc|ARM.Build.0 = Release|ARM
		{7417DF41-1260-4F98-8AF5-23B9C6048AAB}.Ad-Hoc|iPhone.ActiveCfg = Release|Any CPU
		{7417DF41-1260-4F98-8AF5-23B9C6048AAB}.Ad-Hoc|iPhoneSimulator.ActiveCfg = Release|Any CPU
		{7417DF41-1260-4F98-8AF5-23B9C6048AAB}.Ad-Hoc|Mixed Platforms.ActiveCfg = Release|x86
		{7417DF41-1260-4F98-8AF5-23B9C6048AAB}.Ad-Hoc|Mixed Platforms.Build.0 = Release|x86
		{7417DF41-1260-4F98-8AF5-23B9C6048AAB}.Ad-Hoc|x86.ActiveCfg = Release|x86
		{7417DF41-1260-4F98-8AF5-23B9C6048AAB}.Ad-Hoc|x86.Build.0 = Release|x86
		{7417DF41-1260-4F98-8AF5-23B9C6048AAB}.AppStore|Any CPU.ActiveCfg = Release|Any CPU
		{7417DF41-1260-4F98-8AF5-23B9C6048AAB}.AppStore|Any CPU.Build.0 = Release|Any CPU
		{7417DF41-1260-4F98-8AF5-23B9C6048AAB}.AppStore|ARM.ActiveCfg = Release|ARM
		{7417DF41-1260-4F98-8AF5-23B9C6048AAB}.AppStore|ARM.Build.0 = Release|ARM
		{7417DF41-1260-4F98-8AF5-23B9C6048AAB}.AppStore|iPhone.ActiveCfg = Release|Any CPU
		{7417DF41-1260-4F98-8AF5-23B9C6048AAB}.AppStore|iPhoneSimulator.ActiveCfg = Release|Any CPU
		{7417DF41-1260-4F98-8AF5-23B9C6048AAB}.AppStore|Mixed Platforms.ActiveCfg = Release|x86
		{7417DF41-1260-4F98-8AF5-23B9C6048AAB}.AppStore|Mixed Platforms.Build.0 = Release|x86
		{7417DF41-1260-4F98-8AF5-23B9C6048AAB}.AppStore|x86.ActiveCfg = Release|x86
		{7417DF41-1260-4F98-8AF5-23B9C6048AAB}.AppStore|x86.Build.0 = Release|x86
		{7417DF41-1260-4F98-8AF5-23B9C6048AAB}.Debug|Any CPU.ActiveCfg = Debug|Any CPU
		{7417DF41-1260-4F98-8AF5-23B9C6048AAB}.Debug|Any CPU.Build.0 = Debug|Any CPU
		{7417DF41-1260-4F98-8AF5-23B9C6048AAB}.Debug|ARM.ActiveCfg = Debug|ARM
		{7417DF41-1260-4F98-8AF5-23B9C6048AAB}.Debug|ARM.Build.0 = Debug|ARM
		{7417DF41-1260-4F98-8AF5-23B9C6048AAB}.Debug|iPhone.ActiveCfg = Debug|Any CPU
		{7417DF41-1260-4F98-8AF5-23B9C6048AAB}.Debug|iPhoneSimulator.ActiveCfg = Debug|Any CPU
		{7417DF41-1260-4F98-8AF5-23B9C6048AAB}.Debug|Mixed Platforms.ActiveCfg = Debug|x86
		{7417DF41-1260-4F98-8AF5-23B9C6048AAB}.Debug|Mixed Platforms.Build.0 = Debug|x86
		{7417DF41-1260-4F98-8AF5-23B9C6048AAB}.Debug|x86.ActiveCfg = Debug|x86
		{7417DF41-1260-4F98-8AF5-23B9C6048AAB}.Debug|x86.Build.0 = Debug|x86
		{7417DF41-1260-4F98-8AF5-23B9C6048AAB}.Release|Any CPU.ActiveCfg = Release|Any CPU
		{7417DF41-1260-4F98-8AF5-23B9C6048AAB}.Release|Any CPU.Build.0 = Release|Any CPU
		{7417DF41-1260-4F98-8AF5-23B9C6048AAB}.Release|ARM.ActiveCfg = Release|ARM
		{7417DF41-1260-4F98-8AF5-23B9C6048AAB}.Release|ARM.Build.0 = Release|ARM
		{7417DF41-1260-4F98-8AF5-23B9C6048AAB}.Release|iPhone.ActiveCfg = Release|Any CPU
		{7417DF41-1260-4F98-8AF5-23B9C6048AAB}.Release|iPhoneSimulator.ActiveCfg = Release|Any CPU
		{7417DF41-1260-4F98-8AF5-23B9C6048AAB}.Release|Mixed Platforms.ActiveCfg = Release|x86
		{7417DF41-1260-4F98-8AF5-23B9C6048AAB}.Release|Mixed Platforms.Build.0 = Release|x86
		{7417DF41-1260-4F98-8AF5-23B9C6048AAB}.Release|x86.ActiveCfg = Release|x86
		{7417DF41-1260-4F98-8AF5-23B9C6048AAB}.Release|x86.Build.0 = Release|x86
		{75DFD328-A91C-4056-B50B-1EFDC595C6A0}.Ad-Hoc|Any CPU.ActiveCfg = Release|Any CPU
		{75DFD328-A91C-4056-B50B-1EFDC595C6A0}.Ad-Hoc|ARM.ActiveCfg = Release|Any CPU
		{75DFD328-A91C-4056-B50B-1EFDC595C6A0}.Ad-Hoc|iPhone.ActiveCfg = Debug|Any CPU
		{75DFD328-A91C-4056-B50B-1EFDC595C6A0}.Ad-Hoc|iPhone.Build.0 = Debug|Any CPU
		{75DFD328-A91C-4056-B50B-1EFDC595C6A0}.Ad-Hoc|iPhoneSimulator.ActiveCfg = Release|Any CPU
		{75DFD328-A91C-4056-B50B-1EFDC595C6A0}.Ad-Hoc|Mixed Platforms.ActiveCfg = Debug|Any CPU
		{75DFD328-A91C-4056-B50B-1EFDC595C6A0}.Ad-Hoc|Mixed Platforms.Build.0 = Debug|Any CPU
		{75DFD328-A91C-4056-B50B-1EFDC595C6A0}.Ad-Hoc|x86.ActiveCfg = Release|Any CPU
		{75DFD328-A91C-4056-B50B-1EFDC595C6A0}.AppStore|Any CPU.ActiveCfg = Release|Any CPU
		{75DFD328-A91C-4056-B50B-1EFDC595C6A0}.AppStore|ARM.ActiveCfg = Release|Any CPU
		{75DFD328-A91C-4056-B50B-1EFDC595C6A0}.AppStore|iPhone.ActiveCfg = Debug|Any CPU
		{75DFD328-A91C-4056-B50B-1EFDC595C6A0}.AppStore|iPhone.Build.0 = Debug|Any CPU
		{75DFD328-A91C-4056-B50B-1EFDC595C6A0}.AppStore|iPhoneSimulator.ActiveCfg = Release|Any CPU
		{75DFD328-A91C-4056-B50B-1EFDC595C6A0}.AppStore|Mixed Platforms.ActiveCfg = Debug|Any CPU
		{75DFD328-A91C-4056-B50B-1EFDC595C6A0}.AppStore|Mixed Platforms.Build.0 = Debug|Any CPU
		{75DFD328-A91C-4056-B50B-1EFDC595C6A0}.AppStore|x86.ActiveCfg = Release|Any CPU
		{75DFD328-A91C-4056-B50B-1EFDC595C6A0}.Debug|Any CPU.ActiveCfg = Debug|Any CPU
		{75DFD328-A91C-4056-B50B-1EFDC595C6A0}.Debug|Any CPU.Build.0 = Debug|Any CPU
		{75DFD328-A91C-4056-B50B-1EFDC595C6A0}.Debug|ARM.ActiveCfg = Debug|Any CPU
		{75DFD328-A91C-4056-B50B-1EFDC595C6A0}.Debug|ARM.Build.0 = Debug|Any CPU
		{75DFD328-A91C-4056-B50B-1EFDC595C6A0}.Debug|iPhone.ActiveCfg = Debug|Any CPU
		{75DFD328-A91C-4056-B50B-1EFDC595C6A0}.Debug|iPhone.Build.0 = Debug|Any CPU
		{75DFD328-A91C-4056-B50B-1EFDC595C6A0}.Debug|iPhoneSimulator.ActiveCfg = Debug|Any CPU
		{75DFD328-A91C-4056-B50B-1EFDC595C6A0}.Debug|iPhoneSimulator.Build.0 = Debug|Any CPU
		{75DFD328-A91C-4056-B50B-1EFDC595C6A0}.Debug|Mixed Platforms.ActiveCfg = Debug|Any CPU
		{75DFD328-A91C-4056-B50B-1EFDC595C6A0}.Debug|Mixed Platforms.Build.0 = Debug|Any CPU
		{75DFD328-A91C-4056-B50B-1EFDC595C6A0}.Debug|x86.ActiveCfg = Debug|Any CPU
		{75DFD328-A91C-4056-B50B-1EFDC595C6A0}.Release|Any CPU.ActiveCfg = Release|Any CPU
		{75DFD328-A91C-4056-B50B-1EFDC595C6A0}.Release|Any CPU.Build.0 = Release|Any CPU
		{75DFD328-A91C-4056-B50B-1EFDC595C6A0}.Release|ARM.ActiveCfg = Release|Any CPU
		{75DFD328-A91C-4056-B50B-1EFDC595C6A0}.Release|ARM.Build.0 = Release|Any CPU
		{75DFD328-A91C-4056-B50B-1EFDC595C6A0}.Release|iPhone.ActiveCfg = Release|Any CPU
		{75DFD328-A91C-4056-B50B-1EFDC595C6A0}.Release|iPhone.Build.0 = Release|Any CPU
		{75DFD328-A91C-4056-B50B-1EFDC595C6A0}.Release|iPhoneSimulator.ActiveCfg = Release|Any CPU
		{75DFD328-A91C-4056-B50B-1EFDC595C6A0}.Release|iPhoneSimulator.Build.0 = Release|Any CPU
		{75DFD328-A91C-4056-B50B-1EFDC595C6A0}.Release|Mixed Platforms.ActiveCfg = Release|Any CPU
		{75DFD328-A91C-4056-B50B-1EFDC595C6A0}.Release|Mixed Platforms.Build.0 = Release|Any CPU
		{75DFD328-A91C-4056-B50B-1EFDC595C6A0}.Release|x86.ActiveCfg = Release|Any CPU
		{79968FF8-9E85-42D1-9917-73B52F022969}.Ad-Hoc|Any CPU.ActiveCfg = Debug|Any CPU
		{79968FF8-9E85-42D1-9917-73B52F022969}.Ad-Hoc|ARM.ActiveCfg = Debug|Any CPU
		{79968FF8-9E85-42D1-9917-73B52F022969}.Ad-Hoc|iPhone.ActiveCfg = Release|Any CPU
		{79968FF8-9E85-42D1-9917-73B52F022969}.Ad-Hoc|iPhone.Build.0 = Release|Any CPU
		{79968FF8-9E85-42D1-9917-73B52F022969}.Ad-Hoc|iPhoneSimulator.ActiveCfg = Debug|Any CPU
		{79968FF8-9E85-42D1-9917-73B52F022969}.Ad-Hoc|Mixed Platforms.ActiveCfg = Release|Any CPU
		{79968FF8-9E85-42D1-9917-73B52F022969}.Ad-Hoc|Mixed Platforms.Build.0 = Release|Any CPU
		{79968FF8-9E85-42D1-9917-73B52F022969}.Ad-Hoc|x86.ActiveCfg = Debug|Any CPU
		{79968FF8-9E85-42D1-9917-73B52F022969}.AppStore|Any CPU.ActiveCfg = Debug|Any CPU
		{79968FF8-9E85-42D1-9917-73B52F022969}.AppStore|ARM.ActiveCfg = Debug|Any CPU
		{79968FF8-9E85-42D1-9917-73B52F022969}.AppStore|iPhone.ActiveCfg = Release|Any CPU
		{79968FF8-9E85-42D1-9917-73B52F022969}.AppStore|iPhone.Build.0 = Release|Any CPU
		{79968FF8-9E85-42D1-9917-73B52F022969}.AppStore|iPhoneSimulator.ActiveCfg = Debug|Any CPU
		{79968FF8-9E85-42D1-9917-73B52F022969}.AppStore|Mixed Platforms.ActiveCfg = Release|Any CPU
		{79968FF8-9E85-42D1-9917-73B52F022969}.AppStore|Mixed Platforms.Build.0 = Release|Any CPU
		{79968FF8-9E85-42D1-9917-73B52F022969}.AppStore|x86.ActiveCfg = Debug|Any CPU
		{79968FF8-9E85-42D1-9917-73B52F022969}.Debug|Any CPU.ActiveCfg = Debug|Any CPU
		{79968FF8-9E85-42D1-9917-73B52F022969}.Debug|Any CPU.Build.0 = Debug|Any CPU
		{79968FF8-9E85-42D1-9917-73B52F022969}.Debug|ARM.ActiveCfg = Debug|Any CPU
		{79968FF8-9E85-42D1-9917-73B52F022969}.Debug|ARM.Build.0 = Debug|Any CPU
		{79968FF8-9E85-42D1-9917-73B52F022969}.Debug|iPhone.ActiveCfg = Debug|Any CPU
		{79968FF8-9E85-42D1-9917-73B52F022969}.Debug|iPhone.Build.0 = Debug|Any CPU
		{79968FF8-9E85-42D1-9917-73B52F022969}.Debug|iPhoneSimulator.ActiveCfg = Debug|Any CPU
		{79968FF8-9E85-42D1-9917-73B52F022969}.Debug|iPhoneSimulator.Build.0 = Debug|Any CPU
		{79968FF8-9E85-42D1-9917-73B52F022969}.Debug|Mixed Platforms.ActiveCfg = Debug|Any CPU
		{79968FF8-9E85-42D1-9917-73B52F022969}.Debug|Mixed Platforms.Build.0 = Debug|Any CPU
		{79968FF8-9E85-42D1-9917-73B52F022969}.Debug|x86.ActiveCfg = Debug|Any CPU
		{79968FF8-9E85-42D1-9917-73B52F022969}.Release|Any CPU.ActiveCfg = Release|Any CPU
		{79968FF8-9E85-42D1-9917-73B52F022969}.Release|Any CPU.Build.0 = Release|Any CPU
		{79968FF8-9E85-42D1-9917-73B52F022969}.Release|ARM.ActiveCfg = Release|Any CPU
		{79968FF8-9E85-42D1-9917-73B52F022969}.Release|ARM.Build.0 = Release|Any CPU
		{79968FF8-9E85-42D1-9917-73B52F022969}.Release|iPhone.ActiveCfg = Release|Any CPU
		{79968FF8-9E85-42D1-9917-73B52F022969}.Release|iPhone.Build.0 = Release|Any CPU
		{79968FF8-9E85-42D1-9917-73B52F022969}.Release|iPhoneSimulator.ActiveCfg = Release|Any CPU
		{79968FF8-9E85-42D1-9917-73B52F022969}.Release|iPhoneSimulator.Build.0 = Release|Any CPU
		{79968FF8-9E85-42D1-9917-73B52F022969}.Release|Mixed Platforms.ActiveCfg = Release|Any CPU
		{79968FF8-9E85-42D1-9917-73B52F022969}.Release|Mixed Platforms.Build.0 = Release|Any CPU
		{79968FF8-9E85-42D1-9917-73B52F022969}.Release|x86.ActiveCfg = Release|Any CPU
		{9E684606-7520-4C66-A530-F65AAA129B8F}.Ad-Hoc|Any CPU.ActiveCfg = Release|Any CPU
		{9E684606-7520-4C66-A530-F65AAA129B8F}.Ad-Hoc|Any CPU.Build.0 = Release|Any CPU
		{9E684606-7520-4C66-A530-F65AAA129B8F}.Ad-Hoc|ARM.ActiveCfg = Release|ARM
		{9E684606-7520-4C66-A530-F65AAA129B8F}.Ad-Hoc|ARM.Build.0 = Release|ARM
		{9E684606-7520-4C66-A530-F65AAA129B8F}.Ad-Hoc|iPhone.ActiveCfg = Release|Any CPU
		{9E684606-7520-4C66-A530-F65AAA129B8F}.Ad-Hoc|iPhoneSimulator.ActiveCfg = Release|Any CPU
		{9E684606-7520-4C66-A530-F65AAA129B8F}.Ad-Hoc|Mixed Platforms.ActiveCfg = Release|x86
		{9E684606-7520-4C66-A530-F65AAA129B8F}.Ad-Hoc|Mixed Platforms.Build.0 = Release|x86
		{9E684606-7520-4C66-A530-F65AAA129B8F}.Ad-Hoc|x86.ActiveCfg = Release|x86
		{9E684606-7520-4C66-A530-F65AAA129B8F}.Ad-Hoc|x86.Build.0 = Release|x86
		{9E684606-7520-4C66-A530-F65AAA129B8F}.AppStore|Any CPU.ActiveCfg = Release|Any CPU
		{9E684606-7520-4C66-A530-F65AAA129B8F}.AppStore|Any CPU.Build.0 = Release|Any CPU
		{9E684606-7520-4C66-A530-F65AAA129B8F}.AppStore|ARM.ActiveCfg = Release|ARM
		{9E684606-7520-4C66-A530-F65AAA129B8F}.AppStore|ARM.Build.0 = Release|ARM
		{9E684606-7520-4C66-A530-F65AAA129B8F}.AppStore|iPhone.ActiveCfg = Release|Any CPU
		{9E684606-7520-4C66-A530-F65AAA129B8F}.AppStore|iPhoneSimulator.ActiveCfg = Release|Any CPU
		{9E684606-7520-4C66-A530-F65AAA129B8F}.AppStore|Mixed Platforms.ActiveCfg = Release|x86
		{9E684606-7520-4C66-A530-F65AAA129B8F}.AppStore|Mixed Platforms.Build.0 = Release|x86
		{9E684606-7520-4C66-A530-F65AAA129B8F}.AppStore|x86.ActiveCfg = Release|x86
		{9E684606-7520-4C66-A530-F65AAA129B8F}.AppStore|x86.Build.0 = Release|x86
		{9E684606-7520-4C66-A530-F65AAA129B8F}.Debug|Any CPU.ActiveCfg = Debug|Any CPU
		{9E684606-7520-4C66-A530-F65AAA129B8F}.Debug|Any CPU.Build.0 = Debug|Any CPU
		{9E684606-7520-4C66-A530-F65AAA129B8F}.Debug|ARM.ActiveCfg = Debug|ARM
		{9E684606-7520-4C66-A530-F65AAA129B8F}.Debug|ARM.Build.0 = Debug|ARM
		{9E684606-7520-4C66-A530-F65AAA129B8F}.Debug|iPhone.ActiveCfg = Debug|Any CPU
		{9E684606-7520-4C66-A530-F65AAA129B8F}.Debug|iPhoneSimulator.ActiveCfg = Debug|Any CPU
		{9E684606-7520-4C66-A530-F65AAA129B8F}.Debug|Mixed Platforms.ActiveCfg = Debug|x86
		{9E684606-7520-4C66-A530-F65AAA129B8F}.Debug|Mixed Platforms.Build.0 = Debug|x86
		{9E684606-7520-4C66-A530-F65AAA129B8F}.Debug|x86.ActiveCfg = Debug|x86
		{9E684606-7520-4C66-A530-F65AAA129B8F}.Debug|x86.Build.0 = Debug|x86
		{9E684606-7520-4C66-A530-F65AAA129B8F}.Release|Any CPU.ActiveCfg = Release|Any CPU
		{9E684606-7520-4C66-A530-F65AAA129B8F}.Release|Any CPU.Build.0 = Release|Any CPU
		{9E684606-7520-4C66-A530-F65AAA129B8F}.Release|ARM.ActiveCfg = Release|ARM
		{9E684606-7520-4C66-A530-F65AAA129B8F}.Release|ARM.Build.0 = Release|ARM
		{9E684606-7520-4C66-A530-F65AAA129B8F}.Release|iPhone.ActiveCfg = Release|Any CPU
		{9E684606-7520-4C66-A530-F65AAA129B8F}.Release|iPhoneSimulator.ActiveCfg = Release|Any CPU
		{9E684606-7520-4C66-A530-F65AAA129B8F}.Release|Mixed Platforms.ActiveCfg = Release|x86
		{9E684606-7520-4C66-A530-F65AAA129B8F}.Release|Mixed Platforms.Build.0 = Release|x86
		{9E684606-7520-4C66-A530-F65AAA129B8F}.Release|x86.ActiveCfg = Release|x86
		{9E684606-7520-4C66-A530-F65AAA129B8F}.Release|x86.Build.0 = Release|x86
		{C1497752-06AF-4FDB-886E-8DD57F5CB5A0}.Ad-Hoc|Any CPU.ActiveCfg = Release|Any CPU
		{C1497752-06AF-4FDB-886E-8DD57F5CB5A0}.Ad-Hoc|ARM.ActiveCfg = Release|Any CPU
		{C1497752-06AF-4FDB-886E-8DD57F5CB5A0}.Ad-Hoc|iPhone.ActiveCfg = Debug|Any CPU
		{C1497752-06AF-4FDB-886E-8DD57F5CB5A0}.Ad-Hoc|iPhone.Build.0 = Debug|Any CPU
		{C1497752-06AF-4FDB-886E-8DD57F5CB5A0}.Ad-Hoc|iPhoneSimulator.ActiveCfg = Release|Any CPU
		{C1497752-06AF-4FDB-886E-8DD57F5CB5A0}.Ad-Hoc|Mixed Platforms.ActiveCfg = Debug|Any CPU
		{C1497752-06AF-4FDB-886E-8DD57F5CB5A0}.Ad-Hoc|Mixed Platforms.Build.0 = Debug|Any CPU
		{C1497752-06AF-4FDB-886E-8DD57F5CB5A0}.Ad-Hoc|x86.ActiveCfg = Release|Any CPU
		{C1497752-06AF-4FDB-886E-8DD57F5CB5A0}.AppStore|Any CPU.ActiveCfg = Release|Any CPU
		{C1497752-06AF-4FDB-886E-8DD57F5CB5A0}.AppStore|ARM.ActiveCfg = Release|Any CPU
		{C1497752-06AF-4FDB-886E-8DD57F5CB5A0}.AppStore|iPhone.ActiveCfg = Debug|Any CPU
		{C1497752-06AF-4FDB-886E-8DD57F5CB5A0}.AppStore|iPhone.Build.0 = Debug|Any CPU
		{C1497752-06AF-4FDB-886E-8DD57F5CB5A0}.AppStore|iPhoneSimulator.ActiveCfg = Release|Any CPU
		{C1497752-06AF-4FDB-886E-8DD57F5CB5A0}.AppStore|Mixed Platforms.ActiveCfg = Debug|Any CPU
		{C1497752-06AF-4FDB-886E-8DD57F5CB5A0}.AppStore|Mixed Platforms.Build.0 = Debug|Any CPU
		{C1497752-06AF-4FDB-886E-8DD57F5CB5A0}.AppStore|x86.ActiveCfg = Release|Any CPU
		{C1497752-06AF-4FDB-886E-8DD57F5CB5A0}.Debug|Any CPU.ActiveCfg = Debug|Any CPU
		{C1497752-06AF-4FDB-886E-8DD57F5CB5A0}.Debug|Any CPU.Build.0 = Debug|Any CPU
		{C1497752-06AF-4FDB-886E-8DD57F5CB5A0}.Debug|ARM.ActiveCfg = Debug|Any CPU
		{C1497752-06AF-4FDB-886E-8DD57F5CB5A0}.Debug|ARM.Build.0 = Debug|Any CPU
		{C1497752-06AF-4FDB-886E-8DD57F5CB5A0}.Debug|iPhone.ActiveCfg = Debug|Any CPU
		{C1497752-06AF-4FDB-886E-8DD57F5CB5A0}.Debug|iPhone.Build.0 = Debug|Any CPU
		{C1497752-06AF-4FDB-886E-8DD57F5CB5A0}.Debug|iPhoneSimulator.ActiveCfg = Debug|Any CPU
		{C1497752-06AF-4FDB-886E-8DD57F5CB5A0}.Debug|iPhoneSimulator.Build.0 = Debug|Any CPU
		{C1497752-06AF-4FDB-886E-8DD57F5CB5A0}.Debug|Mixed Platforms.ActiveCfg = Debug|Any CPU
		{C1497752-06AF-4FDB-886E-8DD57F5CB5A0}.Debug|Mixed Platforms.Build.0 = Debug|Any CPU
		{C1497752-06AF-4FDB-886E-8DD57F5CB5A0}.Debug|x86.ActiveCfg = Debug|Any CPU
		{C1497752-06AF-4FDB-886E-8DD57F5CB5A0}.Release|Any CPU.ActiveCfg = Release|Any CPU
		{C1497752-06AF-4FDB-886E-8DD57F5CB5A0}.Release|Any CPU.Build.0 = Release|Any CPU
		{C1497752-06AF-4FDB-886E-8DD57F5CB5A0}.Release|ARM.ActiveCfg = Release|Any CPU
		{C1497752-06AF-4FDB-886E-8DD57F5CB5A0}.Release|ARM.Build.0 = Release|Any CPU
		{C1497752-06AF-4FDB-886E-8DD57F5CB5A0}.Release|iPhone.ActiveCfg = Release|Any CPU
		{C1497752-06AF-4FDB-886E-8DD57F5CB5A0}.Release|iPhone.Build.0 = Release|Any CPU
		{C1497752-06AF-4FDB-886E-8DD57F5CB5A0}.Release|iPhoneSimulator.ActiveCfg = Release|Any CPU
		{C1497752-06AF-4FDB-886E-8DD57F5CB5A0}.Release|iPhoneSimulator.Build.0 = Release|Any CPU
		{C1497752-06AF-4FDB-886E-8DD57F5CB5A0}.Release|Mixed Platforms.ActiveCfg = Release|Any CPU
		{C1497752-06AF-4FDB-886E-8DD57F5CB5A0}.Release|Mixed Platforms.Build.0 = Release|Any CPU
		{C1497752-06AF-4FDB-886E-8DD57F5CB5A0}.Release|x86.ActiveCfg = Release|Any CPU
		{C5A54152-DCDF-4ED8-B9F7-7A701EDD73CB}.Ad-Hoc|Any CPU.ActiveCfg = Debug|Any CPU
		{C5A54152-DCDF-4ED8-B9F7-7A701EDD73CB}.Ad-Hoc|ARM.ActiveCfg = Debug|Any CPU
		{C5A54152-DCDF-4ED8-B9F7-7A701EDD73CB}.Ad-Hoc|iPhone.ActiveCfg = Release|Any CPU
		{C5A54152-DCDF-4ED8-B9F7-7A701EDD73CB}.Ad-Hoc|iPhone.Build.0 = Release|Any CPU
		{C5A54152-DCDF-4ED8-B9F7-7A701EDD73CB}.Ad-Hoc|iPhoneSimulator.ActiveCfg = Debug|Any CPU
		{C5A54152-DCDF-4ED8-B9F7-7A701EDD73CB}.Ad-Hoc|Mixed Platforms.ActiveCfg = Release|Any CPU
		{C5A54152-DCDF-4ED8-B9F7-7A701EDD73CB}.Ad-Hoc|Mixed Platforms.Build.0 = Release|Any CPU
		{C5A54152-DCDF-4ED8-B9F7-7A701EDD73CB}.Ad-Hoc|x86.ActiveCfg = Debug|Any CPU
		{C5A54152-DCDF-4ED8-B9F7-7A701EDD73CB}.AppStore|Any CPU.ActiveCfg = Debug|Any CPU
		{C5A54152-DCDF-4ED8-B9F7-7A701EDD73CB}.AppStore|ARM.ActiveCfg = Debug|Any CPU
		{C5A54152-DCDF-4ED8-B9F7-7A701EDD73CB}.AppStore|iPhone.ActiveCfg = Release|Any CPU
		{C5A54152-DCDF-4ED8-B9F7-7A701EDD73CB}.AppStore|iPhone.Build.0 = Release|Any CPU
		{C5A54152-DCDF-4ED8-B9F7-7A701EDD73CB}.AppStore|iPhoneSimulator.ActiveCfg = Debug|Any CPU
		{C5A54152-DCDF-4ED8-B9F7-7A701EDD73CB}.AppStore|Mixed Platforms.ActiveCfg = Release|Any CPU
		{C5A54152-DCDF-4ED8-B9F7-7A701EDD73CB}.AppStore|Mixed Platforms.Build.0 = Release|Any CPU
		{C5A54152-DCDF-4ED8-B9F7-7A701EDD73CB}.AppStore|x86.ActiveCfg = Debug|Any CPU
		{C5A54152-DCDF-4ED8-B9F7-7A701EDD73CB}.Debug|Any CPU.ActiveCfg = Debug|Any CPU
		{C5A54152-DCDF-4ED8-B9F7-7A701EDD73CB}.Debug|Any CPU.Build.0 = Debug|Any CPU
		{C5A54152-DCDF-4ED8-B9F7-7A701EDD73CB}.Debug|ARM.ActiveCfg = Debug|Any CPU
		{C5A54152-DCDF-4ED8-B9F7-7A701EDD73CB}.Debug|ARM.Build.0 = Debug|Any CPU
		{C5A54152-DCDF-4ED8-B9F7-7A701EDD73CB}.Debug|iPhone.ActiveCfg = Debug|Any CPU
		{C5A54152-DCDF-4ED8-B9F7-7A701EDD73CB}.Debug|iPhone.Build.0 = Debug|Any CPU
		{C5A54152-DCDF-4ED8-B9F7-7A701EDD73CB}.Debug|iPhoneSimulator.ActiveCfg = Debug|Any CPU
		{C5A54152-DCDF-4ED8-B9F7-7A701EDD73CB}.Debug|iPhoneSimulator.Build.0 = Debug|Any CPU
		{C5A54152-DCDF-4ED8-B9F7-7A701EDD73CB}.Debug|Mixed Platforms.ActiveCfg = Debug|Any CPU
		{C5A54152-DCDF-4ED8-B9F7-7A701EDD73CB}.Debug|Mixed Platforms.Build.0 = Debug|Any CPU
		{C5A54152-DCDF-4ED8-B9F7-7A701EDD73CB}.Debug|x86.ActiveCfg = Debug|Any CPU
		{C5A54152-DCDF-4ED8-B9F7-7A701EDD73CB}.Release|Any CPU.ActiveCfg = Release|Any CPU
		{C5A54152-DCDF-4ED8-B9F7-7A701EDD73CB}.Release|Any CPU.Build.0 = Release|Any CPU
		{C5A54152-DCDF-4ED8-B9F7-7A701EDD73CB}.Release|ARM.ActiveCfg = Release|Any CPU
		{C5A54152-DCDF-4ED8-B9F7-7A701EDD73CB}.Release|ARM.Build.0 = Release|Any CPU
		{C5A54152-DCDF-4ED8-B9F7-7A701EDD73CB}.Release|iPhone.ActiveCfg = Release|Any CPU
		{C5A54152-DCDF-4ED8-B9F7-7A701EDD73CB}.Release|iPhone.Build.0 = Release|Any CPU
		{C5A54152-DCDF-4ED8-B9F7-7A701EDD73CB}.Release|iPhoneSimulator.ActiveCfg = Release|Any CPU
		{C5A54152-DCDF-4ED8-B9F7-7A701EDD73CB}.Release|iPhoneSimulator.Build.0 = Release|Any CPU
		{C5A54152-DCDF-4ED8-B9F7-7A701EDD73CB}.Release|Mixed Platforms.ActiveCfg = Release|Any CPU
		{C5A54152-DCDF-4ED8-B9F7-7A701EDD73CB}.Release|Mixed Platforms.Build.0 = Release|Any CPU
		{C5A54152-DCDF-4ED8-B9F7-7A701EDD73CB}.Release|x86.ActiveCfg = Release|Any CPU
		{D563351A-165C-4932-8A03-7E70E9E33D70}.Ad-Hoc|Any CPU.ActiveCfg = Release|Any CPU
		{D563351A-165C-4932-8A03-7E70E9E33D70}.Ad-Hoc|Any CPU.Build.0 = Release|Any CPU
		{D563351A-165C-4932-8A03-7E70E9E33D70}.Ad-Hoc|Any CPU.Deploy.0 = Release|Any CPU
		{D563351A-165C-4932-8A03-7E70E9E33D70}.Ad-Hoc|ARM.ActiveCfg = Release|ARM
		{D563351A-165C-4932-8A03-7E70E9E33D70}.Ad-Hoc|ARM.Build.0 = Release|ARM
		{D563351A-165C-4932-8A03-7E70E9E33D70}.Ad-Hoc|ARM.Deploy.0 = Release|ARM
		{D563351A-165C-4932-8A03-7E70E9E33D70}.Ad-Hoc|iPhone.ActiveCfg = Release|Any CPU
		{D563351A-165C-4932-8A03-7E70E9E33D70}.Ad-Hoc|iPhoneSimulator.ActiveCfg = Release|Any CPU
		{D563351A-165C-4932-8A03-7E70E9E33D70}.Ad-Hoc|Mixed Platforms.ActiveCfg = Release|x86
		{D563351A-165C-4932-8A03-7E70E9E33D70}.Ad-Hoc|Mixed Platforms.Build.0 = Release|x86
		{D563351A-165C-4932-8A03-7E70E9E33D70}.Ad-Hoc|Mixed Platforms.Deploy.0 = Release|x86
		{D563351A-165C-4932-8A03-7E70E9E33D70}.Ad-Hoc|x86.ActiveCfg = Release|x86
		{D563351A-165C-4932-8A03-7E70E9E33D70}.Ad-Hoc|x86.Build.0 = Release|x86
		{D563351A-165C-4932-8A03-7E70E9E33D70}.Ad-Hoc|x86.Deploy.0 = Release|x86
		{D563351A-165C-4932-8A03-7E70E9E33D70}.AppStore|Any CPU.ActiveCfg = Release|Any CPU
		{D563351A-165C-4932-8A03-7E70E9E33D70}.AppStore|Any CPU.Build.0 = Release|Any CPU
		{D563351A-165C-4932-8A03-7E70E9E33D70}.AppStore|Any CPU.Deploy.0 = Release|Any CPU
		{D563351A-165C-4932-8A03-7E70E9E33D70}.AppStore|ARM.ActiveCfg = Release|ARM
		{D563351A-165C-4932-8A03-7E70E9E33D70}.AppStore|ARM.Build.0 = Release|ARM
		{D563351A-165C-4932-8A03-7E70E9E33D70}.AppStore|ARM.Deploy.0 = Release|ARM
		{D563351A-165C-4932-8A03-7E70E9E33D70}.AppStore|iPhone.ActiveCfg = Release|Any CPU
		{D563351A-165C-4932-8A03-7E70E9E33D70}.AppStore|iPhoneSimulator.ActiveCfg = Release|Any CPU
		{D563351A-165C-4932-8A03-7E70E9E33D70}.AppStore|Mixed Platforms.ActiveCfg = Release|x86
		{D563351A-165C-4932-8A03-7E70E9E33D70}.AppStore|Mixed Platforms.Build.0 = Release|x86
		{D563351A-165C-4932-8A03-7E70E9E33D70}.AppStore|Mixed Platforms.Deploy.0 = Release|x86
		{D563351A-165C-4932-8A03-7E70E9E33D70}.AppStore|x86.ActiveCfg = Release|x86
		{D563351A-165C-4932-8A03-7E70E9E33D70}.AppStore|x86.Build.0 = Release|x86
		{D563351A-165C-4932-8A03-7E70E9E33D70}.AppStore|x86.Deploy.0 = Release|x86
		{D563351A-165C-4932-8A03-7E70E9E33D70}.Debug|Any CPU.ActiveCfg = Debug|Any CPU
		{D563351A-165C-4932-8A03-7E70E9E33D70}.Debug|Any CPU.Build.0 = Debug|Any CPU
		{D563351A-165C-4932-8A03-7E70E9E33D70}.Debug|Any CPU.Deploy.0 = Debug|Any CPU
		{D563351A-165C-4932-8A03-7E70E9E33D70}.Debug|ARM.ActiveCfg = Debug|ARM
		{D563351A-165C-4932-8A03-7E70E9E33D70}.Debug|ARM.Build.0 = Debug|ARM
		{D563351A-165C-4932-8A03-7E70E9E33D70}.Debug|ARM.Deploy.0 = Debug|ARM
		{D563351A-165C-4932-8A03-7E70E9E33D70}.Debug|iPhone.ActiveCfg = Debug|Any CPU
		{D563351A-165C-4932-8A03-7E70E9E33D70}.Debug|iPhoneSimulator.ActiveCfg = Debug|Any CPU
		{D563351A-165C-4932-8A03-7E70E9E33D70}.Debug|Mixed Platforms.ActiveCfg = Debug|x86
		{D563351A-165C-4932-8A03-7E70E9E33D70}.Debug|Mixed Platforms.Build.0 = Debug|x86
		{D563351A-165C-4932-8A03-7E70E9E33D70}.Debug|Mixed Platforms.Deploy.0 = Debug|x86
		{D563351A-165C-4932-8A03-7E70E9E33D70}.Debug|x86.ActiveCfg = Debug|x86
		{D563351A-165C-4932-8A03-7E70E9E33D70}.Debug|x86.Build.0 = Debug|x86
		{D563351A-165C-4932-8A03-7E70E9E33D70}.Debug|x86.Deploy.0 = Debug|x86
		{D563351A-165C-4932-8A03-7E70E9E33D70}.Release|Any CPU.ActiveCfg = Release|Any CPU
		{D563351A-165C-4932-8A03-7E70E9E33D70}.Release|Any CPU.Build.0 = Release|Any CPU
		{D563351A-165C-4932-8A03-7E70E9E33D70}.Release|Any CPU.Deploy.0 = Release|Any CPU
		{D563351A-165C-4932-8A03-7E70E9E33D70}.Release|ARM.ActiveCfg = Release|ARM
		{D563351A-165C-4932-8A03-7E70E9E33D70}.Release|ARM.Build.0 = Release|ARM
		{D563351A-165C-4932-8A03-7E70E9E33D70}.Release|ARM.Deploy.0 = Release|ARM
		{D563351A-165C-4932-8A03-7E70E9E33D70}.Release|iPhone.ActiveCfg = Release|Any CPU
		{D563351A-165C-4932-8A03-7E70E9E33D70}.Release|iPhoneSimulator.ActiveCfg = Release|Any CPU
		{D563351A-165C-4932-8A03-7E70E9E33D70}.Release|Mixed Platforms.ActiveCfg = Release|x86
		{D563351A-165C-4932-8A03-7E70E9E33D70}.Release|Mixed Platforms.Build.0 = Release|x86
		{D563351A-165C-4932-8A03-7E70E9E33D70}.Release|Mixed Platforms.Deploy.0 = Release|x86
		{D563351A-165C-4932-8A03-7E70E9E33D70}.Release|x86.ActiveCfg = Release|x86
		{D563351A-165C-4932-8A03-7E70E9E33D70}.Release|x86.Build.0 = Release|x86
		{D563351A-165C-4932-8A03-7E70E9E33D70}.Release|x86.Deploy.0 = Release|x86
		{E0951DAE-4B6E-421D-AA30-5BD2203D5DEC}.Ad-Hoc|Any CPU.ActiveCfg = Release|Any CPU
		{E0951DAE-4B6E-421D-AA30-5BD2203D5DEC}.Ad-Hoc|ARM.ActiveCfg = Release|Any CPU
		{E0951DAE-4B6E-421D-AA30-5BD2203D5DEC}.Ad-Hoc|iPhone.ActiveCfg = Debug|Any CPU
		{E0951DAE-4B6E-421D-AA30-5BD2203D5DEC}.Ad-Hoc|iPhone.Build.0 = Debug|Any CPU
		{E0951DAE-4B6E-421D-AA30-5BD2203D5DEC}.Ad-Hoc|iPhoneSimulator.ActiveCfg = Release|Any CPU
		{E0951DAE-4B6E-421D-AA30-5BD2203D5DEC}.Ad-Hoc|Mixed Platforms.ActiveCfg = Debug|Any CPU
		{E0951DAE-4B6E-421D-AA30-5BD2203D5DEC}.Ad-Hoc|Mixed Platforms.Build.0 = Debug|Any CPU
		{E0951DAE-4B6E-421D-AA30-5BD2203D5DEC}.Ad-Hoc|x86.ActiveCfg = Release|Any CPU
		{E0951DAE-4B6E-421D-AA30-5BD2203D5DEC}.AppStore|Any CPU.ActiveCfg = Release|Any CPU
		{E0951DAE-4B6E-421D-AA30-5BD2203D5DEC}.AppStore|ARM.ActiveCfg = Release|Any CPU
		{E0951DAE-4B6E-421D-AA30-5BD2203D5DEC}.AppStore|iPhone.ActiveCfg = Debug|Any CPU
		{E0951DAE-4B6E-421D-AA30-5BD2203D5DEC}.AppStore|iPhone.Build.0 = Debug|Any CPU
		{E0951DAE-4B6E-421D-AA30-5BD2203D5DEC}.AppStore|iPhoneSimulator.ActiveCfg = Release|Any CPU
		{E0951DAE-4B6E-421D-AA30-5BD2203D5DEC}.AppStore|Mixed Platforms.ActiveCfg = Debug|Any CPU
		{E0951DAE-4B6E-421D-AA30-5BD2203D5DEC}.AppStore|Mixed Platforms.Build.0 = Debug|Any CPU
		{E0951DAE-4B6E-421D-AA30-5BD2203D5DEC}.AppStore|x86.ActiveCfg = Release|Any CPU
		{E0951DAE-4B6E-421D-AA30-5BD2203D5DEC}.Debug|Any CPU.ActiveCfg = Debug|Any CPU
		{E0951DAE-4B6E-421D-AA30-5BD2203D5DEC}.Debug|Any CPU.Build.0 = Debug|Any CPU
		{E0951DAE-4B6E-421D-AA30-5BD2203D5DEC}.Debug|ARM.ActiveCfg = Debug|Any CPU
		{E0951DAE-4B6E-421D-AA30-5BD2203D5DEC}.Debug|ARM.Build.0 = Debug|Any CPU
		{E0951DAE-4B6E-421D-AA30-5BD2203D5DEC}.Debug|iPhone.ActiveCfg = Debug|Any CPU
		{E0951DAE-4B6E-421D-AA30-5BD2203D5DEC}.Debug|iPhone.Build.0 = Debug|Any CPU
		{E0951DAE-4B6E-421D-AA30-5BD2203D5DEC}.Debug|iPhoneSimulator.ActiveCfg = Debug|Any CPU
		{E0951DAE-4B6E-421D-AA30-5BD2203D5DEC}.Debug|iPhoneSimulator.Build.0 = Debug|Any CPU
		{E0951DAE-4B6E-421D-AA30-5BD2203D5DEC}.Debug|Mixed Platforms.ActiveCfg = Debug|Any CPU
		{E0951DAE-4B6E-421D-AA30-5BD2203D5DEC}.Debug|Mixed Platforms.Build.0 = Debug|Any CPU
		{E0951DAE-4B6E-421D-AA30-5BD2203D5DEC}.Debug|x86.ActiveCfg = Debug|Any CPU
		{E0951DAE-4B6E-421D-AA30-5BD2203D5DEC}.Release|Any CPU.ActiveCfg = Release|Any CPU
		{E0951DAE-4B6E-421D-AA30-5BD2203D5DEC}.Release|Any CPU.Build.0 = Release|Any CPU
		{E0951DAE-4B6E-421D-AA30-5BD2203D5DEC}.Release|ARM.ActiveCfg = Release|Any CPU
		{E0951DAE-4B6E-421D-AA30-5BD2203D5DEC}.Release|ARM.Build.0 = Release|Any CPU
		{E0951DAE-4B6E-421D-AA30-5BD2203D5DEC}.Release|iPhone.ActiveCfg = Release|Any CPU
		{E0951DAE-4B6E-421D-AA30-5BD2203D5DEC}.Release|iPhone.Build.0 = Release|Any CPU
		{E0951DAE-4B6E-421D-AA30-5BD2203D5DEC}.Release|iPhoneSimulator.ActiveCfg = Release|Any CPU
		{E0951DAE-4B6E-421D-AA30-5BD2203D5DEC}.Release|iPhoneSimulator.Build.0 = Release|Any CPU
		{E0951DAE-4B6E-421D-AA30-5BD2203D5DEC}.Release|Mixed Platforms.ActiveCfg = Release|Any CPU
		{E0951DAE-4B6E-421D-AA30-5BD2203D5DEC}.Release|Mixed Platforms.Build.0 = Release|Any CPU
		{E0951DAE-4B6E-421D-AA30-5BD2203D5DEC}.Release|x86.ActiveCfg = Release|Any CPU
	EndGlobalSection
	GlobalSection(NestedProjects) = preSolution
		{E0951DAE-4B6E-421D-AA30-5BD2203D5DEC} = {915A7419-1DC8-43AE-962D-2F1046F01070}
		{75DFD328-A91C-4056-B50B-1EFDC595C6A0} = {915A7419-1DC8-43AE-962D-2F1046F01070}
		{C1497752-06AF-4FDB-886E-8DD57F5CB5A0} = {915A7419-1DC8-43AE-962D-2F1046F01070}
		{9E684606-7520-4C66-A530-F65AAA129B8F} = {915A7419-1DC8-43AE-962D-2F1046F01070}
		{7417DF41-1260-4F98-8AF5-23B9C6048AAB} = {915A7419-1DC8-43AE-962D-2F1046F01070}
	EndGlobalSection
	GlobalSection(MonoDevelopProperties) = preSolution
		Policies = $0
		$0.TextStylePolicy = $1
		$1.inheritsSet = VisualStudio
		$1.inheritsScope = text/plain
		$1.scope = text/plain
		$0.CSharpFormattingPolicy = $2
		$2.IndentSwitchBody = True
		$2.IndentBlocksInsideExpressions = True
		$2.AnonymousMethodBraceStyle = NextLine
		$2.PropertyBraceStyle = NextLine
		$2.PropertyGetBraceStyle = NextLine
		$2.PropertySetBraceStyle = NextLine
		$2.EventBraceStyle = NextLine
		$2.EventAddBraceStyle = NextLine
		$2.EventRemoveBraceStyle = NextLine
		$2.StatementBraceStyle = NextLine
		$2.ElseNewLinePlacement = NewLine
		$2.CatchNewLinePlacement = NewLine
		$2.FinallyNewLinePlacement = NewLine
		$2.WhileNewLinePlacement = DoNotCare
		$2.ArrayInitializerWrapping = DoNotChange
		$2.ArrayInitializerBraceStyle = NextLine
		$2.BeforeMethodDeclarationParentheses = False
		$2.BeforeMethodCallParentheses = False
		$2.BeforeConstructorDeclarationParentheses = False
		$2.NewLineBeforeConstructorInitializerColon = NewLine
		$2.NewLineAfterConstructorInitializerColon = SameLine
		$2.BeforeDelegateDeclarationParentheses = False
		$2.NewParentheses = False
		$2.SpacesBeforeBrackets = False
		$2.inheritsSet = Mono
		$2.inheritsScope = text/x-csharp
		$2.scope = text/x-csharp
		$0.DotNetNamingPolicy = $3
		$3.DirectoryNamespaceAssociation = PrefixedHierarchical
		$3.ResourceNamePolicy = FileFormatDefault
	EndGlobalSection
	GlobalSection(SolutionProperties) = preSolution
		HideSolutionNode = FALSE
	EndGlobalSection
EndGlobal
