
Microsoft Visual Studio Solution File, Format Version 12.00
# Visual Studio 14
VisualStudioVersion = 14.0.25420.1
MinimumVisualStudioVersion = 10.0.40219.1
Project("{2150E333-8FDC-42A3-9474-1A3956D46DE8}") = "Libraries", "Libraries", "{915A7419-1DC8-43AE-962D-2F1046F01070}"
	ProjectSection(SolutionItems) = preProject
		NControl\NControl.nuspec = NControl\NControl.nuspec
	EndProjectSection
EndProject
Project("{FAE04EC0-301F-11D3-BF4B-00C04F79EFBC}") = "NControl", "NControl\NControl\NControl.csproj", "{E0951DAE-4B6E-421D-AA30-5BD2203D5DEC}"
EndProject
Project("{FAE04EC0-301F-11D3-BF4B-00C04F79EFBC}") = "NControl.Droid", "NControl\NControl.Droid\NControl.Droid.csproj", "{75DFD328-A91C-4056-B50B-1EFDC595C6A0}"
EndProject
Project("{FAE04EC0-301F-11D3-BF4B-00C04F79EFBC}") = "NControl.iOS", "NControl\NControl.iOS\NControl.iOS.csproj", "{C1497752-06AF-4FDB-886E-8DD57F5CB5A0}"
EndProject
Project("{FAE04EC0-301F-11D3-BF4B-00C04F79EFBC}") = "NControl.WP81", "NControl\NControl.WP81\NControl.WP81.csproj", "{9E684606-7520-4C66-A530-F65AAA129B8F}"
EndProject
Project("{FAE04EC0-301F-11D3-BF4B-00C04F79EFBC}") = "NControl.WP80", "NControl\NControl.WP80\NControl.WP80.csproj", "{7417DF41-1260-4F98-8AF5-23B9C6048AAB}"
EndProject
Project("{FAE04EC0-301F-11D3-BF4B-00C04F79EFBC}") = "NControl.WindowsStore", "NControl\NControl.WindowsStore\NControl.WindowsStore.csproj", "{51B9D799-0F0B-44F9-9CBE-5AEFF7A23C1E}"
EndProject
Project("{D954291E-2A0B-460D-934E-DC6B0785DB48}") = "NControl.Win", "NControl\NControl.Win\NControl.Win.shproj", "{1B491EE5-956C-45F5-98B6-B20A30F28875}"
EndProject
Project("{FAE04EC0-301F-11D3-BF4B-00C04F79EFBC}") = "NControl.WindowsPhone", "NControl\NControl.WindowsPhone\NControl.WindowsPhone.csproj", "{036F649F-2348-41CE-85E1-3DF2B0331270}"
EndProject
Project("{D954291E-2A0B-460D-934E-DC6B0785DB48}") = "NControl.WinRT", "NControl\NControl.WinRT\NControl.WinRT.shproj", "{025D3BE6-8C87-4C5C-A2B9-1551FA8A3172}"
EndProject
Project("{2150E333-8FDC-42A3-9474-1A3956D46DE8}") = "Demos", "Demos", "{A3E9ECE5-1DF0-4C35-BC22-19B72E356937}"
EndProject
Project("{FAE04EC0-301F-11D3-BF4B-00C04F79EFBC}") = "NControlDemo.Utils", "NControlDemo\NControlDemo.Utils\NControlDemo.Utils.csproj", "{C5A54152-DCDF-4ED8-B9F7-7A701EDD73CB}"
EndProject
Project("{FAE04EC0-301F-11D3-BF4B-00C04F79EFBC}") = "NControlDemo.Localization", "NControlDemo\NControlDemo.Localization\NControlDemo.Localization.csproj", "{79968FF8-9E85-42D1-9917-73B52F022969}"
EndProject
Project("{FAE04EC0-301F-11D3-BF4B-00C04F79EFBC}") = "NControlDemo.FormsApp", "NControlDemo\NControlDemo.FormsApp\NControlDemo.FormsApp.csproj", "{39EA0550-B11F-4ABC-B23A-61EB4136C775}"
EndProject
Project("{FAE04EC0-301F-11D3-BF4B-00C04F79EFBC}") = "NControlDemo.iOS", "NControlDemo\NControlDemo.iOS\NControlDemo.iOS.csproj", "{43A5D241-4140-41A9-9E4B-713E5467A9F9}"
EndProject
Project("{FAE04EC0-301F-11D3-BF4B-00C04F79EFBC}") = "NControlDemo.Droid", "NControlDemo\NControlDemo.Droid\NControlDemo.Droid.csproj", "{617C5658-90A2-4828-8609-F5959C66CF9C}"
EndProject
Project("{FAE04EC0-301F-11D3-BF4B-00C04F79EFBC}") = "NControlDemo.WindowsStore", "NControlDemo\NControlDemo.WindowsStore\NControlDemo.WindowsStore.csproj", "{E89422A2-5A8D-479E-AD71-BCC4945CFE9A}"
EndProject
Project("{FAE04EC0-301F-11D3-BF4B-00C04F79EFBC}") = "NControlDemo.WP80", "NControlDemo\NControlDemo.WP80\NControlDemo.WP80.csproj", "{D563351A-165C-4932-8A03-7E70E9E33D70}"
EndProject
Project("{FAE04EC0-301F-11D3-BF4B-00C04F79EFBC}") = "NControlDemo.WP81", "NControlDemo\NControlDemo.WP81\NControlDemo.WP81.csproj", "{28DF003B-40C3-4550-8000-103AD513BC6D}"
EndProject
Project("{FAE04EC0-301F-11D3-BF4B-00C04F79EFBC}") = "NControl.UWP", "NControl\NControl.UWP\NControl.UWP.csproj", "{28EBD08D-5763-4027-9525-0F18B28D5F7B}"
EndProject
Global
	GlobalSection(SharedMSBuildProjectFiles) = preSolution
		NControl\NControl.WinRT\NControl.WinRT.projitems*{025d3be6-8c87-4c5c-a2b9-1551fa8a3172}*SharedItemsImports = 13
		NControl\NControl.WinRT\NControl.WinRT.projitems*{036f649f-2348-41ce-85e1-3df2b0331270}*SharedItemsImports = 4
		NControl\NControl.Win\NControl.Win.projitems*{1b491ee5-956c-45f5-98b6-b20a30f28875}*SharedItemsImports = 13
		NControl\NControl.WinRT\NControl.WinRT.projitems*{51b9d799-0f0b-44f9-9cbe-5aeff7a23c1e}*SharedItemsImports = 4
		NControl\NControl.Win\NControl.Win.projitems*{7417df41-1260-4f98-8af5-23b9c6048aab}*SharedItemsImports = 4
		NControl\NControl.Win\NControl.Win.projitems*{9e684606-7520-4c66-a530-f65aaa129b8f}*SharedItemsImports = 4
	EndGlobalSection
	GlobalSection(SolutionConfigurationPlatforms) = preSolution
		Ad-Hoc|Any CPU = Ad-Hoc|Any CPU
		Ad-Hoc|ARM = Ad-Hoc|ARM
		Ad-Hoc|iPhone = Ad-Hoc|iPhone
		Ad-Hoc|iPhoneSimulator = Ad-Hoc|iPhoneSimulator
		Ad-Hoc|Mixed Platforms = Ad-Hoc|Mixed Platforms
		Ad-Hoc|x64 = Ad-Hoc|x64
		Ad-Hoc|x86 = Ad-Hoc|x86
		AppStore|Any CPU = AppStore|Any CPU
		AppStore|ARM = AppStore|ARM
		AppStore|iPhone = AppStore|iPhone
		AppStore|iPhoneSimulator = AppStore|iPhoneSimulator
		AppStore|Mixed Platforms = AppStore|Mixed Platforms
		AppStore|x64 = AppStore|x64
		AppStore|x86 = AppStore|x86
		Debug|Any CPU = Debug|Any CPU
		Debug|ARM = Debug|ARM
		Debug|iPhone = Debug|iPhone
		Debug|iPhoneSimulator = Debug|iPhoneSimulator
		Debug|Mixed Platforms = Debug|Mixed Platforms
		Debug|x64 = Debug|x64
		Debug|x86 = Debug|x86
		Release|Any CPU = Release|Any CPU
		Release|ARM = Release|ARM
		Release|iPhone = Release|iPhone
		Release|iPhoneSimulator = Release|iPhoneSimulator
		Release|Mixed Platforms = Release|Mixed Platforms
		Release|x64 = Release|x64
		Release|x86 = Release|x86
	EndGlobalSection
	GlobalSection(ProjectConfigurationPlatforms) = postSolution
		{E0951DAE-4B6E-421D-AA30-5BD2203D5DEC}.Ad-Hoc|Any CPU.ActiveCfg = Release|Any CPU
		{E0951DAE-4B6E-421D-AA30-5BD2203D5DEC}.Ad-Hoc|ARM.ActiveCfg = Release|Any CPU
		{E0951DAE-4B6E-421D-AA30-5BD2203D5DEC}.Ad-Hoc|iPhone.ActiveCfg = Debug|Any CPU
		{E0951DAE-4B6E-421D-AA30-5BD2203D5DEC}.Ad-Hoc|iPhone.Build.0 = Debug|Any CPU
		{E0951DAE-4B6E-421D-AA30-5BD2203D5DEC}.Ad-Hoc|iPhoneSimulator.ActiveCfg = Release|Any CPU
		{E0951DAE-4B6E-421D-AA30-5BD2203D5DEC}.Ad-Hoc|Mixed Platforms.ActiveCfg = Debug|Any CPU
		{E0951DAE-4B6E-421D-AA30-5BD2203D5DEC}.Ad-Hoc|Mixed Platforms.Build.0 = Debug|Any CPU
		{E0951DAE-4B6E-421D-AA30-5BD2203D5DEC}.Ad-Hoc|x64.ActiveCfg = Debug|Any CPU
		{E0951DAE-4B6E-421D-AA30-5BD2203D5DEC}.Ad-Hoc|x86.ActiveCfg = Release|Any CPU
		{E0951DAE-4B6E-421D-AA30-5BD2203D5DEC}.AppStore|Any CPU.ActiveCfg = Release|Any CPU
		{E0951DAE-4B6E-421D-AA30-5BD2203D5DEC}.AppStore|ARM.ActiveCfg = Release|Any CPU
		{E0951DAE-4B6E-421D-AA30-5BD2203D5DEC}.AppStore|iPhone.ActiveCfg = Debug|Any CPU
		{E0951DAE-4B6E-421D-AA30-5BD2203D5DEC}.AppStore|iPhone.Build.0 = Debug|Any CPU
		{E0951DAE-4B6E-421D-AA30-5BD2203D5DEC}.AppStore|iPhoneSimulator.ActiveCfg = Release|Any CPU
		{E0951DAE-4B6E-421D-AA30-5BD2203D5DEC}.AppStore|Mixed Platforms.ActiveCfg = Debug|Any CPU
		{E0951DAE-4B6E-421D-AA30-5BD2203D5DEC}.AppStore|Mixed Platforms.Build.0 = Debug|Any CPU
		{E0951DAE-4B6E-421D-AA30-5BD2203D5DEC}.AppStore|x64.ActiveCfg = Debug|Any CPU
		{E0951DAE-4B6E-421D-AA30-5BD2203D5DEC}.AppStore|x86.ActiveCfg = Release|Any CPU
		{E0951DAE-4B6E-421D-AA30-5BD2203D5DEC}.Debug|Any CPU.ActiveCfg = Debug|Any CPU
		{E0951DAE-4B6E-421D-AA30-5BD2203D5DEC}.Debug|Any CPU.Build.0 = Debug|Any CPU
		{E0951DAE-4B6E-421D-AA30-5BD2203D5DEC}.Debug|ARM.ActiveCfg = Debug|Any CPU
		{E0951DAE-4B6E-421D-AA30-5BD2203D5DEC}.Debug|ARM.Build.0 = Debug|Any CPU
		{E0951DAE-4B6E-421D-AA30-5BD2203D5DEC}.Debug|iPhone.ActiveCfg = Debug|Any CPU
		{E0951DAE-4B6E-421D-AA30-5BD2203D5DEC}.Debug|iPhone.Build.0 = Debug|Any CPU
		{E0951DAE-4B6E-421D-AA30-5BD2203D5DEC}.Debug|iPhoneSimulator.ActiveCfg = Debug|Any CPU
		{E0951DAE-4B6E-421D-AA30-5BD2203D5DEC}.Debug|iPhoneSimulator.Build.0 = Debug|Any CPU
		{E0951DAE-4B6E-421D-AA30-5BD2203D5DEC}.Debug|Mixed Platforms.ActiveCfg = Debug|Any CPU
		{E0951DAE-4B6E-421D-AA30-5BD2203D5DEC}.Debug|Mixed Platforms.Build.0 = Debug|Any CPU
		{E0951DAE-4B6E-421D-AA30-5BD2203D5DEC}.Debug|x64.ActiveCfg = Debug|Any CPU
		{E0951DAE-4B6E-421D-AA30-5BD2203D5DEC}.Debug|x86.ActiveCfg = Debug|Any CPU
		{E0951DAE-4B6E-421D-AA30-5BD2203D5DEC}.Release|Any CPU.ActiveCfg = Release|Any CPU
		{E0951DAE-4B6E-421D-AA30-5BD2203D5DEC}.Release|Any CPU.Build.0 = Release|Any CPU
		{E0951DAE-4B6E-421D-AA30-5BD2203D5DEC}.Release|ARM.ActiveCfg = Release|Any CPU
		{E0951DAE-4B6E-421D-AA30-5BD2203D5DEC}.Release|ARM.Build.0 = Release|Any CPU
		{E0951DAE-4B6E-421D-AA30-5BD2203D5DEC}.Release|iPhone.ActiveCfg = Release|Any CPU
		{E0951DAE-4B6E-421D-AA30-5BD2203D5DEC}.Release|iPhone.Build.0 = Release|Any CPU
		{E0951DAE-4B6E-421D-AA30-5BD2203D5DEC}.Release|iPhoneSimulator.ActiveCfg = Release|Any CPU
		{E0951DAE-4B6E-421D-AA30-5BD2203D5DEC}.Release|iPhoneSimulator.Build.0 = Release|Any CPU
		{E0951DAE-4B6E-421D-AA30-5BD2203D5DEC}.Release|Mixed Platforms.ActiveCfg = Release|Any CPU
		{E0951DAE-4B6E-421D-AA30-5BD2203D5DEC}.Release|Mixed Platforms.Build.0 = Release|Any CPU
		{E0951DAE-4B6E-421D-AA30-5BD2203D5DEC}.Release|x64.ActiveCfg = Release|Any CPU
		{E0951DAE-4B6E-421D-AA30-5BD2203D5DEC}.Release|x86.ActiveCfg = Release|Any CPU
		{75DFD328-A91C-4056-B50B-1EFDC595C6A0}.Ad-Hoc|Any CPU.ActiveCfg = Release|Any CPU
		{75DFD328-A91C-4056-B50B-1EFDC595C6A0}.Ad-Hoc|ARM.ActiveCfg = Release|Any CPU
		{75DFD328-A91C-4056-B50B-1EFDC595C6A0}.Ad-Hoc|iPhone.ActiveCfg = Debug|Any CPU
		{75DFD328-A91C-4056-B50B-1EFDC595C6A0}.Ad-Hoc|iPhone.Build.0 = Debug|Any CPU
		{75DFD328-A91C-4056-B50B-1EFDC595C6A0}.Ad-Hoc|iPhoneSimulator.ActiveCfg = Release|Any CPU
		{75DFD328-A91C-4056-B50B-1EFDC595C6A0}.Ad-Hoc|Mixed Platforms.ActiveCfg = Debug|Any CPU
		{75DFD328-A91C-4056-B50B-1EFDC595C6A0}.Ad-Hoc|Mixed Platforms.Build.0 = Debug|Any CPU
		{75DFD328-A91C-4056-B50B-1EFDC595C6A0}.Ad-Hoc|x64.ActiveCfg = Debug|Any CPU
		{75DFD328-A91C-4056-B50B-1EFDC595C6A0}.Ad-Hoc|x86.ActiveCfg = Release|Any CPU
		{75DFD328-A91C-4056-B50B-1EFDC595C6A0}.AppStore|Any CPU.ActiveCfg = Release|Any CPU
		{75DFD328-A91C-4056-B50B-1EFDC595C6A0}.AppStore|ARM.ActiveCfg = Release|Any CPU
		{75DFD328-A91C-4056-B50B-1EFDC595C6A0}.AppStore|iPhone.ActiveCfg = Debug|Any CPU
		{75DFD328-A91C-4056-B50B-1EFDC595C6A0}.AppStore|iPhone.Build.0 = Debug|Any CPU
		{75DFD328-A91C-4056-B50B-1EFDC595C6A0}.AppStore|iPhoneSimulator.ActiveCfg = Release|Any CPU
		{75DFD328-A91C-4056-B50B-1EFDC595C6A0}.AppStore|Mixed Platforms.ActiveCfg = Debug|Any CPU
		{75DFD328-A91C-4056-B50B-1EFDC595C6A0}.AppStore|Mixed Platforms.Build.0 = Debug|Any CPU
		{75DFD328-A91C-4056-B50B-1EFDC595C6A0}.AppStore|x64.ActiveCfg = Debug|Any CPU
		{75DFD328-A91C-4056-B50B-1EFDC595C6A0}.AppStore|x86.ActiveCfg = Release|Any CPU
		{75DFD328-A91C-4056-B50B-1EFDC595C6A0}.Debug|Any CPU.ActiveCfg = Debug|Any CPU
		{75DFD328-A91C-4056-B50B-1EFDC595C6A0}.Debug|Any CPU.Build.0 = Debug|Any CPU
		{75DFD328-A91C-4056-B50B-1EFDC595C6A0}.Debug|ARM.ActiveCfg = Debug|Any CPU
		{75DFD328-A91C-4056-B50B-1EFDC595C6A0}.Debug|ARM.Build.0 = Debug|Any CPU
		{75DFD328-A91C-4056-B50B-1EFDC595C6A0}.Debug|iPhone.ActiveCfg = Debug|Any CPU
		{75DFD328-A91C-4056-B50B-1EFDC595C6A0}.Debug|iPhone.Build.0 = Debug|Any CPU
		{75DFD328-A91C-4056-B50B-1EFDC595C6A0}.Debug|iPhoneSimulator.ActiveCfg = Debug|Any CPU
		{75DFD328-A91C-4056-B50B-1EFDC595C6A0}.Debug|iPhoneSimulator.Build.0 = Debug|Any CPU
		{75DFD328-A91C-4056-B50B-1EFDC595C6A0}.Debug|Mixed Platforms.ActiveCfg = Debug|Any CPU
		{75DFD328-A91C-4056-B50B-1EFDC595C6A0}.Debug|Mixed Platforms.Build.0 = Debug|Any CPU
		{75DFD328-A91C-4056-B50B-1EFDC595C6A0}.Debug|x64.ActiveCfg = Debug|Any CPU
		{75DFD328-A91C-4056-B50B-1EFDC595C6A0}.Debug|x86.ActiveCfg = Debug|Any CPU
		{75DFD328-A91C-4056-B50B-1EFDC595C6A0}.Release|Any CPU.ActiveCfg = Release|Any CPU
		{75DFD328-A91C-4056-B50B-1EFDC595C6A0}.Release|Any CPU.Build.0 = Release|Any CPU
		{75DFD328-A91C-4056-B50B-1EFDC595C6A0}.Release|ARM.ActiveCfg = Release|Any CPU
		{75DFD328-A91C-4056-B50B-1EFDC595C6A0}.Release|ARM.Build.0 = Release|Any CPU
		{75DFD328-A91C-4056-B50B-1EFDC595C6A0}.Release|iPhone.ActiveCfg = Release|Any CPU
		{75DFD328-A91C-4056-B50B-1EFDC595C6A0}.Release|iPhone.Build.0 = Release|Any CPU
		{75DFD328-A91C-4056-B50B-1EFDC595C6A0}.Release|iPhoneSimulator.ActiveCfg = Release|Any CPU
		{75DFD328-A91C-4056-B50B-1EFDC595C6A0}.Release|iPhoneSimulator.Build.0 = Release|Any CPU
		{75DFD328-A91C-4056-B50B-1EFDC595C6A0}.Release|Mixed Platforms.ActiveCfg = Release|Any CPU
		{75DFD328-A91C-4056-B50B-1EFDC595C6A0}.Release|Mixed Platforms.Build.0 = Release|Any CPU
		{75DFD328-A91C-4056-B50B-1EFDC595C6A0}.Release|x64.ActiveCfg = Release|Any CPU
		{75DFD328-A91C-4056-B50B-1EFDC595C6A0}.Release|x86.ActiveCfg = Release|Any CPU
		{C1497752-06AF-4FDB-886E-8DD57F5CB5A0}.Ad-Hoc|Any CPU.ActiveCfg = Release|Any CPU
		{C1497752-06AF-4FDB-886E-8DD57F5CB5A0}.Ad-Hoc|ARM.ActiveCfg = Release|Any CPU
		{C1497752-06AF-4FDB-886E-8DD57F5CB5A0}.Ad-Hoc|iPhone.ActiveCfg = Debug|Any CPU
		{C1497752-06AF-4FDB-886E-8DD57F5CB5A0}.Ad-Hoc|iPhone.Build.0 = Debug|Any CPU
		{C1497752-06AF-4FDB-886E-8DD57F5CB5A0}.Ad-Hoc|iPhoneSimulator.ActiveCfg = Release|Any CPU
		{C1497752-06AF-4FDB-886E-8DD57F5CB5A0}.Ad-Hoc|Mixed Platforms.ActiveCfg = Debug|Any CPU
		{C1497752-06AF-4FDB-886E-8DD57F5CB5A0}.Ad-Hoc|Mixed Platforms.Build.0 = Debug|Any CPU
		{C1497752-06AF-4FDB-886E-8DD57F5CB5A0}.Ad-Hoc|x64.ActiveCfg = Debug|Any CPU
		{C1497752-06AF-4FDB-886E-8DD57F5CB5A0}.Ad-Hoc|x86.ActiveCfg = Release|Any CPU
		{C1497752-06AF-4FDB-886E-8DD57F5CB5A0}.AppStore|Any CPU.ActiveCfg = Release|Any CPU
		{C1497752-06AF-4FDB-886E-8DD57F5CB5A0}.AppStore|ARM.ActiveCfg = Release|Any CPU
		{C1497752-06AF-4FDB-886E-8DD57F5CB5A0}.AppStore|iPhone.ActiveCfg = Debug|Any CPU
		{C1497752-06AF-4FDB-886E-8DD57F5CB5A0}.AppStore|iPhone.Build.0 = Debug|Any CPU
		{C1497752-06AF-4FDB-886E-8DD57F5CB5A0}.AppStore|iPhoneSimulator.ActiveCfg = Release|Any CPU
		{C1497752-06AF-4FDB-886E-8DD57F5CB5A0}.AppStore|Mixed Platforms.ActiveCfg = Debug|Any CPU
		{C1497752-06AF-4FDB-886E-8DD57F5CB5A0}.AppStore|Mixed Platforms.Build.0 = Debug|Any CPU
		{C1497752-06AF-4FDB-886E-8DD57F5CB5A0}.AppStore|x64.ActiveCfg = Debug|Any CPU
		{C1497752-06AF-4FDB-886E-8DD57F5CB5A0}.AppStore|x86.ActiveCfg = Release|Any CPU
		{C1497752-06AF-4FDB-886E-8DD57F5CB5A0}.Debug|Any CPU.ActiveCfg = Debug|Any CPU
		{C1497752-06AF-4FDB-886E-8DD57F5CB5A0}.Debug|Any CPU.Build.0 = Debug|Any CPU
		{C1497752-06AF-4FDB-886E-8DD57F5CB5A0}.Debug|ARM.ActiveCfg = Debug|Any CPU
		{C1497752-06AF-4FDB-886E-8DD57F5CB5A0}.Debug|ARM.Build.0 = Debug|Any CPU
		{C1497752-06AF-4FDB-886E-8DD57F5CB5A0}.Debug|iPhone.ActiveCfg = Debug|Any CPU
		{C1497752-06AF-4FDB-886E-8DD57F5CB5A0}.Debug|iPhone.Build.0 = Debug|Any CPU
		{C1497752-06AF-4FDB-886E-8DD57F5CB5A0}.Debug|iPhoneSimulator.ActiveCfg = Debug|Any CPU
		{C1497752-06AF-4FDB-886E-8DD57F5CB5A0}.Debug|iPhoneSimulator.Build.0 = Debug|Any CPU
		{C1497752-06AF-4FDB-886E-8DD57F5CB5A0}.Debug|Mixed Platforms.ActiveCfg = Debug|Any CPU
		{C1497752-06AF-4FDB-886E-8DD57F5CB5A0}.Debug|Mixed Platforms.Build.0 = Debug|Any CPU
		{C1497752-06AF-4FDB-886E-8DD57F5CB5A0}.Debug|x64.ActiveCfg = Debug|Any CPU
		{C1497752-06AF-4FDB-886E-8DD57F5CB5A0}.Debug|x86.ActiveCfg = Debug|Any CPU
		{C1497752-06AF-4FDB-886E-8DD57F5CB5A0}.Release|Any CPU.ActiveCfg = Release|Any CPU
		{C1497752-06AF-4FDB-886E-8DD57F5CB5A0}.Release|Any CPU.Build.0 = Release|Any CPU
		{C1497752-06AF-4FDB-886E-8DD57F5CB5A0}.Release|ARM.ActiveCfg = Release|Any CPU
		{C1497752-06AF-4FDB-886E-8DD57F5CB5A0}.Release|ARM.Build.0 = Release|Any CPU
		{C1497752-06AF-4FDB-886E-8DD57F5CB5A0}.Release|iPhone.ActiveCfg = Release|Any CPU
		{C1497752-06AF-4FDB-886E-8DD57F5CB5A0}.Release|iPhone.Build.0 = Release|Any CPU
		{C1497752-06AF-4FDB-886E-8DD57F5CB5A0}.Release|iPhoneSimulator.ActiveCfg = Release|Any CPU
		{C1497752-06AF-4FDB-886E-8DD57F5CB5A0}.Release|iPhoneSimulator.Build.0 = Release|Any CPU
		{C1497752-06AF-4FDB-886E-8DD57F5CB5A0}.Release|Mixed Platforms.ActiveCfg = Release|Any CPU
		{C1497752-06AF-4FDB-886E-8DD57F5CB5A0}.Release|Mixed Platforms.Build.0 = Release|Any CPU
		{C1497752-06AF-4FDB-886E-8DD57F5CB5A0}.Release|x64.ActiveCfg = Release|Any CPU
		{C1497752-06AF-4FDB-886E-8DD57F5CB5A0}.Release|x86.ActiveCfg = Release|Any CPU
		{9E684606-7520-4C66-A530-F65AAA129B8F}.Ad-Hoc|Any CPU.ActiveCfg = Release|Any CPU
		{9E684606-7520-4C66-A530-F65AAA129B8F}.Ad-Hoc|Any CPU.Build.0 = Release|Any CPU
		{9E684606-7520-4C66-A530-F65AAA129B8F}.Ad-Hoc|ARM.ActiveCfg = Release|ARM
		{9E684606-7520-4C66-A530-F65AAA129B8F}.Ad-Hoc|ARM.Build.0 = Release|ARM
		{9E684606-7520-4C66-A530-F65AAA129B8F}.Ad-Hoc|iPhone.ActiveCfg = Release|Any CPU
		{9E684606-7520-4C66-A530-F65AAA129B8F}.Ad-Hoc|iPhoneSimulator.ActiveCfg = Release|Any CPU
		{9E684606-7520-4C66-A530-F65AAA129B8F}.Ad-Hoc|Mixed Platforms.ActiveCfg = Release|x86
		{9E684606-7520-4C66-A530-F65AAA129B8F}.Ad-Hoc|Mixed Platforms.Build.0 = Release|x86
		{9E684606-7520-4C66-A530-F65AAA129B8F}.Ad-Hoc|x64.ActiveCfg = Debug|Any CPU
		{9E684606-7520-4C66-A530-F65AAA129B8F}.Ad-Hoc|x86.ActiveCfg = Release|x86
		{9E684606-7520-4C66-A530-F65AAA129B8F}.Ad-Hoc|x86.Build.0 = Release|x86
		{9E684606-7520-4C66-A530-F65AAA129B8F}.AppStore|Any CPU.ActiveCfg = Release|Any CPU
		{9E684606-7520-4C66-A530-F65AAA129B8F}.AppStore|Any CPU.Build.0 = Release|Any CPU
		{9E684606-7520-4C66-A530-F65AAA129B8F}.AppStore|ARM.ActiveCfg = Release|ARM
		{9E684606-7520-4C66-A530-F65AAA129B8F}.AppStore|ARM.Build.0 = Release|ARM
		{9E684606-7520-4C66-A530-F65AAA129B8F}.AppStore|iPhone.ActiveCfg = Release|Any CPU
		{9E684606-7520-4C66-A530-F65AAA129B8F}.AppStore|iPhoneSimulator.ActiveCfg = Release|Any CPU
		{9E684606-7520-4C66-A530-F65AAA129B8F}.AppStore|Mixed Platforms.ActiveCfg = Release|x86
		{9E684606-7520-4C66-A530-F65AAA129B8F}.AppStore|Mixed Platforms.Build.0 = Release|x86
		{9E684606-7520-4C66-A530-F65AAA129B8F}.AppStore|x64.ActiveCfg = Debug|Any CPU
		{9E684606-7520-4C66-A530-F65AAA129B8F}.AppStore|x86.ActiveCfg = Release|x86
		{9E684606-7520-4C66-A530-F65AAA129B8F}.AppStore|x86.Build.0 = Release|x86
		{9E684606-7520-4C66-A530-F65AAA129B8F}.Debug|Any CPU.ActiveCfg = Debug|Any CPU
		{9E684606-7520-4C66-A530-F65AAA129B8F}.Debug|Any CPU.Build.0 = Debug|Any CPU
		{9E684606-7520-4C66-A530-F65AAA129B8F}.Debug|ARM.ActiveCfg = Debug|ARM
		{9E684606-7520-4C66-A530-F65AAA129B8F}.Debug|ARM.Build.0 = Debug|ARM
		{9E684606-7520-4C66-A530-F65AAA129B8F}.Debug|iPhone.ActiveCfg = Debug|Any CPU
		{9E684606-7520-4C66-A530-F65AAA129B8F}.Debug|iPhoneSimulator.ActiveCfg = Debug|Any CPU
		{9E684606-7520-4C66-A530-F65AAA129B8F}.Debug|Mixed Platforms.ActiveCfg = Debug|x86
		{9E684606-7520-4C66-A530-F65AAA129B8F}.Debug|Mixed Platforms.Build.0 = Debug|x86
		{9E684606-7520-4C66-A530-F65AAA129B8F}.Debug|x64.ActiveCfg = Debug|Any CPU
		{9E684606-7520-4C66-A530-F65AAA129B8F}.Debug|x86.ActiveCfg = Debug|x86
		{9E684606-7520-4C66-A530-F65AAA129B8F}.Debug|x86.Build.0 = Debug|x86
		{9E684606-7520-4C66-A530-F65AAA129B8F}.Release|Any CPU.ActiveCfg = Release|Any CPU
		{9E684606-7520-4C66-A530-F65AAA129B8F}.Release|Any CPU.Build.0 = Release|Any CPU
		{9E684606-7520-4C66-A530-F65AAA129B8F}.Release|ARM.ActiveCfg = Release|ARM
		{9E684606-7520-4C66-A530-F65AAA129B8F}.Release|ARM.Build.0 = Release|ARM
		{9E684606-7520-4C66-A530-F65AAA129B8F}.Release|iPhone.ActiveCfg = Release|Any CPU
		{9E684606-7520-4C66-A530-F65AAA129B8F}.Release|iPhoneSimulator.ActiveCfg = Release|Any CPU
		{9E684606-7520-4C66-A530-F65AAA129B8F}.Release|Mixed Platforms.ActiveCfg = Release|x86
		{9E684606-7520-4C66-A530-F65AAA129B8F}.Release|Mixed Platforms.Build.0 = Release|x86
		{9E684606-7520-4C66-A530-F65AAA129B8F}.Release|x64.ActiveCfg = Release|Any CPU
		{9E684606-7520-4C66-A530-F65AAA129B8F}.Release|x86.ActiveCfg = Release|x86
		{9E684606-7520-4C66-A530-F65AAA129B8F}.Release|x86.Build.0 = Release|x86
		{7417DF41-1260-4F98-8AF5-23B9C6048AAB}.Ad-Hoc|Any CPU.ActiveCfg = Release|Any CPU
		{7417DF41-1260-4F98-8AF5-23B9C6048AAB}.Ad-Hoc|Any CPU.Build.0 = Release|Any CPU
		{7417DF41-1260-4F98-8AF5-23B9C6048AAB}.Ad-Hoc|ARM.ActiveCfg = Release|ARM
		{7417DF41-1260-4F98-8AF5-23B9C6048AAB}.Ad-Hoc|ARM.Build.0 = Release|ARM
		{7417DF41-1260-4F98-8AF5-23B9C6048AAB}.Ad-Hoc|iPhone.ActiveCfg = Release|Any CPU
		{7417DF41-1260-4F98-8AF5-23B9C6048AAB}.Ad-Hoc|iPhoneSimulator.ActiveCfg = Release|Any CPU
		{7417DF41-1260-4F98-8AF5-23B9C6048AAB}.Ad-Hoc|Mixed Platforms.ActiveCfg = Release|x86
		{7417DF41-1260-4F98-8AF5-23B9C6048AAB}.Ad-Hoc|Mixed Platforms.Build.0 = Release|x86
		{7417DF41-1260-4F98-8AF5-23B9C6048AAB}.Ad-Hoc|x64.ActiveCfg = Debug|Any CPU
		{7417DF41-1260-4F98-8AF5-23B9C6048AAB}.Ad-Hoc|x86.ActiveCfg = Release|x86
		{7417DF41-1260-4F98-8AF5-23B9C6048AAB}.Ad-Hoc|x86.Build.0 = Release|x86
		{7417DF41-1260-4F98-8AF5-23B9C6048AAB}.AppStore|Any CPU.ActiveCfg = Release|Any CPU
		{7417DF41-1260-4F98-8AF5-23B9C6048AAB}.AppStore|Any CPU.Build.0 = Release|Any CPU
		{7417DF41-1260-4F98-8AF5-23B9C6048AAB}.AppStore|ARM.ActiveCfg = Release|ARM
		{7417DF41-1260-4F98-8AF5-23B9C6048AAB}.AppStore|ARM.Build.0 = Release|ARM
		{7417DF41-1260-4F98-8AF5-23B9C6048AAB}.AppStore|iPhone.ActiveCfg = Release|Any CPU
		{7417DF41-1260-4F98-8AF5-23B9C6048AAB}.AppStore|iPhoneSimulator.ActiveCfg = Release|Any CPU
		{7417DF41-1260-4F98-8AF5-23B9C6048AAB}.AppStore|Mixed Platforms.ActiveCfg = Release|x86
		{7417DF41-1260-4F98-8AF5-23B9C6048AAB}.AppStore|Mixed Platforms.Build.0 = Release|x86
		{7417DF41-1260-4F98-8AF5-23B9C6048AAB}.AppStore|x64.ActiveCfg = Debug|Any CPU
		{7417DF41-1260-4F98-8AF5-23B9C6048AAB}.AppStore|x86.ActiveCfg = Release|x86
		{7417DF41-1260-4F98-8AF5-23B9C6048AAB}.AppStore|x86.Build.0 = Release|x86
		{7417DF41-1260-4F98-8AF5-23B9C6048AAB}.Debug|Any CPU.ActiveCfg = Debug|Any CPU
		{7417DF41-1260-4F98-8AF5-23B9C6048AAB}.Debug|Any CPU.Build.0 = Debug|Any CPU
		{7417DF41-1260-4F98-8AF5-23B9C6048AAB}.Debug|ARM.ActiveCfg = Debug|ARM
		{7417DF41-1260-4F98-8AF5-23B9C6048AAB}.Debug|ARM.Build.0 = Debug|ARM
		{7417DF41-1260-4F98-8AF5-23B9C6048AAB}.Debug|iPhone.ActiveCfg = Debug|Any CPU
		{7417DF41-1260-4F98-8AF5-23B9C6048AAB}.Debug|iPhoneSimulator.ActiveCfg = Debug|Any CPU
		{7417DF41-1260-4F98-8AF5-23B9C6048AAB}.Debug|Mixed Platforms.ActiveCfg = Debug|x86
		{7417DF41-1260-4F98-8AF5-23B9C6048AAB}.Debug|Mixed Platforms.Build.0 = Debug|x86
		{7417DF41-1260-4F98-8AF5-23B9C6048AAB}.Debug|x64.ActiveCfg = Debug|Any CPU
		{7417DF41-1260-4F98-8AF5-23B9C6048AAB}.Debug|x86.ActiveCfg = Debug|x86
		{7417DF41-1260-4F98-8AF5-23B9C6048AAB}.Debug|x86.Build.0 = Debug|x86
		{7417DF41-1260-4F98-8AF5-23B9C6048AAB}.Release|Any CPU.ActiveCfg = Release|Any CPU
		{7417DF41-1260-4F98-8AF5-23B9C6048AAB}.Release|Any CPU.Build.0 = Release|Any CPU
		{7417DF41-1260-4F98-8AF5-23B9C6048AAB}.Release|ARM.ActiveCfg = Release|ARM
		{7417DF41-1260-4F98-8AF5-23B9C6048AAB}.Release|ARM.Build.0 = Release|ARM
		{7417DF41-1260-4F98-8AF5-23B9C6048AAB}.Release|iPhone.ActiveCfg = Release|Any CPU
		{7417DF41-1260-4F98-8AF5-23B9C6048AAB}.Release|iPhoneSimulator.ActiveCfg = Release|Any CPU
		{7417DF41-1260-4F98-8AF5-23B9C6048AAB}.Release|Mixed Platforms.ActiveCfg = Release|x86
		{7417DF41-1260-4F98-8AF5-23B9C6048AAB}.Release|Mixed Platforms.Build.0 = Release|x86
		{7417DF41-1260-4F98-8AF5-23B9C6048AAB}.Release|x64.ActiveCfg = Release|Any CPU
		{7417DF41-1260-4F98-8AF5-23B9C6048AAB}.Release|x86.ActiveCfg = Release|x86
		{7417DF41-1260-4F98-8AF5-23B9C6048AAB}.Release|x86.Build.0 = Release|x86
		{51B9D799-0F0B-44F9-9CBE-5AEFF7A23C1E}.Ad-Hoc|Any CPU.ActiveCfg = Release|Any CPU
		{51B9D799-0F0B-44F9-9CBE-5AEFF7A23C1E}.Ad-Hoc|Any CPU.Build.0 = Release|Any CPU
		{51B9D799-0F0B-44F9-9CBE-5AEFF7A23C1E}.Ad-Hoc|ARM.ActiveCfg = Release|ARM
		{51B9D799-0F0B-44F9-9CBE-5AEFF7A23C1E}.Ad-Hoc|ARM.Build.0 = Release|ARM
		{51B9D799-0F0B-44F9-9CBE-5AEFF7A23C1E}.Ad-Hoc|iPhone.ActiveCfg = Release|Any CPU
		{51B9D799-0F0B-44F9-9CBE-5AEFF7A23C1E}.Ad-Hoc|iPhoneSimulator.ActiveCfg = Release|Any CPU
		{51B9D799-0F0B-44F9-9CBE-5AEFF7A23C1E}.Ad-Hoc|Mixed Platforms.ActiveCfg = Release|x86
		{51B9D799-0F0B-44F9-9CBE-5AEFF7A23C1E}.Ad-Hoc|Mixed Platforms.Build.0 = Release|x86
		{51B9D799-0F0B-44F9-9CBE-5AEFF7A23C1E}.Ad-Hoc|x64.ActiveCfg = Release|x64
		{51B9D799-0F0B-44F9-9CBE-5AEFF7A23C1E}.Ad-Hoc|x64.Build.0 = Release|x64
		{51B9D799-0F0B-44F9-9CBE-5AEFF7A23C1E}.Ad-Hoc|x86.ActiveCfg = Release|x86
		{51B9D799-0F0B-44F9-9CBE-5AEFF7A23C1E}.Ad-Hoc|x86.Build.0 = Release|x86
		{51B9D799-0F0B-44F9-9CBE-5AEFF7A23C1E}.AppStore|Any CPU.ActiveCfg = Release|Any CPU
		{51B9D799-0F0B-44F9-9CBE-5AEFF7A23C1E}.AppStore|Any CPU.Build.0 = Release|Any CPU
		{51B9D799-0F0B-44F9-9CBE-5AEFF7A23C1E}.AppStore|ARM.ActiveCfg = Release|ARM
		{51B9D799-0F0B-44F9-9CBE-5AEFF7A23C1E}.AppStore|ARM.Build.0 = Release|ARM
		{51B9D799-0F0B-44F9-9CBE-5AEFF7A23C1E}.AppStore|iPhone.ActiveCfg = Release|Any CPU
		{51B9D799-0F0B-44F9-9CBE-5AEFF7A23C1E}.AppStore|iPhoneSimulator.ActiveCfg = Release|Any CPU
		{51B9D799-0F0B-44F9-9CBE-5AEFF7A23C1E}.AppStore|Mixed Platforms.ActiveCfg = Release|x86
		{51B9D799-0F0B-44F9-9CBE-5AEFF7A23C1E}.AppStore|Mixed Platforms.Build.0 = Release|x86
		{51B9D799-0F0B-44F9-9CBE-5AEFF7A23C1E}.AppStore|x64.ActiveCfg = Release|x64
		{51B9D799-0F0B-44F9-9CBE-5AEFF7A23C1E}.AppStore|x64.Build.0 = Release|x64
		{51B9D799-0F0B-44F9-9CBE-5AEFF7A23C1E}.AppStore|x86.ActiveCfg = Release|x86
		{51B9D799-0F0B-44F9-9CBE-5AEFF7A23C1E}.AppStore|x86.Build.0 = Release|x86
		{51B9D799-0F0B-44F9-9CBE-5AEFF7A23C1E}.Debug|Any CPU.ActiveCfg = Debug|Any CPU
		{51B9D799-0F0B-44F9-9CBE-5AEFF7A23C1E}.Debug|Any CPU.Build.0 = Debug|Any CPU
		{51B9D799-0F0B-44F9-9CBE-5AEFF7A23C1E}.Debug|ARM.ActiveCfg = Debug|ARM
		{51B9D799-0F0B-44F9-9CBE-5AEFF7A23C1E}.Debug|ARM.Build.0 = Debug|ARM
		{51B9D799-0F0B-44F9-9CBE-5AEFF7A23C1E}.Debug|iPhone.ActiveCfg = Debug|Any CPU
		{51B9D799-0F0B-44F9-9CBE-5AEFF7A23C1E}.Debug|iPhoneSimulator.ActiveCfg = Debug|Any CPU
		{51B9D799-0F0B-44F9-9CBE-5AEFF7A23C1E}.Debug|Mixed Platforms.ActiveCfg = Debug|x86
		{51B9D799-0F0B-44F9-9CBE-5AEFF7A23C1E}.Debug|Mixed Platforms.Build.0 = Debug|x86
		{51B9D799-0F0B-44F9-9CBE-5AEFF7A23C1E}.Debug|x64.ActiveCfg = Debug|x64
		{51B9D799-0F0B-44F9-9CBE-5AEFF7A23C1E}.Debug|x64.Build.0 = Debug|x64
		{51B9D799-0F0B-44F9-9CBE-5AEFF7A23C1E}.Debug|x86.ActiveCfg = Debug|x86
		{51B9D799-0F0B-44F9-9CBE-5AEFF7A23C1E}.Debug|x86.Build.0 = Debug|x86
		{51B9D799-0F0B-44F9-9CBE-5AEFF7A23C1E}.Release|Any CPU.ActiveCfg = Release|Any CPU
		{51B9D799-0F0B-44F9-9CBE-5AEFF7A23C1E}.Release|Any CPU.Build.0 = Release|Any CPU
		{51B9D799-0F0B-44F9-9CBE-5AEFF7A23C1E}.Release|ARM.ActiveCfg = Release|ARM
		{51B9D799-0F0B-44F9-9CBE-5AEFF7A23C1E}.Release|ARM.Build.0 = Release|ARM
		{51B9D799-0F0B-44F9-9CBE-5AEFF7A23C1E}.Release|iPhone.ActiveCfg = Release|Any CPU
		{51B9D799-0F0B-44F9-9CBE-5AEFF7A23C1E}.Release|iPhoneSimulator.ActiveCfg = Release|Any CPU
		{51B9D799-0F0B-44F9-9CBE-5AEFF7A23C1E}.Release|Mixed Platforms.ActiveCfg = Release|x86
		{51B9D799-0F0B-44F9-9CBE-5AEFF7A23C1E}.Release|Mixed Platforms.Build.0 = Release|x86
		{51B9D799-0F0B-44F9-9CBE-5AEFF7A23C1E}.Release|x64.ActiveCfg = Release|x64
		{51B9D799-0F0B-44F9-9CBE-5AEFF7A23C1E}.Release|x64.Build.0 = Release|x64
		{51B9D799-0F0B-44F9-9CBE-5AEFF7A23C1E}.Release|x86.ActiveCfg = Release|x86
		{51B9D799-0F0B-44F9-9CBE-5AEFF7A23C1E}.Release|x86.Build.0 = Release|x86
		{036F649F-2348-41CE-85E1-3DF2B0331270}.Ad-Hoc|Any CPU.ActiveCfg = Release|Any CPU
		{036F649F-2348-41CE-85E1-3DF2B0331270}.Ad-Hoc|Any CPU.Build.0 = Release|Any CPU
		{036F649F-2348-41CE-85E1-3DF2B0331270}.Ad-Hoc|ARM.ActiveCfg = Release|ARM
		{036F649F-2348-41CE-85E1-3DF2B0331270}.Ad-Hoc|ARM.Build.0 = Release|ARM
		{036F649F-2348-41CE-85E1-3DF2B0331270}.Ad-Hoc|iPhone.ActiveCfg = Release|Any CPU
		{036F649F-2348-41CE-85E1-3DF2B0331270}.Ad-Hoc|iPhone.Build.0 = Release|Any CPU
		{036F649F-2348-41CE-85E1-3DF2B0331270}.Ad-Hoc|iPhoneSimulator.ActiveCfg = Release|Any CPU
		{036F649F-2348-41CE-85E1-3DF2B0331270}.Ad-Hoc|iPhoneSimulator.Build.0 = Release|Any CPU
		{036F649F-2348-41CE-85E1-3DF2B0331270}.Ad-Hoc|Mixed Platforms.ActiveCfg = Release|x86
		{036F649F-2348-41CE-85E1-3DF2B0331270}.Ad-Hoc|Mixed Platforms.Build.0 = Release|x86
		{036F649F-2348-41CE-85E1-3DF2B0331270}.Ad-Hoc|x64.ActiveCfg = Release|Any CPU
		{036F649F-2348-41CE-85E1-3DF2B0331270}.Ad-Hoc|x64.Build.0 = Release|Any CPU
		{036F649F-2348-41CE-85E1-3DF2B0331270}.Ad-Hoc|x86.ActiveCfg = Release|x86
		{036F649F-2348-41CE-85E1-3DF2B0331270}.Ad-Hoc|x86.Build.0 = Release|x86
		{036F649F-2348-41CE-85E1-3DF2B0331270}.AppStore|Any CPU.ActiveCfg = Release|Any CPU
		{036F649F-2348-41CE-85E1-3DF2B0331270}.AppStore|Any CPU.Build.0 = Release|Any CPU
		{036F649F-2348-41CE-85E1-3DF2B0331270}.AppStore|ARM.ActiveCfg = Release|ARM
		{036F649F-2348-41CE-85E1-3DF2B0331270}.AppStore|ARM.Build.0 = Release|ARM
		{036F649F-2348-41CE-85E1-3DF2B0331270}.AppStore|iPhone.ActiveCfg = Release|Any CPU
		{036F649F-2348-41CE-85E1-3DF2B0331270}.AppStore|iPhone.Build.0 = Release|Any CPU
		{036F649F-2348-41CE-85E1-3DF2B0331270}.AppStore|iPhoneSimulator.ActiveCfg = Release|Any CPU
		{036F649F-2348-41CE-85E1-3DF2B0331270}.AppStore|iPhoneSimulator.Build.0 = Release|Any CPU
		{036F649F-2348-41CE-85E1-3DF2B0331270}.AppStore|Mixed Platforms.ActiveCfg = Release|x86
		{036F649F-2348-41CE-85E1-3DF2B0331270}.AppStore|Mixed Platforms.Build.0 = Release|x86
		{036F649F-2348-41CE-85E1-3DF2B0331270}.AppStore|x64.ActiveCfg = Release|Any CPU
		{036F649F-2348-41CE-85E1-3DF2B0331270}.AppStore|x64.Build.0 = Release|Any CPU
		{036F649F-2348-41CE-85E1-3DF2B0331270}.AppStore|x86.ActiveCfg = Release|x86
		{036F649F-2348-41CE-85E1-3DF2B0331270}.AppStore|x86.Build.0 = Release|x86
		{036F649F-2348-41CE-85E1-3DF2B0331270}.Debug|Any CPU.ActiveCfg = Debug|Any CPU
		{036F649F-2348-41CE-85E1-3DF2B0331270}.Debug|Any CPU.Build.0 = Debug|Any CPU
		{036F649F-2348-41CE-85E1-3DF2B0331270}.Debug|ARM.ActiveCfg = Debug|ARM
		{036F649F-2348-41CE-85E1-3DF2B0331270}.Debug|ARM.Build.0 = Debug|ARM
		{036F649F-2348-41CE-85E1-3DF2B0331270}.Debug|iPhone.ActiveCfg = Debug|Any CPU
		{036F649F-2348-41CE-85E1-3DF2B0331270}.Debug|iPhone.Build.0 = Debug|Any CPU
		{036F649F-2348-41CE-85E1-3DF2B0331270}.Debug|iPhoneSimulator.ActiveCfg = Debug|Any CPU
		{036F649F-2348-41CE-85E1-3DF2B0331270}.Debug|iPhoneSimulator.Build.0 = Debug|Any CPU
		{036F649F-2348-41CE-85E1-3DF2B0331270}.Debug|Mixed Platforms.ActiveCfg = Debug|x86
		{036F649F-2348-41CE-85E1-3DF2B0331270}.Debug|Mixed Platforms.Build.0 = Debug|x86
		{036F649F-2348-41CE-85E1-3DF2B0331270}.Debug|x64.ActiveCfg = Debug|Any CPU
		{036F649F-2348-41CE-85E1-3DF2B0331270}.Debug|x64.Build.0 = Debug|Any CPU
		{036F649F-2348-41CE-85E1-3DF2B0331270}.Debug|x86.ActiveCfg = Debug|x86
		{036F649F-2348-41CE-85E1-3DF2B0331270}.Debug|x86.Build.0 = Debug|x86
		{036F649F-2348-41CE-85E1-3DF2B0331270}.Release|Any CPU.ActiveCfg = Release|Any CPU
		{036F649F-2348-41CE-85E1-3DF2B0331270}.Release|Any CPU.Build.0 = Release|Any CPU
		{036F649F-2348-41CE-85E1-3DF2B0331270}.Release|ARM.ActiveCfg = Release|ARM
		{036F649F-2348-41CE-85E1-3DF2B0331270}.Release|ARM.Build.0 = Release|ARM
		{036F649F-2348-41CE-85E1-3DF2B0331270}.Release|iPhone.ActiveCfg = Release|Any CPU
		{036F649F-2348-41CE-85E1-3DF2B0331270}.Release|iPhone.Build.0 = Release|Any CPU
		{036F649F-2348-41CE-85E1-3DF2B0331270}.Release|iPhoneSimulator.ActiveCfg = Release|Any CPU
		{036F649F-2348-41CE-85E1-3DF2B0331270}.Release|iPhoneSimulator.Build.0 = Release|Any CPU
		{036F649F-2348-41CE-85E1-3DF2B0331270}.Release|Mixed Platforms.ActiveCfg = Release|x86
		{036F649F-2348-41CE-85E1-3DF2B0331270}.Release|Mixed Platforms.Build.0 = Release|x86
		{036F649F-2348-41CE-85E1-3DF2B0331270}.Release|x64.ActiveCfg = Release|Any CPU
		{036F649F-2348-41CE-85E1-3DF2B0331270}.Release|x64.Build.0 = Release|Any CPU
		{036F649F-2348-41CE-85E1-3DF2B0331270}.Release|x86.ActiveCfg = Release|x86
		{036F649F-2348-41CE-85E1-3DF2B0331270}.Release|x86.Build.0 = Release|x86
		{C5A54152-DCDF-4ED8-B9F7-7A701EDD73CB}.Ad-Hoc|Any CPU.ActiveCfg = Release|Any CPU
		{C5A54152-DCDF-4ED8-B9F7-7A701EDD73CB}.Ad-Hoc|Any CPU.Build.0 = Release|Any CPU
		{C5A54152-DCDF-4ED8-B9F7-7A701EDD73CB}.Ad-Hoc|ARM.ActiveCfg = Release|Any CPU
		{C5A54152-DCDF-4ED8-B9F7-7A701EDD73CB}.Ad-Hoc|ARM.Build.0 = Release|Any CPU
		{C5A54152-DCDF-4ED8-B9F7-7A701EDD73CB}.Ad-Hoc|iPhone.ActiveCfg = Release|Any CPU
		{C5A54152-DCDF-4ED8-B9F7-7A701EDD73CB}.Ad-Hoc|iPhone.Build.0 = Release|Any CPU
		{C5A54152-DCDF-4ED8-B9F7-7A701EDD73CB}.Ad-Hoc|iPhoneSimulator.ActiveCfg = Release|Any CPU
		{C5A54152-DCDF-4ED8-B9F7-7A701EDD73CB}.Ad-Hoc|iPhoneSimulator.Build.0 = Release|Any CPU
		{C5A54152-DCDF-4ED8-B9F7-7A701EDD73CB}.Ad-Hoc|Mixed Platforms.ActiveCfg = Release|Any CPU
		{C5A54152-DCDF-4ED8-B9F7-7A701EDD73CB}.Ad-Hoc|Mixed Platforms.Build.0 = Release|Any CPU
		{C5A54152-DCDF-4ED8-B9F7-7A701EDD73CB}.Ad-Hoc|x64.ActiveCfg = Release|Any CPU
		{C5A54152-DCDF-4ED8-B9F7-7A701EDD73CB}.Ad-Hoc|x64.Build.0 = Release|Any CPU
		{C5A54152-DCDF-4ED8-B9F7-7A701EDD73CB}.Ad-Hoc|x86.ActiveCfg = Release|Any CPU
		{C5A54152-DCDF-4ED8-B9F7-7A701EDD73CB}.Ad-Hoc|x86.Build.0 = Release|Any CPU
		{C5A54152-DCDF-4ED8-B9F7-7A701EDD73CB}.AppStore|Any CPU.ActiveCfg = Release|Any CPU
		{C5A54152-DCDF-4ED8-B9F7-7A701EDD73CB}.AppStore|Any CPU.Build.0 = Release|Any CPU
		{C5A54152-DCDF-4ED8-B9F7-7A701EDD73CB}.AppStore|ARM.ActiveCfg = Release|Any CPU
		{C5A54152-DCDF-4ED8-B9F7-7A701EDD73CB}.AppStore|ARM.Build.0 = Release|Any CPU
		{C5A54152-DCDF-4ED8-B9F7-7A701EDD73CB}.AppStore|iPhone.ActiveCfg = Release|Any CPU
		{C5A54152-DCDF-4ED8-B9F7-7A701EDD73CB}.AppStore|iPhone.Build.0 = Release|Any CPU
		{C5A54152-DCDF-4ED8-B9F7-7A701EDD73CB}.AppStore|iPhoneSimulator.ActiveCfg = Release|Any CPU
		{C5A54152-DCDF-4ED8-B9F7-7A701EDD73CB}.AppStore|iPhoneSimulator.Build.0 = Release|Any CPU
		{C5A54152-DCDF-4ED8-B9F7-7A701EDD73CB}.AppStore|Mixed Platforms.ActiveCfg = Release|Any CPU
		{C5A54152-DCDF-4ED8-B9F7-7A701EDD73CB}.AppStore|Mixed Platforms.Build.0 = Release|Any CPU
		{C5A54152-DCDF-4ED8-B9F7-7A701EDD73CB}.AppStore|x64.ActiveCfg = Release|Any CPU
		{C5A54152-DCDF-4ED8-B9F7-7A701EDD73CB}.AppStore|x64.Build.0 = Release|Any CPU
		{C5A54152-DCDF-4ED8-B9F7-7A701EDD73CB}.AppStore|x86.ActiveCfg = Release|Any CPU
		{C5A54152-DCDF-4ED8-B9F7-7A701EDD73CB}.AppStore|x86.Build.0 = Release|Any CPU
		{C5A54152-DCDF-4ED8-B9F7-7A701EDD73CB}.Debug|Any CPU.ActiveCfg = Debug|Any CPU
		{C5A54152-DCDF-4ED8-B9F7-7A701EDD73CB}.Debug|Any CPU.Build.0 = Debug|Any CPU
		{C5A54152-DCDF-4ED8-B9F7-7A701EDD73CB}.Debug|ARM.ActiveCfg = Debug|Any CPU
		{C5A54152-DCDF-4ED8-B9F7-7A701EDD73CB}.Debug|ARM.Build.0 = Debug|Any CPU
		{C5A54152-DCDF-4ED8-B9F7-7A701EDD73CB}.Debug|iPhone.ActiveCfg = Debug|Any CPU
		{C5A54152-DCDF-4ED8-B9F7-7A701EDD73CB}.Debug|iPhone.Build.0 = Debug|Any CPU
		{C5A54152-DCDF-4ED8-B9F7-7A701EDD73CB}.Debug|iPhoneSimulator.ActiveCfg = Debug|Any CPU
		{C5A54152-DCDF-4ED8-B9F7-7A701EDD73CB}.Debug|iPhoneSimulator.Build.0 = Debug|Any CPU
		{C5A54152-DCDF-4ED8-B9F7-7A701EDD73CB}.Debug|Mixed Platforms.ActiveCfg = Debug|Any CPU
		{C5A54152-DCDF-4ED8-B9F7-7A701EDD73CB}.Debug|Mixed Platforms.Build.0 = Debug|Any CPU
		{C5A54152-DCDF-4ED8-B9F7-7A701EDD73CB}.Debug|x64.ActiveCfg = Debug|Any CPU
		{C5A54152-DCDF-4ED8-B9F7-7A701EDD73CB}.Debug|x64.Build.0 = Debug|Any CPU
		{C5A54152-DCDF-4ED8-B9F7-7A701EDD73CB}.Debug|x86.ActiveCfg = Debug|Any CPU
		{C5A54152-DCDF-4ED8-B9F7-7A701EDD73CB}.Debug|x86.Build.0 = Debug|Any CPU
		{C5A54152-DCDF-4ED8-B9F7-7A701EDD73CB}.Release|Any CPU.ActiveCfg = Release|Any CPU
		{C5A54152-DCDF-4ED8-B9F7-7A701EDD73CB}.Release|Any CPU.Build.0 = Release|Any CPU
		{C5A54152-DCDF-4ED8-B9F7-7A701EDD73CB}.Release|ARM.ActiveCfg = Release|Any CPU
		{C5A54152-DCDF-4ED8-B9F7-7A701EDD73CB}.Release|ARM.Build.0 = Release|Any CPU
		{C5A54152-DCDF-4ED8-B9F7-7A701EDD73CB}.Release|iPhone.ActiveCfg = Release|Any CPU
		{C5A54152-DCDF-4ED8-B9F7-7A701EDD73CB}.Release|iPhone.Build.0 = Release|Any CPU
		{C5A54152-DCDF-4ED8-B9F7-7A701EDD73CB}.Release|iPhoneSimulator.ActiveCfg = Release|Any CPU
		{C5A54152-DCDF-4ED8-B9F7-7A701EDD73CB}.Release|iPhoneSimulator.Build.0 = Release|Any CPU
		{C5A54152-DCDF-4ED8-B9F7-7A701EDD73CB}.Release|Mixed Platforms.ActiveCfg = Release|Any CPU
		{C5A54152-DCDF-4ED8-B9F7-7A701EDD73CB}.Release|Mixed Platforms.Build.0 = Release|Any CPU
		{C5A54152-DCDF-4ED8-B9F7-7A701EDD73CB}.Release|x64.ActiveCfg = Release|Any CPU
		{C5A54152-DCDF-4ED8-B9F7-7A701EDD73CB}.Release|x64.Build.0 = Release|Any CPU
		{C5A54152-DCDF-4ED8-B9F7-7A701EDD73CB}.Release|x86.ActiveCfg = Release|Any CPU
		{C5A54152-DCDF-4ED8-B9F7-7A701EDD73CB}.Release|x86.Build.0 = Release|Any CPU
		{79968FF8-9E85-42D1-9917-73B52F022969}.Ad-Hoc|Any CPU.ActiveCfg = Release|Any CPU
		{79968FF8-9E85-42D1-9917-73B52F022969}.Ad-Hoc|Any CPU.Build.0 = Release|Any CPU
		{79968FF8-9E85-42D1-9917-73B52F022969}.Ad-Hoc|ARM.ActiveCfg = Release|Any CPU
		{79968FF8-9E85-42D1-9917-73B52F022969}.Ad-Hoc|ARM.Build.0 = Release|Any CPU
		{79968FF8-9E85-42D1-9917-73B52F022969}.Ad-Hoc|iPhone.ActiveCfg = Release|Any CPU
		{79968FF8-9E85-42D1-9917-73B52F022969}.Ad-Hoc|iPhone.Build.0 = Release|Any CPU
		{79968FF8-9E85-42D1-9917-73B52F022969}.Ad-Hoc|iPhoneSimulator.ActiveCfg = Release|Any CPU
		{79968FF8-9E85-42D1-9917-73B52F022969}.Ad-Hoc|iPhoneSimulator.Build.0 = Release|Any CPU
		{79968FF8-9E85-42D1-9917-73B52F022969}.Ad-Hoc|Mixed Platforms.ActiveCfg = Release|Any CPU
		{79968FF8-9E85-42D1-9917-73B52F022969}.Ad-Hoc|Mixed Platforms.Build.0 = Release|Any CPU
		{79968FF8-9E85-42D1-9917-73B52F022969}.Ad-Hoc|x64.ActiveCfg = Release|Any CPU
		{79968FF8-9E85-42D1-9917-73B52F022969}.Ad-Hoc|x64.Build.0 = Release|Any CPU
		{79968FF8-9E85-42D1-9917-73B52F022969}.Ad-Hoc|x86.ActiveCfg = Release|Any CPU
		{79968FF8-9E85-42D1-9917-73B52F022969}.Ad-Hoc|x86.Build.0 = Release|Any CPU
		{79968FF8-9E85-42D1-9917-73B52F022969}.AppStore|Any CPU.ActiveCfg = Release|Any CPU
		{79968FF8-9E85-42D1-9917-73B52F022969}.AppStore|Any CPU.Build.0 = Release|Any CPU
		{79968FF8-9E85-42D1-9917-73B52F022969}.AppStore|ARM.ActiveCfg = Release|Any CPU
		{79968FF8-9E85-42D1-9917-73B52F022969}.AppStore|ARM.Build.0 = Release|Any CPU
		{79968FF8-9E85-42D1-9917-73B52F022969}.AppStore|iPhone.ActiveCfg = Release|Any CPU
		{79968FF8-9E85-42D1-9917-73B52F022969}.AppStore|iPhone.Build.0 = Release|Any CPU
		{79968FF8-9E85-42D1-9917-73B52F022969}.AppStore|iPhoneSimulator.ActiveCfg = Release|Any CPU
		{79968FF8-9E85-42D1-9917-73B52F022969}.AppStore|iPhoneSimulator.Build.0 = Release|Any CPU
		{79968FF8-9E85-42D1-9917-73B52F022969}.AppStore|Mixed Platforms.ActiveCfg = Release|Any CPU
		{79968FF8-9E85-42D1-9917-73B52F022969}.AppStore|Mixed Platforms.Build.0 = Release|Any CPU
		{79968FF8-9E85-42D1-9917-73B52F022969}.AppStore|x64.ActiveCfg = Release|Any CPU
		{79968FF8-9E85-42D1-9917-73B52F022969}.AppStore|x64.Build.0 = Release|Any CPU
		{79968FF8-9E85-42D1-9917-73B52F022969}.AppStore|x86.ActiveCfg = Release|Any CPU
		{79968FF8-9E85-42D1-9917-73B52F022969}.AppStore|x86.Build.0 = Release|Any CPU
		{79968FF8-9E85-42D1-9917-73B52F022969}.Debug|Any CPU.ActiveCfg = Debug|Any CPU
		{79968FF8-9E85-42D1-9917-73B52F022969}.Debug|Any CPU.Build.0 = Debug|Any CPU
		{79968FF8-9E85-42D1-9917-73B52F022969}.Debug|ARM.ActiveCfg = Debug|Any CPU
		{79968FF8-9E85-42D1-9917-73B52F022969}.Debug|ARM.Build.0 = Debug|Any CPU
		{79968FF8-9E85-42D1-9917-73B52F022969}.Debug|iPhone.ActiveCfg = Debug|Any CPU
		{79968FF8-9E85-42D1-9917-73B52F022969}.Debug|iPhone.Build.0 = Debug|Any CPU
		{79968FF8-9E85-42D1-9917-73B52F022969}.Debug|iPhoneSimulator.ActiveCfg = Debug|Any CPU
		{79968FF8-9E85-42D1-9917-73B52F022969}.Debug|iPhoneSimulator.Build.0 = Debug|Any CPU
		{79968FF8-9E85-42D1-9917-73B52F022969}.Debug|Mixed Platforms.ActiveCfg = Debug|Any CPU
		{79968FF8-9E85-42D1-9917-73B52F022969}.Debug|Mixed Platforms.Build.0 = Debug|Any CPU
		{79968FF8-9E85-42D1-9917-73B52F022969}.Debug|x64.ActiveCfg = Debug|Any CPU
		{79968FF8-9E85-42D1-9917-73B52F022969}.Debug|x64.Build.0 = Debug|Any CPU
		{79968FF8-9E85-42D1-9917-73B52F022969}.Debug|x86.ActiveCfg = Debug|Any CPU
		{79968FF8-9E85-42D1-9917-73B52F022969}.Debug|x86.Build.0 = Debug|Any CPU
		{79968FF8-9E85-42D1-9917-73B52F022969}.Release|Any CPU.ActiveCfg = Release|Any CPU
		{79968FF8-9E85-42D1-9917-73B52F022969}.Release|Any CPU.Build.0 = Release|Any CPU
		{79968FF8-9E85-42D1-9917-73B52F022969}.Release|ARM.ActiveCfg = Release|Any CPU
		{79968FF8-9E85-42D1-9917-73B52F022969}.Release|ARM.Build.0 = Release|Any CPU
		{79968FF8-9E85-42D1-9917-73B52F022969}.Release|iPhone.ActiveCfg = Release|Any CPU
		{79968FF8-9E85-42D1-9917-73B52F022969}.Release|iPhone.Build.0 = Release|Any CPU
		{79968FF8-9E85-42D1-9917-73B52F022969}.Release|iPhoneSimulator.ActiveCfg = Release|Any CPU
		{79968FF8-9E85-42D1-9917-73B52F022969}.Release|iPhoneSimulator.Build.0 = Release|Any CPU
		{79968FF8-9E85-42D1-9917-73B52F022969}.Release|Mixed Platforms.ActiveCfg = Release|Any CPU
		{79968FF8-9E85-42D1-9917-73B52F022969}.Release|Mixed Platforms.Build.0 = Release|Any CPU
		{79968FF8-9E85-42D1-9917-73B52F022969}.Release|x64.ActiveCfg = Release|Any CPU
		{79968FF8-9E85-42D1-9917-73B52F022969}.Release|x64.Build.0 = Release|Any CPU
		{79968FF8-9E85-42D1-9917-73B52F022969}.Release|x86.ActiveCfg = Release|Any CPU
		{79968FF8-9E85-42D1-9917-73B52F022969}.Release|x86.Build.0 = Release|Any CPU
		{39EA0550-B11F-4ABC-B23A-61EB4136C775}.Ad-Hoc|Any CPU.ActiveCfg = Release|Any CPU
		{39EA0550-B11F-4ABC-B23A-61EB4136C775}.Ad-Hoc|Any CPU.Build.0 = Release|Any CPU
		{39EA0550-B11F-4ABC-B23A-61EB4136C775}.Ad-Hoc|ARM.ActiveCfg = Release|Any CPU
		{39EA0550-B11F-4ABC-B23A-61EB4136C775}.Ad-Hoc|ARM.Build.0 = Release|Any CPU
		{39EA0550-B11F-4ABC-B23A-61EB4136C775}.Ad-Hoc|iPhone.ActiveCfg = Release|Any CPU
		{39EA0550-B11F-4ABC-B23A-61EB4136C775}.Ad-Hoc|iPhone.Build.0 = Release|Any CPU
		{39EA0550-B11F-4ABC-B23A-61EB4136C775}.Ad-Hoc|iPhoneSimulator.ActiveCfg = Release|Any CPU
		{39EA0550-B11F-4ABC-B23A-61EB4136C775}.Ad-Hoc|iPhoneSimulator.Build.0 = Release|Any CPU
		{39EA0550-B11F-4ABC-B23A-61EB4136C775}.Ad-Hoc|Mixed Platforms.ActiveCfg = Release|Any CPU
		{39EA0550-B11F-4ABC-B23A-61EB4136C775}.Ad-Hoc|Mixed Platforms.Build.0 = Release|Any CPU
		{39EA0550-B11F-4ABC-B23A-61EB4136C775}.Ad-Hoc|x64.ActiveCfg = Release|Any CPU
		{39EA0550-B11F-4ABC-B23A-61EB4136C775}.Ad-Hoc|x64.Build.0 = Release|Any CPU
		{39EA0550-B11F-4ABC-B23A-61EB4136C775}.Ad-Hoc|x86.ActiveCfg = Release|Any CPU
		{39EA0550-B11F-4ABC-B23A-61EB4136C775}.Ad-Hoc|x86.Build.0 = Release|Any CPU
		{39EA0550-B11F-4ABC-B23A-61EB4136C775}.AppStore|Any CPU.ActiveCfg = Release|Any CPU
		{39EA0550-B11F-4ABC-B23A-61EB4136C775}.AppStore|Any CPU.Build.0 = Release|Any CPU
		{39EA0550-B11F-4ABC-B23A-61EB4136C775}.AppStore|ARM.ActiveCfg = Release|Any CPU
		{39EA0550-B11F-4ABC-B23A-61EB4136C775}.AppStore|ARM.Build.0 = Release|Any CPU
		{39EA0550-B11F-4ABC-B23A-61EB4136C775}.AppStore|iPhone.ActiveCfg = Release|Any CPU
		{39EA0550-B11F-4ABC-B23A-61EB4136C775}.AppStore|iPhone.Build.0 = Release|Any CPU
		{39EA0550-B11F-4ABC-B23A-61EB4136C775}.AppStore|iPhoneSimulator.ActiveCfg = Release|Any CPU
		{39EA0550-B11F-4ABC-B23A-61EB4136C775}.AppStore|iPhoneSimulator.Build.0 = Release|Any CPU
		{39EA0550-B11F-4ABC-B23A-61EB4136C775}.AppStore|Mixed Platforms.ActiveCfg = Release|Any CPU
		{39EA0550-B11F-4ABC-B23A-61EB4136C775}.AppStore|Mixed Platforms.Build.0 = Release|Any CPU
		{39EA0550-B11F-4ABC-B23A-61EB4136C775}.AppStore|x64.ActiveCfg = Release|Any CPU
		{39EA0550-B11F-4ABC-B23A-61EB4136C775}.AppStore|x64.Build.0 = Release|Any CPU
		{39EA0550-B11F-4ABC-B23A-61EB4136C775}.AppStore|x86.ActiveCfg = Release|Any CPU
		{39EA0550-B11F-4ABC-B23A-61EB4136C775}.AppStore|x86.Build.0 = Release|Any CPU
		{39EA0550-B11F-4ABC-B23A-61EB4136C775}.Debug|Any CPU.ActiveCfg = Debug|Any CPU
		{39EA0550-B11F-4ABC-B23A-61EB4136C775}.Debug|Any CPU.Build.0 = Debug|Any CPU
		{39EA0550-B11F-4ABC-B23A-61EB4136C775}.Debug|ARM.ActiveCfg = Debug|Any CPU
		{39EA0550-B11F-4ABC-B23A-61EB4136C775}.Debug|ARM.Build.0 = Debug|Any CPU
		{39EA0550-B11F-4ABC-B23A-61EB4136C775}.Debug|iPhone.ActiveCfg = Debug|Any CPU
		{39EA0550-B11F-4ABC-B23A-61EB4136C775}.Debug|iPhone.Build.0 = Debug|Any CPU
		{39EA0550-B11F-4ABC-B23A-61EB4136C775}.Debug|iPhoneSimulator.ActiveCfg = Debug|Any CPU
		{39EA0550-B11F-4ABC-B23A-61EB4136C775}.Debug|iPhoneSimulator.Build.0 = Debug|Any CPU
		{39EA0550-B11F-4ABC-B23A-61EB4136C775}.Debug|Mixed Platforms.ActiveCfg = Debug|Any CPU
		{39EA0550-B11F-4ABC-B23A-61EB4136C775}.Debug|Mixed Platforms.Build.0 = Debug|Any CPU
		{39EA0550-B11F-4ABC-B23A-61EB4136C775}.Debug|x64.ActiveCfg = Debug|Any CPU
		{39EA0550-B11F-4ABC-B23A-61EB4136C775}.Debug|x64.Build.0 = Debug|Any CPU
		{39EA0550-B11F-4ABC-B23A-61EB4136C775}.Debug|x86.ActiveCfg = Debug|Any CPU
		{39EA0550-B11F-4ABC-B23A-61EB4136C775}.Debug|x86.Build.0 = Debug|Any CPU
		{39EA0550-B11F-4ABC-B23A-61EB4136C775}.Release|Any CPU.ActiveCfg = Release|Any CPU
		{39EA0550-B11F-4ABC-B23A-61EB4136C775}.Release|Any CPU.Build.0 = Release|Any CPU
		{39EA0550-B11F-4ABC-B23A-61EB4136C775}.Release|ARM.ActiveCfg = Release|Any CPU
		{39EA0550-B11F-4ABC-B23A-61EB4136C775}.Release|ARM.Build.0 = Release|Any CPU
		{39EA0550-B11F-4ABC-B23A-61EB4136C775}.Release|iPhone.ActiveCfg = Release|Any CPU
		{39EA0550-B11F-4ABC-B23A-61EB4136C775}.Release|iPhone.Build.0 = Release|Any CPU
		{39EA0550-B11F-4ABC-B23A-61EB4136C775}.Release|iPhoneSimulator.ActiveCfg = Release|Any CPU
		{39EA0550-B11F-4ABC-B23A-61EB4136C775}.Release|iPhoneSimulator.Build.0 = Release|Any CPU
		{39EA0550-B11F-4ABC-B23A-61EB4136C775}.Release|Mixed Platforms.ActiveCfg = Release|Any CPU
		{39EA0550-B11F-4ABC-B23A-61EB4136C775}.Release|Mixed Platforms.Build.0 = Release|Any CPU
		{39EA0550-B11F-4ABC-B23A-61EB4136C775}.Release|x64.ActiveCfg = Release|Any CPU
		{39EA0550-B11F-4ABC-B23A-61EB4136C775}.Release|x64.Build.0 = Release|Any CPU
		{39EA0550-B11F-4ABC-B23A-61EB4136C775}.Release|x86.ActiveCfg = Release|Any CPU
		{39EA0550-B11F-4ABC-B23A-61EB4136C775}.Release|x86.Build.0 = Release|Any CPU
		{43A5D241-4140-41A9-9E4B-713E5467A9F9}.Ad-Hoc|Any CPU.ActiveCfg = Debug|iPhoneSimulator
		{43A5D241-4140-41A9-9E4B-713E5467A9F9}.Ad-Hoc|Any CPU.Build.0 = Debug|iPhoneSimulator
		{43A5D241-4140-41A9-9E4B-713E5467A9F9}.Ad-Hoc|ARM.ActiveCfg = Debug|iPhoneSimulator
		{43A5D241-4140-41A9-9E4B-713E5467A9F9}.Ad-Hoc|ARM.Build.0 = Debug|iPhoneSimulator
		{43A5D241-4140-41A9-9E4B-713E5467A9F9}.Ad-Hoc|iPhone.ActiveCfg = Ad-Hoc|iPhone
		{43A5D241-4140-41A9-9E4B-713E5467A9F9}.Ad-Hoc|iPhone.Build.0 = Ad-Hoc|iPhone
		{43A5D241-4140-41A9-9E4B-713E5467A9F9}.Ad-Hoc|iPhoneSimulator.ActiveCfg = Debug|iPhoneSimulator
		{43A5D241-4140-41A9-9E4B-713E5467A9F9}.Ad-Hoc|iPhoneSimulator.Build.0 = Debug|iPhoneSimulator
		{43A5D241-4140-41A9-9E4B-713E5467A9F9}.Ad-Hoc|Mixed Platforms.ActiveCfg = Debug|iPhoneSimulator
		{43A5D241-4140-41A9-9E4B-713E5467A9F9}.Ad-Hoc|Mixed Platforms.Build.0 = Debug|iPhoneSimulator
		{43A5D241-4140-41A9-9E4B-713E5467A9F9}.Ad-Hoc|x64.ActiveCfg = Debug|iPhoneSimulator
		{43A5D241-4140-41A9-9E4B-713E5467A9F9}.Ad-Hoc|x64.Build.0 = Debug|iPhoneSimulator
		{43A5D241-4140-41A9-9E4B-713E5467A9F9}.Ad-Hoc|x86.ActiveCfg = Debug|iPhoneSimulator
		{43A5D241-4140-41A9-9E4B-713E5467A9F9}.Ad-Hoc|x86.Build.0 = Debug|iPhoneSimulator
		{43A5D241-4140-41A9-9E4B-713E5467A9F9}.AppStore|Any CPU.ActiveCfg = Debug|iPhoneSimulator
		{43A5D241-4140-41A9-9E4B-713E5467A9F9}.AppStore|Any CPU.Build.0 = Debug|iPhoneSimulator
		{43A5D241-4140-41A9-9E4B-713E5467A9F9}.AppStore|ARM.ActiveCfg = Debug|iPhoneSimulator
		{43A5D241-4140-41A9-9E4B-713E5467A9F9}.AppStore|ARM.Build.0 = Debug|iPhoneSimulator
		{43A5D241-4140-41A9-9E4B-713E5467A9F9}.AppStore|iPhone.ActiveCfg = AppStore|iPhone
		{43A5D241-4140-41A9-9E4B-713E5467A9F9}.AppStore|iPhone.Build.0 = AppStore|iPhone
		{43A5D241-4140-41A9-9E4B-713E5467A9F9}.AppStore|iPhoneSimulator.ActiveCfg = Debug|iPhoneSimulator
		{43A5D241-4140-41A9-9E4B-713E5467A9F9}.AppStore|iPhoneSimulator.Build.0 = Debug|iPhoneSimulator
		{43A5D241-4140-41A9-9E4B-713E5467A9F9}.AppStore|Mixed Platforms.ActiveCfg = Debug|iPhoneSimulator
		{43A5D241-4140-41A9-9E4B-713E5467A9F9}.AppStore|Mixed Platforms.Build.0 = Debug|iPhoneSimulator
		{43A5D241-4140-41A9-9E4B-713E5467A9F9}.AppStore|x64.ActiveCfg = Debug|iPhoneSimulator
		{43A5D241-4140-41A9-9E4B-713E5467A9F9}.AppStore|x64.Build.0 = Debug|iPhoneSimulator
		{43A5D241-4140-41A9-9E4B-713E5467A9F9}.AppStore|x86.ActiveCfg = Debug|iPhoneSimulator
		{43A5D241-4140-41A9-9E4B-713E5467A9F9}.AppStore|x86.Build.0 = Debug|iPhoneSimulator
		{43A5D241-4140-41A9-9E4B-713E5467A9F9}.Debug|Any CPU.ActiveCfg = Debug|iPhoneSimulator
		{43A5D241-4140-41A9-9E4B-713E5467A9F9}.Debug|Any CPU.Build.0 = Debug|iPhoneSimulator
		{43A5D241-4140-41A9-9E4B-713E5467A9F9}.Debug|ARM.ActiveCfg = Debug|iPhoneSimulator
		{43A5D241-4140-41A9-9E4B-713E5467A9F9}.Debug|ARM.Build.0 = Debug|iPhoneSimulator
		{43A5D241-4140-41A9-9E4B-713E5467A9F9}.Debug|iPhone.ActiveCfg = Debug|iPhone
		{43A5D241-4140-41A9-9E4B-713E5467A9F9}.Debug|iPhone.Build.0 = Debug|iPhone
		{43A5D241-4140-41A9-9E4B-713E5467A9F9}.Debug|iPhoneSimulator.ActiveCfg = Debug|iPhoneSimulator
		{43A5D241-4140-41A9-9E4B-713E5467A9F9}.Debug|iPhoneSimulator.Build.0 = Debug|iPhoneSimulator
		{43A5D241-4140-41A9-9E4B-713E5467A9F9}.Debug|Mixed Platforms.ActiveCfg = Debug|iPhoneSimulator
		{43A5D241-4140-41A9-9E4B-713E5467A9F9}.Debug|Mixed Platforms.Build.0 = Debug|iPhoneSimulator
		{43A5D241-4140-41A9-9E4B-713E5467A9F9}.Debug|x64.ActiveCfg = Debug|iPhoneSimulator
		{43A5D241-4140-41A9-9E4B-713E5467A9F9}.Debug|x64.Build.0 = Debug|iPhoneSimulator
		{43A5D241-4140-41A9-9E4B-713E5467A9F9}.Debug|x86.ActiveCfg = Debug|iPhoneSimulator
		{43A5D241-4140-41A9-9E4B-713E5467A9F9}.Debug|x86.Build.0 = Debug|iPhoneSimulator
		{43A5D241-4140-41A9-9E4B-713E5467A9F9}.Release|Any CPU.ActiveCfg = Debug|iPhoneSimulator
		{43A5D241-4140-41A9-9E4B-713E5467A9F9}.Release|Any CPU.Build.0 = Debug|iPhoneSimulator
		{43A5D241-4140-41A9-9E4B-713E5467A9F9}.Release|ARM.ActiveCfg = Debug|iPhoneSimulator
		{43A5D241-4140-41A9-9E4B-713E5467A9F9}.Release|ARM.Build.0 = Debug|iPhoneSimulator
		{43A5D241-4140-41A9-9E4B-713E5467A9F9}.Release|iPhone.ActiveCfg = Release|iPhone
		{43A5D241-4140-41A9-9E4B-713E5467A9F9}.Release|iPhone.Build.0 = Release|iPhone
		{43A5D241-4140-41A9-9E4B-713E5467A9F9}.Release|iPhoneSimulator.ActiveCfg = Release|iPhoneSimulator
		{43A5D241-4140-41A9-9E4B-713E5467A9F9}.Release|iPhoneSimulator.Build.0 = Release|iPhoneSimulator
		{43A5D241-4140-41A9-9E4B-713E5467A9F9}.Release|Mixed Platforms.ActiveCfg = Debug|iPhoneSimulator
		{43A5D241-4140-41A9-9E4B-713E5467A9F9}.Release|Mixed Platforms.Build.0 = Debug|iPhoneSimulator
		{43A5D241-4140-41A9-9E4B-713E5467A9F9}.Release|x64.ActiveCfg = Debug|iPhoneSimulator
		{43A5D241-4140-41A9-9E4B-713E5467A9F9}.Release|x64.Build.0 = Debug|iPhoneSimulator
		{43A5D241-4140-41A9-9E4B-713E5467A9F9}.Release|x86.ActiveCfg = Debug|iPhoneSimulator
		{43A5D241-4140-41A9-9E4B-713E5467A9F9}.Release|x86.Build.0 = Debug|iPhoneSimulator
		{617C5658-90A2-4828-8609-F5959C66CF9C}.Ad-Hoc|Any CPU.ActiveCfg = Debug|Any CPU
		{617C5658-90A2-4828-8609-F5959C66CF9C}.Ad-Hoc|Any CPU.Build.0 = Debug|Any CPU
		{617C5658-90A2-4828-8609-F5959C66CF9C}.Ad-Hoc|ARM.ActiveCfg = Debug|Any CPU
		{617C5658-90A2-4828-8609-F5959C66CF9C}.Ad-Hoc|ARM.Build.0 = Debug|Any CPU
		{617C5658-90A2-4828-8609-F5959C66CF9C}.Ad-Hoc|iPhone.ActiveCfg = Release|Any CPU
		{617C5658-90A2-4828-8609-F5959C66CF9C}.Ad-Hoc|iPhone.Build.0 = Release|Any CPU
		{617C5658-90A2-4828-8609-F5959C66CF9C}.Ad-Hoc|iPhoneSimulator.ActiveCfg = Debug|Any CPU
		{617C5658-90A2-4828-8609-F5959C66CF9C}.Ad-Hoc|iPhoneSimulator.Build.0 = Debug|Any CPU
		{617C5658-90A2-4828-8609-F5959C66CF9C}.Ad-Hoc|Mixed Platforms.ActiveCfg = Debug|Any CPU
		{617C5658-90A2-4828-8609-F5959C66CF9C}.Ad-Hoc|Mixed Platforms.Build.0 = Debug|Any CPU
		{617C5658-90A2-4828-8609-F5959C66CF9C}.Ad-Hoc|x64.ActiveCfg = Debug|Any CPU
		{617C5658-90A2-4828-8609-F5959C66CF9C}.Ad-Hoc|x64.Build.0 = Debug|Any CPU
		{617C5658-90A2-4828-8609-F5959C66CF9C}.Ad-Hoc|x86.ActiveCfg = Debug|Any CPU
		{617C5658-90A2-4828-8609-F5959C66CF9C}.Ad-Hoc|x86.Build.0 = Debug|Any CPU
		{617C5658-90A2-4828-8609-F5959C66CF9C}.AppStore|Any CPU.ActiveCfg = Debug|Any CPU
		{617C5658-90A2-4828-8609-F5959C66CF9C}.AppStore|Any CPU.Build.0 = Debug|Any CPU
		{617C5658-90A2-4828-8609-F5959C66CF9C}.AppStore|ARM.ActiveCfg = Debug|Any CPU
		{617C5658-90A2-4828-8609-F5959C66CF9C}.AppStore|ARM.Build.0 = Debug|Any CPU
		{617C5658-90A2-4828-8609-F5959C66CF9C}.AppStore|iPhone.ActiveCfg = Release|Any CPU
		{617C5658-90A2-4828-8609-F5959C66CF9C}.AppStore|iPhone.Build.0 = Release|Any CPU
		{617C5658-90A2-4828-8609-F5959C66CF9C}.AppStore|iPhoneSimulator.ActiveCfg = Debug|Any CPU
		{617C5658-90A2-4828-8609-F5959C66CF9C}.AppStore|iPhoneSimulator.Build.0 = Debug|Any CPU
		{617C5658-90A2-4828-8609-F5959C66CF9C}.AppStore|Mixed Platforms.ActiveCfg = Debug|Any CPU
		{617C5658-90A2-4828-8609-F5959C66CF9C}.AppStore|Mixed Platforms.Build.0 = Debug|Any CPU
		{617C5658-90A2-4828-8609-F5959C66CF9C}.AppStore|x64.ActiveCfg = Debug|Any CPU
		{617C5658-90A2-4828-8609-F5959C66CF9C}.AppStore|x64.Build.0 = Debug|Any CPU
		{617C5658-90A2-4828-8609-F5959C66CF9C}.AppStore|x86.ActiveCfg = Debug|Any CPU
		{617C5658-90A2-4828-8609-F5959C66CF9C}.AppStore|x86.Build.0 = Debug|Any CPU
		{617C5658-90A2-4828-8609-F5959C66CF9C}.Debug|Any CPU.ActiveCfg = Debug|Any CPU
		{617C5658-90A2-4828-8609-F5959C66CF9C}.Debug|Any CPU.Build.0 = Debug|Any CPU
		{617C5658-90A2-4828-8609-F5959C66CF9C}.Debug|ARM.ActiveCfg = Debug|Any CPU
		{617C5658-90A2-4828-8609-F5959C66CF9C}.Debug|ARM.Build.0 = Debug|Any CPU
		{617C5658-90A2-4828-8609-F5959C66CF9C}.Debug|iPhone.ActiveCfg = Debug|Any CPU
		{617C5658-90A2-4828-8609-F5959C66CF9C}.Debug|iPhone.Build.0 = Debug|Any CPU
		{617C5658-90A2-4828-8609-F5959C66CF9C}.Debug|iPhoneSimulator.ActiveCfg = Debug|Any CPU
		{617C5658-90A2-4828-8609-F5959C66CF9C}.Debug|iPhoneSimulator.Build.0 = Debug|Any CPU
		{617C5658-90A2-4828-8609-F5959C66CF9C}.Debug|Mixed Platforms.ActiveCfg = Debug|Any CPU
		{617C5658-90A2-4828-8609-F5959C66CF9C}.Debug|Mixed Platforms.Build.0 = Debug|Any CPU
		{617C5658-90A2-4828-8609-F5959C66CF9C}.Debug|x64.ActiveCfg = Debug|Any CPU
		{617C5658-90A2-4828-8609-F5959C66CF9C}.Debug|x64.Build.0 = Debug|Any CPU
		{617C5658-90A2-4828-8609-F5959C66CF9C}.Debug|x86.ActiveCfg = Debug|Any CPU
		{617C5658-90A2-4828-8609-F5959C66CF9C}.Debug|x86.Build.0 = Debug|Any CPU
		{617C5658-90A2-4828-8609-F5959C66CF9C}.Release|Any CPU.ActiveCfg = Release|Any CPU
		{617C5658-90A2-4828-8609-F5959C66CF9C}.Release|Any CPU.Build.0 = Release|Any CPU
		{617C5658-90A2-4828-8609-F5959C66CF9C}.Release|ARM.ActiveCfg = Release|Any CPU
		{617C5658-90A2-4828-8609-F5959C66CF9C}.Release|ARM.Build.0 = Release|Any CPU
		{617C5658-90A2-4828-8609-F5959C66CF9C}.Release|iPhone.ActiveCfg = Release|Any CPU
		{617C5658-90A2-4828-8609-F5959C66CF9C}.Release|iPhone.Build.0 = Release|Any CPU
		{617C5658-90A2-4828-8609-F5959C66CF9C}.Release|iPhoneSimulator.ActiveCfg = Release|Any CPU
		{617C5658-90A2-4828-8609-F5959C66CF9C}.Release|iPhoneSimulator.Build.0 = Release|Any CPU
		{617C5658-90A2-4828-8609-F5959C66CF9C}.Release|Mixed Platforms.ActiveCfg = Release|Any CPU
		{617C5658-90A2-4828-8609-F5959C66CF9C}.Release|Mixed Platforms.Build.0 = Release|Any CPU
		{617C5658-90A2-4828-8609-F5959C66CF9C}.Release|x64.ActiveCfg = Release|Any CPU
		{617C5658-90A2-4828-8609-F5959C66CF9C}.Release|x64.Build.0 = Release|Any CPU
		{617C5658-90A2-4828-8609-F5959C66CF9C}.Release|x86.ActiveCfg = Release|Any CPU
		{617C5658-90A2-4828-8609-F5959C66CF9C}.Release|x86.Build.0 = Release|Any CPU
		{E89422A2-5A8D-479E-AD71-BCC4945CFE9A}.Ad-Hoc|Any CPU.ActiveCfg = Release|Any CPU
		{E89422A2-5A8D-479E-AD71-BCC4945CFE9A}.Ad-Hoc|Any CPU.Build.0 = Release|Any CPU
		{E89422A2-5A8D-479E-AD71-BCC4945CFE9A}.Ad-Hoc|Any CPU.Deploy.0 = Release|Any CPU
		{E89422A2-5A8D-479E-AD71-BCC4945CFE9A}.Ad-Hoc|ARM.ActiveCfg = Release|ARM
		{E89422A2-5A8D-479E-AD71-BCC4945CFE9A}.Ad-Hoc|ARM.Build.0 = Release|ARM
		{E89422A2-5A8D-479E-AD71-BCC4945CFE9A}.Ad-Hoc|ARM.Deploy.0 = Release|ARM
		{E89422A2-5A8D-479E-AD71-BCC4945CFE9A}.Ad-Hoc|iPhone.ActiveCfg = Release|Any CPU
		{E89422A2-5A8D-479E-AD71-BCC4945CFE9A}.Ad-Hoc|iPhone.Build.0 = Release|Any CPU
		{E89422A2-5A8D-479E-AD71-BCC4945CFE9A}.Ad-Hoc|iPhone.Deploy.0 = Release|Any CPU
		{E89422A2-5A8D-479E-AD71-BCC4945CFE9A}.Ad-Hoc|iPhoneSimulator.ActiveCfg = Release|Any CPU
		{E89422A2-5A8D-479E-AD71-BCC4945CFE9A}.Ad-Hoc|iPhoneSimulator.Build.0 = Release|Any CPU
		{E89422A2-5A8D-479E-AD71-BCC4945CFE9A}.Ad-Hoc|iPhoneSimulator.Deploy.0 = Release|Any CPU
		{E89422A2-5A8D-479E-AD71-BCC4945CFE9A}.Ad-Hoc|Mixed Platforms.ActiveCfg = Release|x86
		{E89422A2-5A8D-479E-AD71-BCC4945CFE9A}.Ad-Hoc|Mixed Platforms.Build.0 = Release|x86
		{E89422A2-5A8D-479E-AD71-BCC4945CFE9A}.Ad-Hoc|Mixed Platforms.Deploy.0 = Release|x86
		{E89422A2-5A8D-479E-AD71-BCC4945CFE9A}.Ad-Hoc|x64.ActiveCfg = Release|x64
		{E89422A2-5A8D-479E-AD71-BCC4945CFE9A}.Ad-Hoc|x64.Build.0 = Release|x64
		{E89422A2-5A8D-479E-AD71-BCC4945CFE9A}.Ad-Hoc|x64.Deploy.0 = Release|x64
		{E89422A2-5A8D-479E-AD71-BCC4945CFE9A}.Ad-Hoc|x86.ActiveCfg = Release|x86
		{E89422A2-5A8D-479E-AD71-BCC4945CFE9A}.Ad-Hoc|x86.Build.0 = Release|x86
		{E89422A2-5A8D-479E-AD71-BCC4945CFE9A}.Ad-Hoc|x86.Deploy.0 = Release|x86
		{E89422A2-5A8D-479E-AD71-BCC4945CFE9A}.AppStore|Any CPU.ActiveCfg = Release|Any CPU
		{E89422A2-5A8D-479E-AD71-BCC4945CFE9A}.AppStore|Any CPU.Build.0 = Release|Any CPU
		{E89422A2-5A8D-479E-AD71-BCC4945CFE9A}.AppStore|Any CPU.Deploy.0 = Release|Any CPU
		{E89422A2-5A8D-479E-AD71-BCC4945CFE9A}.AppStore|ARM.ActiveCfg = Release|ARM
		{E89422A2-5A8D-479E-AD71-BCC4945CFE9A}.AppStore|ARM.Build.0 = Release|ARM
		{E89422A2-5A8D-479E-AD71-BCC4945CFE9A}.AppStore|ARM.Deploy.0 = Release|ARM
		{E89422A2-5A8D-479E-AD71-BCC4945CFE9A}.AppStore|iPhone.ActiveCfg = Release|Any CPU
		{E89422A2-5A8D-479E-AD71-BCC4945CFE9A}.AppStore|iPhone.Build.0 = Release|Any CPU
		{E89422A2-5A8D-479E-AD71-BCC4945CFE9A}.AppStore|iPhone.Deploy.0 = Release|Any CPU
		{E89422A2-5A8D-479E-AD71-BCC4945CFE9A}.AppStore|iPhoneSimulator.ActiveCfg = Release|Any CPU
		{E89422A2-5A8D-479E-AD71-BCC4945CFE9A}.AppStore|iPhoneSimulator.Build.0 = Release|Any CPU
		{E89422A2-5A8D-479E-AD71-BCC4945CFE9A}.AppStore|iPhoneSimulator.Deploy.0 = Release|Any CPU
		{E89422A2-5A8D-479E-AD71-BCC4945CFE9A}.AppStore|Mixed Platforms.ActiveCfg = Release|x86
		{E89422A2-5A8D-479E-AD71-BCC4945CFE9A}.AppStore|Mixed Platforms.Build.0 = Release|x86
		{E89422A2-5A8D-479E-AD71-BCC4945CFE9A}.AppStore|Mixed Platforms.Deploy.0 = Release|x86
		{E89422A2-5A8D-479E-AD71-BCC4945CFE9A}.AppStore|x64.ActiveCfg = Release|x64
		{E89422A2-5A8D-479E-AD71-BCC4945CFE9A}.AppStore|x64.Build.0 = Release|x64
		{E89422A2-5A8D-479E-AD71-BCC4945CFE9A}.AppStore|x64.Deploy.0 = Release|x64
		{E89422A2-5A8D-479E-AD71-BCC4945CFE9A}.AppStore|x86.ActiveCfg = Release|x86
		{E89422A2-5A8D-479E-AD71-BCC4945CFE9A}.AppStore|x86.Build.0 = Release|x86
		{E89422A2-5A8D-479E-AD71-BCC4945CFE9A}.AppStore|x86.Deploy.0 = Release|x86
		{E89422A2-5A8D-479E-AD71-BCC4945CFE9A}.Debug|Any CPU.ActiveCfg = Debug|Any CPU
		{E89422A2-5A8D-479E-AD71-BCC4945CFE9A}.Debug|Any CPU.Build.0 = Debug|Any CPU
		{E89422A2-5A8D-479E-AD71-BCC4945CFE9A}.Debug|Any CPU.Deploy.0 = Debug|Any CPU
		{E89422A2-5A8D-479E-AD71-BCC4945CFE9A}.Debug|ARM.ActiveCfg = Debug|ARM
		{E89422A2-5A8D-479E-AD71-BCC4945CFE9A}.Debug|ARM.Build.0 = Debug|ARM
		{E89422A2-5A8D-479E-AD71-BCC4945CFE9A}.Debug|ARM.Deploy.0 = Debug|ARM
		{E89422A2-5A8D-479E-AD71-BCC4945CFE9A}.Debug|iPhone.ActiveCfg = Debug|Any CPU
		{E89422A2-5A8D-479E-AD71-BCC4945CFE9A}.Debug|iPhone.Build.0 = Debug|Any CPU
		{E89422A2-5A8D-479E-AD71-BCC4945CFE9A}.Debug|iPhone.Deploy.0 = Debug|Any CPU
		{E89422A2-5A8D-479E-AD71-BCC4945CFE9A}.Debug|iPhoneSimulator.ActiveCfg = Debug|Any CPU
		{E89422A2-5A8D-479E-AD71-BCC4945CFE9A}.Debug|iPhoneSimulator.Build.0 = Debug|Any CPU
		{E89422A2-5A8D-479E-AD71-BCC4945CFE9A}.Debug|iPhoneSimulator.Deploy.0 = Debug|Any CPU
		{E89422A2-5A8D-479E-AD71-BCC4945CFE9A}.Debug|Mixed Platforms.ActiveCfg = Debug|x86
		{E89422A2-5A8D-479E-AD71-BCC4945CFE9A}.Debug|Mixed Platforms.Build.0 = Debug|x86
		{E89422A2-5A8D-479E-AD71-BCC4945CFE9A}.Debug|Mixed Platforms.Deploy.0 = Debug|x86
		{E89422A2-5A8D-479E-AD71-BCC4945CFE9A}.Debug|x64.ActiveCfg = Debug|x64
		{E89422A2-5A8D-479E-AD71-BCC4945CFE9A}.Debug|x64.Build.0 = Debug|x64
		{E89422A2-5A8D-479E-AD71-BCC4945CFE9A}.Debug|x64.Deploy.0 = Debug|x64
		{E89422A2-5A8D-479E-AD71-BCC4945CFE9A}.Debug|x86.ActiveCfg = Debug|x86
		{E89422A2-5A8D-479E-AD71-BCC4945CFE9A}.Debug|x86.Build.0 = Debug|x86
		{E89422A2-5A8D-479E-AD71-BCC4945CFE9A}.Debug|x86.Deploy.0 = Debug|x86
		{E89422A2-5A8D-479E-AD71-BCC4945CFE9A}.Release|Any CPU.ActiveCfg = Release|x86
		{E89422A2-5A8D-479E-AD71-BCC4945CFE9A}.Release|Any CPU.Build.0 = Release|x86
		{E89422A2-5A8D-479E-AD71-BCC4945CFE9A}.Release|Any CPU.Deploy.0 = Release|x86
		{E89422A2-5A8D-479E-AD71-BCC4945CFE9A}.Release|ARM.ActiveCfg = Release|ARM
		{E89422A2-5A8D-479E-AD71-BCC4945CFE9A}.Release|ARM.Build.0 = Release|ARM
		{E89422A2-5A8D-479E-AD71-BCC4945CFE9A}.Release|ARM.Deploy.0 = Release|ARM
		{E89422A2-5A8D-479E-AD71-BCC4945CFE9A}.Release|iPhone.ActiveCfg = Release|Any CPU
		{E89422A2-5A8D-479E-AD71-BCC4945CFE9A}.Release|iPhone.Build.0 = Release|Any CPU
		{E89422A2-5A8D-479E-AD71-BCC4945CFE9A}.Release|iPhone.Deploy.0 = Release|Any CPU
		{E89422A2-5A8D-479E-AD71-BCC4945CFE9A}.Release|iPhoneSimulator.ActiveCfg = Release|Any CPU
		{E89422A2-5A8D-479E-AD71-BCC4945CFE9A}.Release|iPhoneSimulator.Build.0 = Release|Any CPU
		{E89422A2-5A8D-479E-AD71-BCC4945CFE9A}.Release|iPhoneSimulator.Deploy.0 = Release|Any CPU
		{E89422A2-5A8D-479E-AD71-BCC4945CFE9A}.Release|Mixed Platforms.ActiveCfg = Release|x86
		{E89422A2-5A8D-479E-AD71-BCC4945CFE9A}.Release|Mixed Platforms.Build.0 = Release|x86
		{E89422A2-5A8D-479E-AD71-BCC4945CFE9A}.Release|Mixed Platforms.Deploy.0 = Release|x86
		{E89422A2-5A8D-479E-AD71-BCC4945CFE9A}.Release|x64.ActiveCfg = Release|x64
		{E89422A2-5A8D-479E-AD71-BCC4945CFE9A}.Release|x64.Build.0 = Release|x64
		{E89422A2-5A8D-479E-AD71-BCC4945CFE9A}.Release|x64.Deploy.0 = Release|x64
		{E89422A2-5A8D-479E-AD71-BCC4945CFE9A}.Release|x86.ActiveCfg = Release|x86
		{E89422A2-5A8D-479E-AD71-BCC4945CFE9A}.Release|x86.Build.0 = Release|x86
		{E89422A2-5A8D-479E-AD71-BCC4945CFE9A}.Release|x86.Deploy.0 = Release|x86
		{D563351A-165C-4932-8A03-7E70E9E33D70}.Ad-Hoc|Any CPU.ActiveCfg = Release|Any CPU
		{D563351A-165C-4932-8A03-7E70E9E33D70}.Ad-Hoc|Any CPU.Build.0 = Release|Any CPU
		{D563351A-165C-4932-8A03-7E70E9E33D70}.Ad-Hoc|Any CPU.Deploy.0 = Release|Any CPU
		{D563351A-165C-4932-8A03-7E70E9E33D70}.Ad-Hoc|ARM.ActiveCfg = Release|ARM
		{D563351A-165C-4932-8A03-7E70E9E33D70}.Ad-Hoc|ARM.Build.0 = Release|ARM
		{D563351A-165C-4932-8A03-7E70E9E33D70}.Ad-Hoc|ARM.Deploy.0 = Release|ARM
		{D563351A-165C-4932-8A03-7E70E9E33D70}.Ad-Hoc|iPhone.ActiveCfg = Release|Any CPU
		{D563351A-165C-4932-8A03-7E70E9E33D70}.Ad-Hoc|iPhone.Build.0 = Release|Any CPU
		{D563351A-165C-4932-8A03-7E70E9E33D70}.Ad-Hoc|iPhone.Deploy.0 = Release|Any CPU
		{D563351A-165C-4932-8A03-7E70E9E33D70}.Ad-Hoc|iPhoneSimulator.ActiveCfg = Release|Any CPU
		{D563351A-165C-4932-8A03-7E70E9E33D70}.Ad-Hoc|iPhoneSimulator.Build.0 = Release|Any CPU
		{D563351A-165C-4932-8A03-7E70E9E33D70}.Ad-Hoc|iPhoneSimulator.Deploy.0 = Release|Any CPU
		{D563351A-165C-4932-8A03-7E70E9E33D70}.Ad-Hoc|Mixed Platforms.ActiveCfg = Release|x86
		{D563351A-165C-4932-8A03-7E70E9E33D70}.Ad-Hoc|Mixed Platforms.Build.0 = Release|x86
		{D563351A-165C-4932-8A03-7E70E9E33D70}.Ad-Hoc|Mixed Platforms.Deploy.0 = Release|x86
		{D563351A-165C-4932-8A03-7E70E9E33D70}.Ad-Hoc|x64.ActiveCfg = Release|Any CPU
		{D563351A-165C-4932-8A03-7E70E9E33D70}.Ad-Hoc|x64.Build.0 = Release|Any CPU
		{D563351A-165C-4932-8A03-7E70E9E33D70}.Ad-Hoc|x64.Deploy.0 = Release|Any CPU
		{D563351A-165C-4932-8A03-7E70E9E33D70}.Ad-Hoc|x86.ActiveCfg = Release|x86
		{D563351A-165C-4932-8A03-7E70E9E33D70}.Ad-Hoc|x86.Build.0 = Release|x86
		{D563351A-165C-4932-8A03-7E70E9E33D70}.Ad-Hoc|x86.Deploy.0 = Release|x86
		{D563351A-165C-4932-8A03-7E70E9E33D70}.AppStore|Any CPU.ActiveCfg = Release|Any CPU
		{D563351A-165C-4932-8A03-7E70E9E33D70}.AppStore|Any CPU.Build.0 = Release|Any CPU
		{D563351A-165C-4932-8A03-7E70E9E33D70}.AppStore|Any CPU.Deploy.0 = Release|Any CPU
		{D563351A-165C-4932-8A03-7E70E9E33D70}.AppStore|ARM.ActiveCfg = Release|ARM
		{D563351A-165C-4932-8A03-7E70E9E33D70}.AppStore|ARM.Build.0 = Release|ARM
		{D563351A-165C-4932-8A03-7E70E9E33D70}.AppStore|ARM.Deploy.0 = Release|ARM
		{D563351A-165C-4932-8A03-7E70E9E33D70}.AppStore|iPhone.ActiveCfg = Release|Any CPU
		{D563351A-165C-4932-8A03-7E70E9E33D70}.AppStore|iPhone.Build.0 = Release|Any CPU
		{D563351A-165C-4932-8A03-7E70E9E33D70}.AppStore|iPhone.Deploy.0 = Release|Any CPU
		{D563351A-165C-4932-8A03-7E70E9E33D70}.AppStore|iPhoneSimulator.ActiveCfg = Release|Any CPU
		{D563351A-165C-4932-8A03-7E70E9E33D70}.AppStore|iPhoneSimulator.Build.0 = Release|Any CPU
		{D563351A-165C-4932-8A03-7E70E9E33D70}.AppStore|iPhoneSimulator.Deploy.0 = Release|Any CPU
		{D563351A-165C-4932-8A03-7E70E9E33D70}.AppStore|Mixed Platforms.ActiveCfg = Release|x86
		{D563351A-165C-4932-8A03-7E70E9E33D70}.AppStore|Mixed Platforms.Build.0 = Release|x86
		{D563351A-165C-4932-8A03-7E70E9E33D70}.AppStore|Mixed Platforms.Deploy.0 = Release|x86
		{D563351A-165C-4932-8A03-7E70E9E33D70}.AppStore|x64.ActiveCfg = Release|Any CPU
		{D563351A-165C-4932-8A03-7E70E9E33D70}.AppStore|x64.Build.0 = Release|Any CPU
		{D563351A-165C-4932-8A03-7E70E9E33D70}.AppStore|x64.Deploy.0 = Release|Any CPU
		{D563351A-165C-4932-8A03-7E70E9E33D70}.AppStore|x86.ActiveCfg = Release|x86
		{D563351A-165C-4932-8A03-7E70E9E33D70}.AppStore|x86.Build.0 = Release|x86
		{D563351A-165C-4932-8A03-7E70E9E33D70}.AppStore|x86.Deploy.0 = Release|x86
		{D563351A-165C-4932-8A03-7E70E9E33D70}.Debug|Any CPU.ActiveCfg = Debug|Any CPU
		{D563351A-165C-4932-8A03-7E70E9E33D70}.Debug|Any CPU.Build.0 = Debug|Any CPU
		{D563351A-165C-4932-8A03-7E70E9E33D70}.Debug|Any CPU.Deploy.0 = Debug|Any CPU
		{D563351A-165C-4932-8A03-7E70E9E33D70}.Debug|ARM.ActiveCfg = Debug|ARM
		{D563351A-165C-4932-8A03-7E70E9E33D70}.Debug|ARM.Build.0 = Debug|ARM
		{D563351A-165C-4932-8A03-7E70E9E33D70}.Debug|ARM.Deploy.0 = Debug|ARM
		{D563351A-165C-4932-8A03-7E70E9E33D70}.Debug|iPhone.ActiveCfg = Debug|Any CPU
		{D563351A-165C-4932-8A03-7E70E9E33D70}.Debug|iPhone.Build.0 = Debug|Any CPU
		{D563351A-165C-4932-8A03-7E70E9E33D70}.Debug|iPhone.Deploy.0 = Debug|Any CPU
		{D563351A-165C-4932-8A03-7E70E9E33D70}.Debug|iPhoneSimulator.ActiveCfg = Debug|Any CPU
		{D563351A-165C-4932-8A03-7E70E9E33D70}.Debug|iPhoneSimulator.Build.0 = Debug|Any CPU
		{D563351A-165C-4932-8A03-7E70E9E33D70}.Debug|iPhoneSimulator.Deploy.0 = Debug|Any CPU
		{D563351A-165C-4932-8A03-7E70E9E33D70}.Debug|Mixed Platforms.ActiveCfg = Debug|x86
		{D563351A-165C-4932-8A03-7E70E9E33D70}.Debug|Mixed Platforms.Build.0 = Debug|x86
		{D563351A-165C-4932-8A03-7E70E9E33D70}.Debug|Mixed Platforms.Deploy.0 = Debug|x86
		{D563351A-165C-4932-8A03-7E70E9E33D70}.Debug|x64.ActiveCfg = Debug|Any CPU
		{D563351A-165C-4932-8A03-7E70E9E33D70}.Debug|x64.Build.0 = Debug|Any CPU
		{D563351A-165C-4932-8A03-7E70E9E33D70}.Debug|x64.Deploy.0 = Debug|Any CPU
		{D563351A-165C-4932-8A03-7E70E9E33D70}.Debug|x86.ActiveCfg = Debug|x86
		{D563351A-165C-4932-8A03-7E70E9E33D70}.Debug|x86.Build.0 = Debug|x86
		{D563351A-165C-4932-8A03-7E70E9E33D70}.Debug|x86.Deploy.0 = Debug|x86
		{D563351A-165C-4932-8A03-7E70E9E33D70}.Release|Any CPU.ActiveCfg = Release|Any CPU
		{D563351A-165C-4932-8A03-7E70E9E33D70}.Release|Any CPU.Build.0 = Release|Any CPU
		{D563351A-165C-4932-8A03-7E70E9E33D70}.Release|Any CPU.Deploy.0 = Release|Any CPU
		{D563351A-165C-4932-8A03-7E70E9E33D70}.Release|ARM.ActiveCfg = Release|ARM
		{D563351A-165C-4932-8A03-7E70E9E33D70}.Release|ARM.Build.0 = Release|ARM
		{D563351A-165C-4932-8A03-7E70E9E33D70}.Release|ARM.Deploy.0 = Release|ARM
		{D563351A-165C-4932-8A03-7E70E9E33D70}.Release|iPhone.ActiveCfg = Release|Any CPU
		{D563351A-165C-4932-8A03-7E70E9E33D70}.Release|iPhone.Build.0 = Release|Any CPU
		{D563351A-165C-4932-8A03-7E70E9E33D70}.Release|iPhone.Deploy.0 = Release|Any CPU
		{D563351A-165C-4932-8A03-7E70E9E33D70}.Release|iPhoneSimulator.ActiveCfg = Release|Any CPU
		{D563351A-165C-4932-8A03-7E70E9E33D70}.Release|iPhoneSimulator.Build.0 = Release|Any CPU
		{D563351A-165C-4932-8A03-7E70E9E33D70}.Release|iPhoneSimulator.Deploy.0 = Release|Any CPU
		{D563351A-165C-4932-8A03-7E70E9E33D70}.Release|Mixed Platforms.ActiveCfg = Release|x86
		{D563351A-165C-4932-8A03-7E70E9E33D70}.Release|Mixed Platforms.Build.0 = Release|x86
		{D563351A-165C-4932-8A03-7E70E9E33D70}.Release|Mixed Platforms.Deploy.0 = Release|x86
		{D563351A-165C-4932-8A03-7E70E9E33D70}.Release|x64.ActiveCfg = Release|Any CPU
		{D563351A-165C-4932-8A03-7E70E9E33D70}.Release|x64.Build.0 = Release|Any CPU
		{D563351A-165C-4932-8A03-7E70E9E33D70}.Release|x64.Deploy.0 = Release|Any CPU
		{D563351A-165C-4932-8A03-7E70E9E33D70}.Release|x86.ActiveCfg = Release|x86
		{D563351A-165C-4932-8A03-7E70E9E33D70}.Release|x86.Build.0 = Release|x86
		{D563351A-165C-4932-8A03-7E70E9E33D70}.Release|x86.Deploy.0 = Release|x86
		{28DF003B-40C3-4550-8000-103AD513BC6D}.Ad-Hoc|Any CPU.ActiveCfg = Release|Any CPU
		{28DF003B-40C3-4550-8000-103AD513BC6D}.Ad-Hoc|Any CPU.Build.0 = Release|Any CPU
		{28DF003B-40C3-4550-8000-103AD513BC6D}.Ad-Hoc|Any CPU.Deploy.0 = Release|Any CPU
		{28DF003B-40C3-4550-8000-103AD513BC6D}.Ad-Hoc|ARM.ActiveCfg = Release|ARM
		{28DF003B-40C3-4550-8000-103AD513BC6D}.Ad-Hoc|ARM.Build.0 = Release|ARM
		{28DF003B-40C3-4550-8000-103AD513BC6D}.Ad-Hoc|ARM.Deploy.0 = Release|ARM
		{28DF003B-40C3-4550-8000-103AD513BC6D}.Ad-Hoc|iPhone.ActiveCfg = Release|Any CPU
		{28DF003B-40C3-4550-8000-103AD513BC6D}.Ad-Hoc|iPhone.Build.0 = Release|Any CPU
		{28DF003B-40C3-4550-8000-103AD513BC6D}.Ad-Hoc|iPhone.Deploy.0 = Release|Any CPU
		{28DF003B-40C3-4550-8000-103AD513BC6D}.Ad-Hoc|iPhoneSimulator.ActiveCfg = Release|Any CPU
		{28DF003B-40C3-4550-8000-103AD513BC6D}.Ad-Hoc|iPhoneSimulator.Build.0 = Release|Any CPU
		{28DF003B-40C3-4550-8000-103AD513BC6D}.Ad-Hoc|iPhoneSimulator.Deploy.0 = Release|Any CPU
		{28DF003B-40C3-4550-8000-103AD513BC6D}.Ad-Hoc|Mixed Platforms.ActiveCfg = Release|x86
		{28DF003B-40C3-4550-8000-103AD513BC6D}.Ad-Hoc|Mixed Platforms.Build.0 = Release|x86
		{28DF003B-40C3-4550-8000-103AD513BC6D}.Ad-Hoc|Mixed Platforms.Deploy.0 = Release|x86
		{28DF003B-40C3-4550-8000-103AD513BC6D}.Ad-Hoc|x64.ActiveCfg = Release|Any CPU
		{28DF003B-40C3-4550-8000-103AD513BC6D}.Ad-Hoc|x64.Build.0 = Release|Any CPU
		{28DF003B-40C3-4550-8000-103AD513BC6D}.Ad-Hoc|x64.Deploy.0 = Release|Any CPU
		{28DF003B-40C3-4550-8000-103AD513BC6D}.Ad-Hoc|x86.ActiveCfg = Release|x86
		{28DF003B-40C3-4550-8000-103AD513BC6D}.Ad-Hoc|x86.Build.0 = Release|x86
		{28DF003B-40C3-4550-8000-103AD513BC6D}.Ad-Hoc|x86.Deploy.0 = Release|x86
		{28DF003B-40C3-4550-8000-103AD513BC6D}.AppStore|Any CPU.ActiveCfg = Release|Any CPU
		{28DF003B-40C3-4550-8000-103AD513BC6D}.AppStore|Any CPU.Build.0 = Release|Any CPU
		{28DF003B-40C3-4550-8000-103AD513BC6D}.AppStore|Any CPU.Deploy.0 = Release|Any CPU
		{28DF003B-40C3-4550-8000-103AD513BC6D}.AppStore|ARM.ActiveCfg = Release|ARM
		{28DF003B-40C3-4550-8000-103AD513BC6D}.AppStore|ARM.Build.0 = Release|ARM
		{28DF003B-40C3-4550-8000-103AD513BC6D}.AppStore|ARM.Deploy.0 = Release|ARM
		{28DF003B-40C3-4550-8000-103AD513BC6D}.AppStore|iPhone.ActiveCfg = Release|Any CPU
		{28DF003B-40C3-4550-8000-103AD513BC6D}.AppStore|iPhone.Build.0 = Release|Any CPU
		{28DF003B-40C3-4550-8000-103AD513BC6D}.AppStore|iPhone.Deploy.0 = Release|Any CPU
		{28DF003B-40C3-4550-8000-103AD513BC6D}.AppStore|iPhoneSimulator.ActiveCfg = Release|Any CPU
		{28DF003B-40C3-4550-8000-103AD513BC6D}.AppStore|iPhoneSimulator.Build.0 = Release|Any CPU
		{28DF003B-40C3-4550-8000-103AD513BC6D}.AppStore|iPhoneSimulator.Deploy.0 = Release|Any CPU
		{28DF003B-40C3-4550-8000-103AD513BC6D}.AppStore|Mixed Platforms.ActiveCfg = Release|x86
		{28DF003B-40C3-4550-8000-103AD513BC6D}.AppStore|Mixed Platforms.Build.0 = Release|x86
		{28DF003B-40C3-4550-8000-103AD513BC6D}.AppStore|Mixed Platforms.Deploy.0 = Release|x86
		{28DF003B-40C3-4550-8000-103AD513BC6D}.AppStore|x64.ActiveCfg = Release|Any CPU
		{28DF003B-40C3-4550-8000-103AD513BC6D}.AppStore|x64.Build.0 = Release|Any CPU
		{28DF003B-40C3-4550-8000-103AD513BC6D}.AppStore|x64.Deploy.0 = Release|Any CPU
		{28DF003B-40C3-4550-8000-103AD513BC6D}.AppStore|x86.ActiveCfg = Release|x86
		{28DF003B-40C3-4550-8000-103AD513BC6D}.AppStore|x86.Build.0 = Release|x86
		{28DF003B-40C3-4550-8000-103AD513BC6D}.AppStore|x86.Deploy.0 = Release|x86
		{28DF003B-40C3-4550-8000-103AD513BC6D}.Debug|Any CPU.ActiveCfg = Debug|Any CPU
		{28DF003B-40C3-4550-8000-103AD513BC6D}.Debug|Any CPU.Build.0 = Debug|Any CPU
		{28DF003B-40C3-4550-8000-103AD513BC6D}.Debug|Any CPU.Deploy.0 = Debug|Any CPU
		{28DF003B-40C3-4550-8000-103AD513BC6D}.Debug|ARM.ActiveCfg = Debug|ARM
		{28DF003B-40C3-4550-8000-103AD513BC6D}.Debug|ARM.Build.0 = Debug|ARM
		{28DF003B-40C3-4550-8000-103AD513BC6D}.Debug|ARM.Deploy.0 = Debug|ARM
		{28DF003B-40C3-4550-8000-103AD513BC6D}.Debug|iPhone.ActiveCfg = Debug|Any CPU
		{28DF003B-40C3-4550-8000-103AD513BC6D}.Debug|iPhone.Build.0 = Debug|Any CPU
		{28DF003B-40C3-4550-8000-103AD513BC6D}.Debug|iPhone.Deploy.0 = Debug|Any CPU
		{28DF003B-40C3-4550-8000-103AD513BC6D}.Debug|iPhoneSimulator.ActiveCfg = Debug|Any CPU
		{28DF003B-40C3-4550-8000-103AD513BC6D}.Debug|iPhoneSimulator.Build.0 = Debug|Any CPU
		{28DF003B-40C3-4550-8000-103AD513BC6D}.Debug|iPhoneSimulator.Deploy.0 = Debug|Any CPU
		{28DF003B-40C3-4550-8000-103AD513BC6D}.Debug|Mixed Platforms.ActiveCfg = Debug|x86
		{28DF003B-40C3-4550-8000-103AD513BC6D}.Debug|Mixed Platforms.Build.0 = Debug|x86
		{28DF003B-40C3-4550-8000-103AD513BC6D}.Debug|Mixed Platforms.Deploy.0 = Debug|x86
		{28DF003B-40C3-4550-8000-103AD513BC6D}.Debug|x64.ActiveCfg = Debug|Any CPU
		{28DF003B-40C3-4550-8000-103AD513BC6D}.Debug|x64.Build.0 = Debug|Any CPU
		{28DF003B-40C3-4550-8000-103AD513BC6D}.Debug|x64.Deploy.0 = Debug|Any CPU
		{28DF003B-40C3-4550-8000-103AD513BC6D}.Debug|x86.ActiveCfg = Debug|x86
		{28DF003B-40C3-4550-8000-103AD513BC6D}.Debug|x86.Build.0 = Debug|x86
		{28DF003B-40C3-4550-8000-103AD513BC6D}.Debug|x86.Deploy.0 = Debug|x86
		{28DF003B-40C3-4550-8000-103AD513BC6D}.Release|Any CPU.ActiveCfg = Release|Any CPU
		{28DF003B-40C3-4550-8000-103AD513BC6D}.Release|Any CPU.Build.0 = Release|Any CPU
		{28DF003B-40C3-4550-8000-103AD513BC6D}.Release|Any CPU.Deploy.0 = Release|Any CPU
		{28DF003B-40C3-4550-8000-103AD513BC6D}.Release|ARM.ActiveCfg = Release|ARM
		{28DF003B-40C3-4550-8000-103AD513BC6D}.Release|ARM.Build.0 = Release|ARM
		{28DF003B-40C3-4550-8000-103AD513BC6D}.Release|ARM.Deploy.0 = Release|ARM
		{28DF003B-40C3-4550-8000-103AD513BC6D}.Release|iPhone.ActiveCfg = Release|Any CPU
		{28DF003B-40C3-4550-8000-103AD513BC6D}.Release|iPhone.Build.0 = Release|Any CPU
		{28DF003B-40C3-4550-8000-103AD513BC6D}.Release|iPhone.Deploy.0 = Release|Any CPU
		{28DF003B-40C3-4550-8000-103AD513BC6D}.Release|iPhoneSimulator.ActiveCfg = Release|Any CPU
		{28DF003B-40C3-4550-8000-103AD513BC6D}.Release|iPhoneSimulator.Build.0 = Release|Any CPU
		{28DF003B-40C3-4550-8000-103AD513BC6D}.Release|iPhoneSimulator.Deploy.0 = Release|Any CPU
		{28DF003B-40C3-4550-8000-103AD513BC6D}.Release|Mixed Platforms.ActiveCfg = Release|x86
		{28DF003B-40C3-4550-8000-103AD513BC6D}.Release|Mixed Platforms.Build.0 = Release|x86
		{28DF003B-40C3-4550-8000-103AD513BC6D}.Release|Mixed Platforms.Deploy.0 = Release|x86
		{28DF003B-40C3-4550-8000-103AD513BC6D}.Release|x64.ActiveCfg = Release|Any CPU
		{28DF003B-40C3-4550-8000-103AD513BC6D}.Release|x64.Build.0 = Release|Any CPU
		{28DF003B-40C3-4550-8000-103AD513BC6D}.Release|x64.Deploy.0 = Release|Any CPU
		{28DF003B-40C3-4550-8000-103AD513BC6D}.Release|x86.ActiveCfg = Release|x86
		{28DF003B-40C3-4550-8000-103AD513BC6D}.Release|x86.Build.0 = Release|x86
		{28DF003B-40C3-4550-8000-103AD513BC6D}.Release|x86.Deploy.0 = Release|x86
	EndGlobalSection
	GlobalSection(SolutionProperties) = preSolution
		HideSolutionNode = FALSE
	EndGlobalSection
	GlobalSection(NestedProjects) = preSolution
		{E0951DAE-4B6E-421D-AA30-5BD2203D5DEC} = {915A7419-1DC8-43AE-962D-2F1046F01070}
		{75DFD328-A91C-4056-B50B-1EFDC595C6A0} = {915A7419-1DC8-43AE-962D-2F1046F01070}
		{C1497752-06AF-4FDB-886E-8DD57F5CB5A0} = {915A7419-1DC8-43AE-962D-2F1046F01070}
		{9E684606-7520-4C66-A530-F65AAA129B8F} = {915A7419-1DC8-43AE-962D-2F1046F01070}
		{7417DF41-1260-4F98-8AF5-23B9C6048AAB} = {915A7419-1DC8-43AE-962D-2F1046F01070}
		{51B9D799-0F0B-44F9-9CBE-5AEFF7A23C1E} = {915A7419-1DC8-43AE-962D-2F1046F01070}
		{1B491EE5-956C-45F5-98B6-B20A30F28875} = {915A7419-1DC8-43AE-962D-2F1046F01070}
		{036F649F-2348-41CE-85E1-3DF2B0331270} = {915A7419-1DC8-43AE-962D-2F1046F01070}
		{025D3BE6-8C87-4C5C-A2B9-1551FA8A3172} = {915A7419-1DC8-43AE-962D-2F1046F01070}
		{C5A54152-DCDF-4ED8-B9F7-7A701EDD73CB} = {A3E9ECE5-1DF0-4C35-BC22-19B72E356937}
		{79968FF8-9E85-42D1-9917-73B52F022969} = {A3E9ECE5-1DF0-4C35-BC22-19B72E356937}
		{39EA0550-B11F-4ABC-B23A-61EB4136C775} = {A3E9ECE5-1DF0-4C35-BC22-19B72E356937}
		{43A5D241-4140-41A9-9E4B-713E5467A9F9} = {A3E9ECE5-1DF0-4C35-BC22-19B72E356937}
		{617C5658-90A2-4828-8609-F5959C66CF9C} = {A3E9ECE5-1DF0-4C35-BC22-19B72E356937}
		{E89422A2-5A8D-479E-AD71-BCC4945CFE9A} = {A3E9ECE5-1DF0-4C35-BC22-19B72E356937}
		{D563351A-165C-4932-8A03-7E70E9E33D70} = {A3E9ECE5-1DF0-4C35-BC22-19B72E356937}
		{28DF003B-40C3-4550-8000-103AD513BC6D} = {A3E9ECE5-1DF0-4C35-BC22-19B72E356937}
		{28EBD08D-5763-4027-9525-0F18B28D5F7B} = {915A7419-1DC8-43AE-962D-2F1046F01070}
	EndGlobalSection
	GlobalSection(MonoDevelopProperties) = preSolution
		Policies = $0
		$0.TextStylePolicy = $1
		$1.inheritsSet = VisualStudio
		$1.inheritsScope = text/plain
		$1.scope = text/plain
		$0.CSharpFormattingPolicy = $2
		$2.IndentSwitchBody = True
		$2.IndentBlocksInsideExpressions = True
		$2.AnonymousMethodBraceStyle = NextLine
		$2.PropertyBraceStyle = NextLine
		$2.PropertyGetBraceStyle = NextLine
		$2.PropertySetBraceStyle = NextLine
		$2.EventBraceStyle = NextLine
		$2.EventAddBraceStyle = NextLine
		$2.EventRemoveBraceStyle = NextLine
		$2.StatementBraceStyle = NextLine
		$2.ElseNewLinePlacement = NewLine
		$2.CatchNewLinePlacement = NewLine
		$2.FinallyNewLinePlacement = NewLine
		$2.WhileNewLinePlacement = DoNotCare
		$2.ArrayInitializerWrapping = DoNotChange
		$2.ArrayInitializerBraceStyle = NextLine
		$2.BeforeMethodDeclarationParentheses = False
		$2.BeforeMethodCallParentheses = False
		$2.BeforeConstructorDeclarationParentheses = False
		$2.NewLineBeforeConstructorInitializerColon = NewLine
		$2.NewLineAfterConstructorInitializerColon = SameLine
		$2.BeforeDelegateDeclarationParentheses = False
		$2.NewParentheses = False
		$2.SpacesBeforeBrackets = False
		$2.inheritsSet = Mono
		$2.inheritsScope = text/x-csharp
		$2.scope = text/x-csharp
		$0.DotNetNamingPolicy = $3
		$3.DirectoryNamespaceAssociation = PrefixedHierarchical
		$3.ResourceNamePolicy = FileFormatDefault
	EndGlobalSection
EndGlobal
