
Microsoft Visual Studio Solution File, Format Version 12.00
# Visual Studio 2012
Project("{FAE04EC0-301F-11D3-BF4B-00C04F79EFBC}") = "NControlDemo.FormsApp", "NControlDemo\NControlDemo.Forms.Xamarin.Plugins.FormsApp\NControlDemo.FormsApp.csproj", "{39EA0550-B11F-4ABC-B23A-61EB4136C775}"
EndProject
Project("{FAE04EC0-301F-11D3-BF4B-00C04F79EFBC}") = "NControlDemo.iOS", "NControlDemo\iOS\NControlDemo.iOS.csproj", "{43A5D241-4140-41A9-9E4B-713E5467A9F9}"
EndProject
Project("{FAE04EC0-301F-11D3-BF4B-00C04F79EFBC}") = "NControlDemo.Droid", "NControlDemo\Droid\NControlDemo.Droid.csproj", "{617C5658-90A2-4828-8609-F5959C66CF9C}"
EndProject
Project("{FAE04EC0-301F-11D3-BF4B-00C04F79EFBC}") = "NControlDemo.Localization", "NControlDemo\NControlDemo.Forms.Xamarin.Plugins.Localization\NControlDemo.Localization.csproj", "{79968FF8-9E85-42D1-9917-73B52F022969}"
EndProject
Project("{FAE04EC0-301F-11D3-BF4B-00C04F79EFBC}") = "NControlDemo.Utils", "NControlDemo\NControlDemo.Forms.Xamarin.Plugins.Utils\NControlDemo.Utils.csproj", "{C5A54152-DCDF-4ED8-B9F7-7A701EDD73CB}"
EndProject
Project("{2150E333-8FDC-42A3-9474-1A3956D46DE8}") = "Libraries", "Libraries", "{915A7419-1DC8-43AE-962D-2F1046F01070}"
	ProjectSection(SolutionItems) = preProject
		NControl\NControl.Forms.Plugin.nuspec = NControl\NControl.Forms.Plugin.nuspec
	EndProjectSection
EndProject
Project("{FAE04EC0-301F-11D3-BF4B-00C04F79EFBC}") = "NControl.Forms.Xamarin.Plugins.Abstractions", "NControl\NControl.Forms.Xamarin.Plugins.Abstractions\NControl.Forms.Xamarin.Plugins.Abstractions.csproj", "{E0951DAE-4B6E-421D-AA30-5BD2203D5DEC}"
EndProject
Project("{FAE04EC0-301F-11D3-BF4B-00C04F79EFBC}") = "NControl.Forms.Xamarin.Plugins.Droid", "NControl\NControl.Forms.Xamarin.Plugins.Droid\NControl.Forms.Xamarin.Plugins.Droid.csproj", "{75DFD328-A91C-4056-B50B-1EFDC595C6A0}"
EndProject
Project("{FAE04EC0-301F-11D3-BF4B-00C04F79EFBC}") = "NControl.Forms.Xamarin.Plugins.iOS", "NControl\NControl.Forms.Xamarin.Plugins.iOS\NControl.Forms.Xamarin.Plugins.iOS.csproj", "{C1497752-06AF-4FDB-886E-8DD57F5CB5A0}"
EndProject
Global
	GlobalSection(SolutionConfigurationPlatforms) = preSolution
		Debug|Any CPU = Debug|Any CPU
		Release|Any CPU = Release|Any CPU
		Debug|iPhoneSimulator = Debug|iPhoneSimulator
		Release|iPhoneSimulator = Release|iPhoneSimulator
		Debug|iPhone = Debug|iPhone
		Release|iPhone = Release|iPhone
		Ad-Hoc|iPhone = Ad-Hoc|iPhone
		AppStore|iPhone = AppStore|iPhone
	EndGlobalSection
	GlobalSection(ProjectConfigurationPlatforms) = postSolution
		{39EA0550-B11F-4ABC-B23A-61EB4136C775}.Ad-Hoc|iPhone.ActiveCfg = Debug|Any CPU
		{39EA0550-B11F-4ABC-B23A-61EB4136C775}.Ad-Hoc|iPhone.Build.0 = Debug|Any CPU
		{39EA0550-B11F-4ABC-B23A-61EB4136C775}.AppStore|iPhone.ActiveCfg = Debug|Any CPU
		{39EA0550-B11F-4ABC-B23A-61EB4136C775}.AppStore|iPhone.Build.0 = Debug|Any CPU
		{39EA0550-B11F-4ABC-B23A-61EB4136C775}.Debug|Any CPU.ActiveCfg = Debug|Any CPU
		{39EA0550-B11F-4ABC-B23A-61EB4136C775}.Debug|Any CPU.Build.0 = Debug|Any CPU
		{39EA0550-B11F-4ABC-B23A-61EB4136C775}.Debug|iPhone.ActiveCfg = Debug|Any CPU
		{39EA0550-B11F-4ABC-B23A-61EB4136C775}.Debug|iPhone.Build.0 = Debug|Any CPU
		{39EA0550-B11F-4ABC-B23A-61EB4136C775}.Debug|iPhoneSimulator.ActiveCfg = Debug|Any CPU
		{39EA0550-B11F-4ABC-B23A-61EB4136C775}.Debug|iPhoneSimulator.Build.0 = Debug|Any CPU
		{39EA0550-B11F-4ABC-B23A-61EB4136C775}.Release|Any CPU.ActiveCfg = Release|Any CPU
		{39EA0550-B11F-4ABC-B23A-61EB4136C775}.Release|Any CPU.Build.0 = Release|Any CPU
		{39EA0550-B11F-4ABC-B23A-61EB4136C775}.Release|iPhone.ActiveCfg = Release|Any CPU
		{39EA0550-B11F-4ABC-B23A-61EB4136C775}.Release|iPhone.Build.0 = Release|Any CPU
		{39EA0550-B11F-4ABC-B23A-61EB4136C775}.Release|iPhoneSimulator.ActiveCfg = Release|Any CPU
		{39EA0550-B11F-4ABC-B23A-61EB4136C775}.Release|iPhoneSimulator.Build.0 = Release|Any CPU
		{43A5D241-4140-41A9-9E4B-713E5467A9F9}.Ad-Hoc|iPhone.ActiveCfg = Ad-Hoc|iPhone
		{43A5D241-4140-41A9-9E4B-713E5467A9F9}.Ad-Hoc|iPhone.Build.0 = Ad-Hoc|iPhone
		{43A5D241-4140-41A9-9E4B-713E5467A9F9}.AppStore|iPhone.ActiveCfg = AppStore|iPhone
		{43A5D241-4140-41A9-9E4B-713E5467A9F9}.AppStore|iPhone.Build.0 = AppStore|iPhone
		{43A5D241-4140-41A9-9E4B-713E5467A9F9}.Debug|Any CPU.ActiveCfg = Debug|iPhoneSimulator
		{43A5D241-4140-41A9-9E4B-713E5467A9F9}.Debug|Any CPU.Build.0 = Debug|iPhoneSimulator
		{43A5D241-4140-41A9-9E4B-713E5467A9F9}.Debug|iPhone.ActiveCfg = Debug|iPhone
		{43A5D241-4140-41A9-9E4B-713E5467A9F9}.Debug|iPhone.Build.0 = Debug|iPhone
		{43A5D241-4140-41A9-9E4B-713E5467A9F9}.Debug|iPhoneSimulator.ActiveCfg = Debug|iPhoneSimulator
		{43A5D241-4140-41A9-9E4B-713E5467A9F9}.Debug|iPhoneSimulator.Build.0 = Debug|iPhoneSimulator
		{43A5D241-4140-41A9-9E4B-713E5467A9F9}.Release|Any CPU.ActiveCfg = Release|iPhoneSimulator
		{43A5D241-4140-41A9-9E4B-713E5467A9F9}.Release|Any CPU.Build.0 = Release|iPhoneSimulator
		{43A5D241-4140-41A9-9E4B-713E5467A9F9}.Release|iPhone.ActiveCfg = Release|iPhone
		{43A5D241-4140-41A9-9E4B-713E5467A9F9}.Release|iPhone.Build.0 = Release|iPhone
		{43A5D241-4140-41A9-9E4B-713E5467A9F9}.Release|iPhoneSimulator.ActiveCfg = Release|iPhoneSimulator
		{43A5D241-4140-41A9-9E4B-713E5467A9F9}.Release|iPhoneSimulator.Build.0 = Release|iPhoneSimulator
		{617C5658-90A2-4828-8609-F5959C66CF9C}.Ad-Hoc|iPhone.ActiveCfg = Release|Any CPU
		{617C5658-90A2-4828-8609-F5959C66CF9C}.Ad-Hoc|iPhone.Build.0 = Release|Any CPU
		{617C5658-90A2-4828-8609-F5959C66CF9C}.AppStore|iPhone.ActiveCfg = Release|Any CPU
		{617C5658-90A2-4828-8609-F5959C66CF9C}.AppStore|iPhone.Build.0 = Release|Any CPU
		{617C5658-90A2-4828-8609-F5959C66CF9C}.Debug|Any CPU.ActiveCfg = Debug|Any CPU
		{617C5658-90A2-4828-8609-F5959C66CF9C}.Debug|Any CPU.Build.0 = Debug|Any CPU
		{617C5658-90A2-4828-8609-F5959C66CF9C}.Debug|iPhone.ActiveCfg = Debug|Any CPU
		{617C5658-90A2-4828-8609-F5959C66CF9C}.Debug|iPhone.Build.0 = Debug|Any CPU
		{617C5658-90A2-4828-8609-F5959C66CF9C}.Debug|iPhoneSimulator.ActiveCfg = Debug|Any CPU
		{617C5658-90A2-4828-8609-F5959C66CF9C}.Debug|iPhoneSimulator.Build.0 = Debug|Any CPU
		{617C5658-90A2-4828-8609-F5959C66CF9C}.Release|Any CPU.ActiveCfg = Release|Any CPU
		{617C5658-90A2-4828-8609-F5959C66CF9C}.Release|Any CPU.Build.0 = Release|Any CPU
		{617C5658-90A2-4828-8609-F5959C66CF9C}.Release|iPhone.ActiveCfg = Release|Any CPU
		{617C5658-90A2-4828-8609-F5959C66CF9C}.Release|iPhone.Build.0 = Release|Any CPU
		{617C5658-90A2-4828-8609-F5959C66CF9C}.Release|iPhoneSimulator.ActiveCfg = Release|Any CPU
		{617C5658-90A2-4828-8609-F5959C66CF9C}.Release|iPhoneSimulator.Build.0 = Release|Any CPU
		{75DFD328-A91C-4056-B50B-1EFDC595C6A0}.Ad-Hoc|iPhone.ActiveCfg = Debug|Any CPU
		{75DFD328-A91C-4056-B50B-1EFDC595C6A0}.Ad-Hoc|iPhone.Build.0 = Debug|Any CPU
		{75DFD328-A91C-4056-B50B-1EFDC595C6A0}.AppStore|iPhone.ActiveCfg = Debug|Any CPU
		{75DFD328-A91C-4056-B50B-1EFDC595C6A0}.AppStore|iPhone.Build.0 = Debug|Any CPU
		{75DFD328-A91C-4056-B50B-1EFDC595C6A0}.Debug|Any CPU.ActiveCfg = Debug|Any CPU
		{75DFD328-A91C-4056-B50B-1EFDC595C6A0}.Debug|Any CPU.Build.0 = Debug|Any CPU
		{75DFD328-A91C-4056-B50B-1EFDC595C6A0}.Debug|iPhone.ActiveCfg = Debug|Any CPU
		{75DFD328-A91C-4056-B50B-1EFDC595C6A0}.Debug|iPhone.Build.0 = Debug|Any CPU
		{75DFD328-A91C-4056-B50B-1EFDC595C6A0}.Debug|iPhoneSimulator.ActiveCfg = Debug|Any CPU
		{75DFD328-A91C-4056-B50B-1EFDC595C6A0}.Debug|iPhoneSimulator.Build.0 = Debug|Any CPU
		{75DFD328-A91C-4056-B50B-1EFDC595C6A0}.Release|Any CPU.ActiveCfg = Release|Any CPU
		{75DFD328-A91C-4056-B50B-1EFDC595C6A0}.Release|Any CPU.Build.0 = Release|Any CPU
		{75DFD328-A91C-4056-B50B-1EFDC595C6A0}.Release|iPhone.ActiveCfg = Release|Any CPU
		{75DFD328-A91C-4056-B50B-1EFDC595C6A0}.Release|iPhone.Build.0 = Release|Any CPU
		{75DFD328-A91C-4056-B50B-1EFDC595C6A0}.Release|iPhoneSimulator.ActiveCfg = Release|Any CPU
		{75DFD328-A91C-4056-B50B-1EFDC595C6A0}.Release|iPhoneSimulator.Build.0 = Release|Any CPU
		{79968FF8-9E85-42D1-9917-73B52F022969}.Ad-Hoc|iPhone.ActiveCfg = Release|Any CPU
		{79968FF8-9E85-42D1-9917-73B52F022969}.Ad-Hoc|iPhone.Build.0 = Release|Any CPU
		{79968FF8-9E85-42D1-9917-73B52F022969}.AppStore|iPhone.ActiveCfg = Release|Any CPU
		{79968FF8-9E85-42D1-9917-73B52F022969}.AppStore|iPhone.Build.0 = Release|Any CPU
		{79968FF8-9E85-42D1-9917-73B52F022969}.Debug|Any CPU.ActiveCfg = Debug|Any CPU
		{79968FF8-9E85-42D1-9917-73B52F022969}.Debug|Any CPU.Build.0 = Debug|Any CPU
		{79968FF8-9E85-42D1-9917-73B52F022969}.Debug|iPhone.ActiveCfg = Debug|Any CPU
		{79968FF8-9E85-42D1-9917-73B52F022969}.Debug|iPhone.Build.0 = Debug|Any CPU
		{79968FF8-9E85-42D1-9917-73B52F022969}.Debug|iPhoneSimulator.ActiveCfg = Debug|Any CPU
		{79968FF8-9E85-42D1-9917-73B52F022969}.Debug|iPhoneSimulator.Build.0 = Debug|Any CPU
		{79968FF8-9E85-42D1-9917-73B52F022969}.Release|Any CPU.ActiveCfg = Release|Any CPU
		{79968FF8-9E85-42D1-9917-73B52F022969}.Release|Any CPU.Build.0 = Release|Any CPU
		{79968FF8-9E85-42D1-9917-73B52F022969}.Release|iPhone.ActiveCfg = Release|Any CPU
		{79968FF8-9E85-42D1-9917-73B52F022969}.Release|iPhone.Build.0 = Release|Any CPU
		{79968FF8-9E85-42D1-9917-73B52F022969}.Release|iPhoneSimulator.ActiveCfg = Release|Any CPU
		{79968FF8-9E85-42D1-9917-73B52F022969}.Release|iPhoneSimulator.Build.0 = Release|Any CPU
		{C1497752-06AF-4FDB-886E-8DD57F5CB5A0}.Ad-Hoc|iPhone.ActiveCfg = Debug|Any CPU
		{C1497752-06AF-4FDB-886E-8DD57F5CB5A0}.Ad-Hoc|iPhone.Build.0 = Debug|Any CPU
		{C1497752-06AF-4FDB-886E-8DD57F5CB5A0}.AppStore|iPhone.ActiveCfg = Debug|Any CPU
		{C1497752-06AF-4FDB-886E-8DD57F5CB5A0}.AppStore|iPhone.Build.0 = Debug|Any CPU
		{C1497752-06AF-4FDB-886E-8DD57F5CB5A0}.Debug|Any CPU.ActiveCfg = Debug|Any CPU
		{C1497752-06AF-4FDB-886E-8DD57F5CB5A0}.Debug|Any CPU.Build.0 = Debug|Any CPU
		{C1497752-06AF-4FDB-886E-8DD57F5CB5A0}.Debug|iPhone.ActiveCfg = Debug|Any CPU
		{C1497752-06AF-4FDB-886E-8DD57F5CB5A0}.Debug|iPhone.Build.0 = Debug|Any CPU
		{C1497752-06AF-4FDB-886E-8DD57F5CB5A0}.Debug|iPhoneSimulator.ActiveCfg = Debug|Any CPU
		{C1497752-06AF-4FDB-886E-8DD57F5CB5A0}.Debug|iPhoneSimulator.Build.0 = Debug|Any CPU
		{C1497752-06AF-4FDB-886E-8DD57F5CB5A0}.Release|Any CPU.ActiveCfg = Release|Any CPU
		{C1497752-06AF-4FDB-886E-8DD57F5CB5A0}.Release|Any CPU.Build.0 = Release|Any CPU
		{C1497752-06AF-4FDB-886E-8DD57F5CB5A0}.Release|iPhone.ActiveCfg = Release|Any CPU
		{C1497752-06AF-4FDB-886E-8DD57F5CB5A0}.Release|iPhone.Build.0 = Release|Any CPU
		{C1497752-06AF-4FDB-886E-8DD57F5CB5A0}.Release|iPhoneSimulator.ActiveCfg = Release|Any CPU
		{C1497752-06AF-4FDB-886E-8DD57F5CB5A0}.Release|iPhoneSimulator.Build.0 = Release|Any CPU
		{C5A54152-DCDF-4ED8-B9F7-7A701EDD73CB}.Ad-Hoc|iPhone.ActiveCfg = Release|Any CPU
		{C5A54152-DCDF-4ED8-B9F7-7A701EDD73CB}.Ad-Hoc|iPhone.Build.0 = Release|Any CPU
		{C5A54152-DCDF-4ED8-B9F7-7A701EDD73CB}.AppStore|iPhone.ActiveCfg = Release|Any CPU
		{C5A54152-DCDF-4ED8-B9F7-7A701EDD73CB}.AppStore|iPhone.Build.0 = Release|Any CPU
		{C5A54152-DCDF-4ED8-B9F7-7A701EDD73CB}.Debug|Any CPU.ActiveCfg = Debug|Any CPU
		{C5A54152-DCDF-4ED8-B9F7-7A701EDD73CB}.Debug|Any CPU.Build.0 = Debug|Any CPU
		{C5A54152-DCDF-4ED8-B9F7-7A701EDD73CB}.Debug|iPhone.ActiveCfg = Debug|Any CPU
		{C5A54152-DCDF-4ED8-B9F7-7A701EDD73CB}.Debug|iPhone.Build.0 = Debug|Any CPU
		{C5A54152-DCDF-4ED8-B9F7-7A701EDD73CB}.Debug|iPhoneSimulator.ActiveCfg = Debug|Any CPU
		{C5A54152-DCDF-4ED8-B9F7-7A701EDD73CB}.Debug|iPhoneSimulator.Build.0 = Debug|Any CPU
		{C5A54152-DCDF-4ED8-B9F7-7A701EDD73CB}.Release|Any CPU.ActiveCfg = Release|Any CPU
		{C5A54152-DCDF-4ED8-B9F7-7A701EDD73CB}.Release|Any CPU.Build.0 = Release|Any CPU
		{C5A54152-DCDF-4ED8-B9F7-7A701EDD73CB}.Release|iPhone.ActiveCfg = Release|Any CPU
		{C5A54152-DCDF-4ED8-B9F7-7A701EDD73CB}.Release|iPhone.Build.0 = Release|Any CPU
		{C5A54152-DCDF-4ED8-B9F7-7A701EDD73CB}.Release|iPhoneSimulator.ActiveCfg = Release|Any CPU
		{C5A54152-DCDF-4ED8-B9F7-7A701EDD73CB}.Release|iPhoneSimulator.Build.0 = Release|Any CPU
		{E0951DAE-4B6E-421D-AA30-5BD2203D5DEC}.Ad-Hoc|iPhone.ActiveCfg = Debug|Any CPU
		{E0951DAE-4B6E-421D-AA30-5BD2203D5DEC}.Ad-Hoc|iPhone.Build.0 = Debug|Any CPU
		{E0951DAE-4B6E-421D-AA30-5BD2203D5DEC}.AppStore|iPhone.ActiveCfg = Debug|Any CPU
		{E0951DAE-4B6E-421D-AA30-5BD2203D5DEC}.AppStore|iPhone.Build.0 = Debug|Any CPU
		{E0951DAE-4B6E-421D-AA30-5BD2203D5DEC}.Debug|Any CPU.ActiveCfg = Debug|Any CPU
		{E0951DAE-4B6E-421D-AA30-5BD2203D5DEC}.Debug|Any CPU.Build.0 = Debug|Any CPU
		{E0951DAE-4B6E-421D-AA30-5BD2203D5DEC}.Debug|iPhone.ActiveCfg = Debug|Any CPU
		{E0951DAE-4B6E-421D-AA30-5BD2203D5DEC}.Debug|iPhone.Build.0 = Debug|Any CPU
		{E0951DAE-4B6E-421D-AA30-5BD2203D5DEC}.Debug|iPhoneSimulator.ActiveCfg = Debug|Any CPU
		{E0951DAE-4B6E-421D-AA30-5BD2203D5DEC}.Debug|iPhoneSimulator.Build.0 = Debug|Any CPU
		{E0951DAE-4B6E-421D-AA30-5BD2203D5DEC}.Release|Any CPU.ActiveCfg = Release|Any CPU
		{E0951DAE-4B6E-421D-AA30-5BD2203D5DEC}.Release|Any CPU.Build.0 = Release|Any CPU
		{E0951DAE-4B6E-421D-AA30-5BD2203D5DEC}.Release|iPhone.ActiveCfg = Release|Any CPU
		{E0951DAE-4B6E-421D-AA30-5BD2203D5DEC}.Release|iPhone.Build.0 = Release|Any CPU
		{E0951DAE-4B6E-421D-AA30-5BD2203D5DEC}.Release|iPhoneSimulator.ActiveCfg = Release|Any CPU
		{E0951DAE-4B6E-421D-AA30-5BD2203D5DEC}.Release|iPhoneSimulator.Build.0 = Release|Any CPU
	EndGlobalSection
	GlobalSection(NestedProjects) = preSolution
		{E0951DAE-4B6E-421D-AA30-5BD2203D5DEC} = {915A7419-1DC8-43AE-962D-2F1046F01070}
		{75DFD328-A91C-4056-B50B-1EFDC595C6A0} = {915A7419-1DC8-43AE-962D-2F1046F01070}
		{C1497752-06AF-4FDB-886E-8DD57F5CB5A0} = {915A7419-1DC8-43AE-962D-2F1046F01070}
	EndGlobalSection
	GlobalSection(MonoDevelopProperties) = preSolution
		Policies = $0
		$0.TextStylePolicy = $1
		$1.inheritsSet = VisualStudio
		$1.inheritsScope = text/plain
		$1.scope = text/plain
		$0.CSharpFormattingPolicy = $2
		$2.IndentSwitchBody = True
		$2.IndentBlocksInsideExpressions = True
		$2.AnonymousMethodBraceStyle = NextLine
		$2.PropertyBraceStyle = NextLine
		$2.PropertyGetBraceStyle = NextLine
		$2.PropertySetBraceStyle = NextLine
		$2.EventBraceStyle = NextLine
		$2.EventAddBraceStyle = NextLine
		$2.EventRemoveBraceStyle = NextLine
		$2.StatementBraceStyle = NextLine
		$2.ElseNewLinePlacement = NewLine
		$2.CatchNewLinePlacement = NewLine
		$2.FinallyNewLinePlacement = NewLine
		$2.WhileNewLinePlacement = DoNotCare
		$2.ArrayInitializerWrapping = DoNotChange
		$2.ArrayInitializerBraceStyle = NextLine
		$2.BeforeMethodDeclarationParentheses = False
		$2.BeforeMethodCallParentheses = False
		$2.BeforeConstructorDeclarationParentheses = False
		$2.NewLineBeforeConstructorInitializerColon = NewLine
		$2.NewLineAfterConstructorInitializerColon = SameLine
		$2.BeforeDelegateDeclarationParentheses = False
		$2.NewParentheses = False
		$2.SpacesBeforeBrackets = False
		$2.inheritsSet = Mono
		$2.inheritsScope = text/x-csharp
		$2.scope = text/x-csharp
		$0.DotNetNamingPolicy = $3
		$3.DirectoryNamespaceAssociation = PrefixedHierarchical
		$3.ResourceNamePolicy = FileFormatDefault
	EndGlobalSection
EndGlobal
