
Microsoft Visual Studio Solution File, Format Version 12.00
# Visual Studio 14
VisualStudioVersion = 14.0.25123.0
MinimumVisualStudioVersion = 10.0.40219.1
Project("{2150E333-8FDC-42A3-9474-1A3956D46DE8}") = "Libraries", "Libraries", "{915A7419-1DC8-43AE-962D-2F1046F01070}"
	ProjectSection(SolutionItems) = preProject
		NControl\NControl.nuspec = NControl\NControl.nuspec
	EndProjectSection
EndProject
Project("{FAE04EC0-301F-11D3-BF4B-00C04F79EFBC}") = "NControl", "NControl\NControl\NControl.csproj", "{E0951DAE-4B6E-421D-AA30-5BD2203D5DEC}"
EndProject
Project("{FAE04EC0-301F-11D3-BF4B-00C04F79EFBC}") = "NControl.Droid", "NControl\NControl.Droid\NControl.Droid.csproj", "{75DFD328-A91C-4056-B50B-1EFDC595C6A0}"
EndProject
Project("{FAE04EC0-301F-11D3-BF4B-00C04F79EFBC}") = "NControl.iOS", "NControl\NControl.iOS\NControl.iOS.csproj", "{C1497752-06AF-4FDB-886E-8DD57F5CB5A0}"
EndProject
Project("{FAE04EC0-301F-11D3-BF4B-00C04F79EFBC}") = "NControl.WP81", "NControl\NControl.WP81\NControl.WP81.csproj", "{9E684606-7520-4C66-A530-F65AAA129B8F}"
EndProject
Project("{FAE04EC0-301F-11D3-BF4B-00C04F79EFBC}") = "NControl.WP80", "NControl\NControl.WP80\NControl.WP80.csproj", "{7417DF41-1260-4F98-8AF5-23B9C6048AAB}"
EndProject
Project("{FAE04EC0-301F-11D3-BF4B-00C04F79EFBC}") = "NControl.WindowsStore", "NControl\NControl.WindowsStore\NControl.WindowsStore.csproj", "{51B9D799-0F0B-44F9-9CBE-5AEFF7A23C1E}"
EndProject
Project("{D954291E-2A0B-460D-934E-DC6B0785DB48}") = "NControl.Win", "NControl\NControl.Win\NControl.Win.shproj", "{1B491EE5-956C-45F5-98B6-B20A30F28875}"
EndProject
Project("{FAE04EC0-301F-11D3-BF4B-00C04F79EFBC}") = "NControl.WindowsPhone", "NControl\NControl.WindowsPhone\NControl.WindowsPhone.csproj", "{036F649F-2348-41CE-85E1-3DF2B0331270}"
EndProject
Project("{D954291E-2A0B-460D-934E-DC6B0785DB48}") = "NControl.WinRT", "NControl\NControl.WinRT\NControl.WinRT.shproj", "{025D3BE6-8C87-4C5C-A2B9-1551FA8A3172}"
EndProject
Global
	GlobalSection(SharedMSBuildProjectFiles) = preSolution
		NControl\NControl.WinRT\NControl.WinRT.projitems*{025d3be6-8c87-4c5c-a2b9-1551fa8a3172}*SharedItemsImports = 13
		NControl\NControl.WinRT\NControl.WinRT.projitems*{51b9d799-0f0b-44f9-9cbe-5aeff7a23c1e}*SharedItemsImports = 4
		NControl\NControl.WinRT\NControl.WinRT.projitems*{036f649f-2348-41ce-85e1-3df2b0331270}*SharedItemsImports = 4
		NControl\NControl.Win\NControl.Win.projitems*{9e684606-7520-4c66-a530-f65aaa129b8f}*SharedItemsImports = 4
		NControl\NControl.Win\NControl.Win.projitems*{1b491ee5-956c-45f5-98b6-b20a30f28875}*SharedItemsImports = 13
		NControl\NControl.Win\NControl.Win.projitems*{7417df41-1260-4f98-8af5-23b9c6048aab}*SharedItemsImports = 4
	EndGlobalSection
	GlobalSection(SolutionConfigurationPlatforms) = preSolution
		Ad-Hoc|Any CPU = Ad-Hoc|Any CPU
		Ad-Hoc|ARM = Ad-Hoc|ARM
		Ad-Hoc|iPhone = Ad-Hoc|iPhone
		Ad-Hoc|iPhoneSimulator = Ad-Hoc|iPhoneSimulator
		Ad-Hoc|Mixed Platforms = Ad-Hoc|Mixed Platforms
		Ad-Hoc|x64 = Ad-Hoc|x64
		Ad-Hoc|x86 = Ad-Hoc|x86
		AppStore|Any CPU = AppStore|Any CPU
		AppStore|ARM = AppStore|ARM
		AppStore|iPhone = AppStore|iPhone
		AppStore|iPhoneSimulator = AppStore|iPhoneSimulator
		AppStore|Mixed Platforms = AppStore|Mixed Platforms
		AppStore|x64 = AppStore|x64
		AppStore|x86 = AppStore|x86
		Debug|Any CPU = Debug|Any CPU
		Debug|ARM = Debug|ARM
		Debug|iPhone = Debug|iPhone
		Debug|iPhoneSimulator = Debug|iPhoneSimulator
		Debug|Mixed Platforms = Debug|Mixed Platforms
		Debug|x64 = Debug|x64
		Debug|x86 = Debug|x86
		Release|Any CPU = Release|Any CPU
		Release|ARM = Release|ARM
		Release|iPhone = Release|iPhone
		Release|iPhoneSimulator = Release|iPhoneSimulator
		Release|Mixed Platforms = Release|Mixed Platforms
		Release|x64 = Release|x64
		Release|x86 = Release|x86
	EndGlobalSection
	GlobalSection(ProjectConfigurationPlatforms) = postSolution
		{E0951DAE-4B6E-421D-AA30-5BD2203D5DEC}.Ad-Hoc|Any CPU.ActiveCfg = Release|Any CPU
		{E0951DAE-4B6E-421D-AA30-5BD2203D5DEC}.Ad-Hoc|ARM.ActiveCfg = Release|Any CPU
		{E0951DAE-4B6E-421D-AA30-5BD2203D5DEC}.Ad-Hoc|iPhone.ActiveCfg = Debug|Any CPU
		{E0951DAE-4B6E-421D-AA30-5BD2203D5DEC}.Ad-Hoc|iPhone.Build.0 = Debug|Any CPU
		{E0951DAE-4B6E-421D-AA30-5BD2203D5DEC}.Ad-Hoc|iPhoneSimulator.ActiveCfg = Release|Any CPU
		{E0951DAE-4B6E-421D-AA30-5BD2203D5DEC}.Ad-Hoc|Mixed Platforms.ActiveCfg = Debug|Any CPU
		{E0951DAE-4B6E-421D-AA30-5BD2203D5DEC}.Ad-Hoc|Mixed Platforms.Build.0 = Debug|Any CPU
		{E0951DAE-4B6E-421D-AA30-5BD2203D5DEC}.Ad-Hoc|x64.ActiveCfg = Debug|Any CPU
		{E0951DAE-4B6E-421D-AA30-5BD2203D5DEC}.Ad-Hoc|x86.ActiveCfg = Release|Any CPU
		{E0951DAE-4B6E-421D-AA30-5BD2203D5DEC}.AppStore|Any CPU.ActiveCfg = Release|Any CPU
		{E0951DAE-4B6E-421D-AA30-5BD2203D5DEC}.AppStore|ARM.ActiveCfg = Release|Any CPU
		{E0951DAE-4B6E-421D-AA30-5BD2203D5DEC}.AppStore|iPhone.ActiveCfg = Debug|Any CPU
		{E0951DAE-4B6E-421D-AA30-5BD2203D5DEC}.AppStore|iPhone.Build.0 = Debug|Any CPU
		{E0951DAE-4B6E-421D-AA30-5BD2203D5DEC}.AppStore|iPhoneSimulator.ActiveCfg = Release|Any CPU
		{E0951DAE-4B6E-421D-AA30-5BD2203D5DEC}.AppStore|Mixed Platforms.ActiveCfg = Debug|Any CPU
		{E0951DAE-4B6E-421D-AA30-5BD2203D5DEC}.AppStore|Mixed Platforms.Build.0 = Debug|Any CPU
		{E0951DAE-4B6E-421D-AA30-5BD2203D5DEC}.AppStore|x64.ActiveCfg = Debug|Any CPU
		{E0951DAE-4B6E-421D-AA30-5BD2203D5DEC}.AppStore|x86.ActiveCfg = Release|Any CPU
		{E0951DAE-4B6E-421D-AA30-5BD2203D5DEC}.Debug|Any CPU.ActiveCfg = Debug|Any CPU
		{E0951DAE-4B6E-421D-AA30-5BD2203D5DEC}.Debug|Any CPU.Build.0 = Debug|Any CPU
		{E0951DAE-4B6E-421D-AA30-5BD2203D5DEC}.Debug|ARM.ActiveCfg = Debug|Any CPU
		{E0951DAE-4B6E-421D-AA30-5BD2203D5DEC}.Debug|ARM.Build.0 = Debug|Any CPU
		{E0951DAE-4B6E-421D-AA30-5BD2203D5DEC}.Debug|iPhone.ActiveCfg = Debug|Any CPU
		{E0951DAE-4B6E-421D-AA30-5BD2203D5DEC}.Debug|iPhone.Build.0 = Debug|Any CPU
		{E0951DAE-4B6E-421D-AA30-5BD2203D5DEC}.Debug|iPhoneSimulator.ActiveCfg = Debug|Any CPU
		{E0951DAE-4B6E-421D-AA30-5BD2203D5DEC}.Debug|iPhoneSimulator.Build.0 = Debug|Any CPU
		{E0951DAE-4B6E-421D-AA30-5BD2203D5DEC}.Debug|Mixed Platforms.ActiveCfg = Debug|Any CPU
		{E0951DAE-4B6E-421D-AA30-5BD2203D5DEC}.Debug|Mixed Platforms.Build.0 = Debug|Any CPU
		{E0951DAE-4B6E-421D-AA30-5BD2203D5DEC}.Debug|x64.ActiveCfg = Debug|Any CPU
		{E0951DAE-4B6E-421D-AA30-5BD2203D5DEC}.Debug|x86.ActiveCfg = Debug|Any CPU
		{E0951DAE-4B6E-421D-AA30-5BD2203D5DEC}.Release|Any CPU.ActiveCfg = Release|Any CPU
		{E0951DAE-4B6E-421D-AA30-5BD2203D5DEC}.Release|Any CPU.Build.0 = Release|Any CPU
		{E0951DAE-4B6E-421D-AA30-5BD2203D5DEC}.Release|ARM.ActiveCfg = Release|Any CPU
		{E0951DAE-4B6E-421D-AA30-5BD2203D5DEC}.Release|ARM.Build.0 = Release|Any CPU
		{E0951DAE-4B6E-421D-AA30-5BD2203D5DEC}.Release|iPhone.ActiveCfg = Release|Any CPU
		{E0951DAE-4B6E-421D-AA30-5BD2203D5DEC}.Release|iPhone.Build.0 = Release|Any CPU
		{E0951DAE-4B6E-421D-AA30-5BD2203D5DEC}.Release|iPhoneSimulator.ActiveCfg = Release|Any CPU
		{E0951DAE-4B6E-421D-AA30-5BD2203D5DEC}.Release|iPhoneSimulator.Build.0 = Release|Any CPU
		{E0951DAE-4B6E-421D-AA30-5BD2203D5DEC}.Release|Mixed Platforms.ActiveCfg = Release|Any CPU
		{E0951DAE-4B6E-421D-AA30-5BD2203D5DEC}.Release|Mixed Platforms.Build.0 = Release|Any CPU
		{E0951DAE-4B6E-421D-AA30-5BD2203D5DEC}.Release|x64.ActiveCfg = Release|Any CPU
		{E0951DAE-4B6E-421D-AA30-5BD2203D5DEC}.Release|x86.ActiveCfg = Release|Any CPU
		{75DFD328-A91C-4056-B50B-1EFDC595C6A0}.Ad-Hoc|Any CPU.ActiveCfg = Release|Any CPU
		{75DFD328-A91C-4056-B50B-1EFDC595C6A0}.Ad-Hoc|ARM.ActiveCfg = Release|Any CPU
		{75DFD328-A91C-4056-B50B-1EFDC595C6A0}.Ad-Hoc|iPhone.ActiveCfg = Debug|Any CPU
		{75DFD328-A91C-4056-B50B-1EFDC595C6A0}.Ad-Hoc|iPhone.Build.0 = Debug|Any CPU
		{75DFD328-A91C-4056-B50B-1EFDC595C6A0}.Ad-Hoc|iPhoneSimulator.ActiveCfg = Release|Any CPU
		{75DFD328-A91C-4056-B50B-1EFDC595C6A0}.Ad-Hoc|Mixed Platforms.ActiveCfg = Debug|Any CPU
		{75DFD328-A91C-4056-B50B-1EFDC595C6A0}.Ad-Hoc|Mixed Platforms.Build.0 = Debug|Any CPU
		{75DFD328-A91C-4056-B50B-1EFDC595C6A0}.Ad-Hoc|x64.ActiveCfg = Debug|Any CPU
		{75DFD328-A91C-4056-B50B-1EFDC595C6A0}.Ad-Hoc|x86.ActiveCfg = Release|Any CPU
		{75DFD328-A91C-4056-B50B-1EFDC595C6A0}.AppStore|Any CPU.ActiveCfg = Release|Any CPU
		{75DFD328-A91C-4056-B50B-1EFDC595C6A0}.AppStore|ARM.ActiveCfg = Release|Any CPU
		{75DFD328-A91C-4056-B50B-1EFDC595C6A0}.AppStore|iPhone.ActiveCfg = Debug|Any CPU
		{75DFD328-A91C-4056-B50B-1EFDC595C6A0}.AppStore|iPhone.Build.0 = Debug|Any CPU
		{75DFD328-A91C-4056-B50B-1EFDC595C6A0}.AppStore|iPhoneSimulator.ActiveCfg = Release|Any CPU
		{75DFD328-A91C-4056-B50B-1EFDC595C6A0}.AppStore|Mixed Platforms.ActiveCfg = Debug|Any CPU
		{75DFD328-A91C-4056-B50B-1EFDC595C6A0}.AppStore|Mixed Platforms.Build.0 = Debug|Any CPU
		{75DFD328-A91C-4056-B50B-1EFDC595C6A0}.AppStore|x64.ActiveCfg = Debug|Any CPU
		{75DFD328-A91C-4056-B50B-1EFDC595C6A0}.AppStore|x86.ActiveCfg = Release|Any CPU
		{75DFD328-A91C-4056-B50B-1EFDC595C6A0}.Debug|Any CPU.ActiveCfg = Debug|Any CPU
		{75DFD328-A91C-4056-B50B-1EFDC595C6A0}.Debug|Any CPU.Build.0 = Debug|Any CPU
		{75DFD328-A91C-4056-B50B-1EFDC595C6A0}.Debug|ARM.ActiveCfg = Debug|Any CPU
		{75DFD328-A91C-4056-B50B-1EFDC595C6A0}.Debug|ARM.Build.0 = Debug|Any CPU
		{75DFD328-A91C-4056-B50B-1EFDC595C6A0}.Debug|iPhone.ActiveCfg = Debug|Any CPU
		{75DFD328-A91C-4056-B50B-1EFDC595C6A0}.Debug|iPhone.Build.0 = Debug|Any CPU
		{75DFD328-A91C-4056-B50B-1EFDC595C6A0}.Debug|iPhoneSimulator.ActiveCfg = Debug|Any CPU
		{75DFD328-A91C-4056-B50B-1EFDC595C6A0}.Debug|iPhoneSimulator.Build.0 = Debug|Any CPU
		{75DFD328-A91C-4056-B50B-1EFDC595C6A0}.Debug|Mixed Platforms.ActiveCfg = Debug|Any CPU
		{75DFD328-A91C-4056-B50B-1EFDC595C6A0}.Debug|Mixed Platforms.Build.0 = Debug|Any CPU
		{75DFD328-A91C-4056-B50B-1EFDC595C6A0}.Debug|x64.ActiveCfg = Debug|Any CPU
		{75DFD328-A91C-4056-B50B-1EFDC595C6A0}.Debug|x86.ActiveCfg = Debug|Any CPU
		{75DFD328-A91C-4056-B50B-1EFDC595C6A0}.Release|Any CPU.ActiveCfg = Release|Any CPU
		{75DFD328-A91C-4056-B50B-1EFDC595C6A0}.Release|Any CPU.Build.0 = Release|Any CPU
		{75DFD328-A91C-4056-B50B-1EFDC595C6A0}.Release|ARM.ActiveCfg = Release|Any CPU
		{75DFD328-A91C-4056-B50B-1EFDC595C6A0}.Release|ARM.Build.0 = Release|Any CPU
		{75DFD328-A91C-4056-B50B-1EFDC595C6A0}.Release|iPhone.ActiveCfg = Release|Any CPU
		{75DFD328-A91C-4056-B50B-1EFDC595C6A0}.Release|iPhone.Build.0 = Release|Any CPU
		{75DFD328-A91C-4056-B50B-1EFDC595C6A0}.Release|iPhoneSimulator.ActiveCfg = Release|Any CPU
		{75DFD328-A91C-4056-B50B-1EFDC595C6A0}.Release|iPhoneSimulator.Build.0 = Release|Any CPU
		{75DFD328-A91C-4056-B50B-1EFDC595C6A0}.Release|Mixed Platforms.ActiveCfg = Release|Any CPU
		{75DFD328-A91C-4056-B50B-1EFDC595C6A0}.Release|Mixed Platforms.Build.0 = Release|Any CPU
		{75DFD328-A91C-4056-B50B-1EFDC595C6A0}.Release|x64.ActiveCfg = Release|Any CPU
		{75DFD328-A91C-4056-B50B-1EFDC595C6A0}.Release|x86.ActiveCfg = Release|Any CPU
		{C1497752-06AF-4FDB-886E-8DD57F5CB5A0}.Ad-Hoc|Any CPU.ActiveCfg = Release|Any CPU
		{C1497752-06AF-4FDB-886E-8DD57F5CB5A0}.Ad-Hoc|ARM.ActiveCfg = Release|Any CPU
		{C1497752-06AF-4FDB-886E-8DD57F5CB5A0}.Ad-Hoc|iPhone.ActiveCfg = Debug|Any CPU
		{C1497752-06AF-4FDB-886E-8DD57F5CB5A0}.Ad-Hoc|iPhone.Build.0 = Debug|Any CPU
		{C1497752-06AF-4FDB-886E-8DD57F5CB5A0}.Ad-Hoc|iPhoneSimulator.ActiveCfg = Release|Any CPU
		{C1497752-06AF-4FDB-886E-8DD57F5CB5A0}.Ad-Hoc|Mixed Platforms.ActiveCfg = Debug|Any CPU
		{C1497752-06AF-4FDB-886E-8DD57F5CB5A0}.Ad-Hoc|Mixed Platforms.Build.0 = Debug|Any CPU
		{C1497752-06AF-4FDB-886E-8DD57F5CB5A0}.Ad-Hoc|x64.ActiveCfg = Debug|Any CPU
		{C1497752-06AF-4FDB-886E-8DD57F5CB5A0}.Ad-Hoc|x86.ActiveCfg = Release|Any CPU
		{C1497752-06AF-4FDB-886E-8DD57F5CB5A0}.AppStore|Any CPU.ActiveCfg = Release|Any CPU
		{C1497752-06AF-4FDB-886E-8DD57F5CB5A0}.AppStore|ARM.ActiveCfg = Release|Any CPU
		{C1497752-06AF-4FDB-886E-8DD57F5CB5A0}.AppStore|iPhone.ActiveCfg = Debug|Any CPU
		{C1497752-06AF-4FDB-886E-8DD57F5CB5A0}.AppStore|iPhone.Build.0 = Debug|Any CPU
		{C1497752-06AF-4FDB-886E-8DD57F5CB5A0}.AppStore|iPhoneSimulator.ActiveCfg = Release|Any CPU
		{C1497752-06AF-4FDB-886E-8DD57F5CB5A0}.AppStore|Mixed Platforms.ActiveCfg = Debug|Any CPU
		{C1497752-06AF-4FDB-886E-8DD57F5CB5A0}.AppStore|Mixed Platforms.Build.0 = Debug|Any CPU
		{C1497752-06AF-4FDB-886E-8DD57F5CB5A0}.AppStore|x64.ActiveCfg = Debug|Any CPU
		{C1497752-06AF-4FDB-886E-8DD57F5CB5A0}.AppStore|x86.ActiveCfg = Release|Any CPU
		{C1497752-06AF-4FDB-886E-8DD57F5CB5A0}.Debug|Any CPU.ActiveCfg = Debug|Any CPU
		{C1497752-06AF-4FDB-886E-8DD57F5CB5A0}.Debug|Any CPU.Build.0 = Debug|Any CPU
		{C1497752-06AF-4FDB-886E-8DD57F5CB5A0}.Debug|ARM.ActiveCfg = Debug|Any CPU
		{C1497752-06AF-4FDB-886E-8DD57F5CB5A0}.Debug|ARM.Build.0 = Debug|Any CPU
		{C1497752-06AF-4FDB-886E-8DD57F5CB5A0}.Debug|iPhone.ActiveCfg = Debug|Any CPU
		{C1497752-06AF-4FDB-886E-8DD57F5CB5A0}.Debug|iPhone.Build.0 = Debug|Any CPU
		{C1497752-06AF-4FDB-886E-8DD57F5CB5A0}.Debug|iPhoneSimulator.ActiveCfg = Debug|Any CPU
		{C1497752-06AF-4FDB-886E-8DD57F5CB5A0}.Debug|iPhoneSimulator.Build.0 = Debug|Any CPU
		{C1497752-06AF-4FDB-886E-8DD57F5CB5A0}.Debug|Mixed Platforms.ActiveCfg = Debug|Any CPU
		{C1497752-06AF-4FDB-886E-8DD57F5CB5A0}.Debug|Mixed Platforms.Build.0 = Debug|Any CPU
		{C1497752-06AF-4FDB-886E-8DD57F5CB5A0}.Debug|x64.ActiveCfg = Debug|Any CPU
		{C1497752-06AF-4FDB-886E-8DD57F5CB5A0}.Debug|x86.ActiveCfg = Debug|Any CPU
		{C1497752-06AF-4FDB-886E-8DD57F5CB5A0}.Release|Any CPU.ActiveCfg = Release|Any CPU
		{C1497752-06AF-4FDB-886E-8DD57F5CB5A0}.Release|Any CPU.Build.0 = Release|Any CPU
		{C1497752-06AF-4FDB-886E-8DD57F5CB5A0}.Release|ARM.ActiveCfg = Release|Any CPU
		{C1497752-06AF-4FDB-886E-8DD57F5CB5A0}.Release|ARM.Build.0 = Release|Any CPU
		{C1497752-06AF-4FDB-886E-8DD57F5CB5A0}.Release|iPhone.ActiveCfg = Release|Any CPU
		{C1497752-06AF-4FDB-886E-8DD57F5CB5A0}.Release|iPhone.Build.0 = Release|Any CPU
		{C1497752-06AF-4FDB-886E-8DD57F5CB5A0}.Release|iPhoneSimulator.ActiveCfg = Release|Any CPU
		{C1497752-06AF-4FDB-886E-8DD57F5CB5A0}.Release|iPhoneSimulator.Build.0 = Release|Any CPU
		{C1497752-06AF-4FDB-886E-8DD57F5CB5A0}.Release|Mixed Platforms.ActiveCfg = Release|Any CPU
		{C1497752-06AF-4FDB-886E-8DD57F5CB5A0}.Release|Mixed Platforms.Build.0 = Release|Any CPU
		{C1497752-06AF-4FDB-886E-8DD57F5CB5A0}.Release|x64.ActiveCfg = Release|Any CPU
		{C1497752-06AF-4FDB-886E-8DD57F5CB5A0}.Release|x86.ActiveCfg = Release|Any CPU
		{9E684606-7520-4C66-A530-F65AAA129B8F}.Ad-Hoc|Any CPU.ActiveCfg = Release|Any CPU
		{9E684606-7520-4C66-A530-F65AAA129B8F}.Ad-Hoc|Any CPU.Build.0 = Release|Any CPU
		{9E684606-7520-4C66-A530-F65AAA129B8F}.Ad-Hoc|ARM.ActiveCfg = Release|ARM
		{9E684606-7520-4C66-A530-F65AAA129B8F}.Ad-Hoc|ARM.Build.0 = Release|ARM
		{9E684606-7520-4C66-A530-F65AAA129B8F}.Ad-Hoc|iPhone.ActiveCfg = Release|Any CPU
		{9E684606-7520-4C66-A530-F65AAA129B8F}.Ad-Hoc|iPhoneSimulator.ActiveCfg = Release|Any CPU
		{9E684606-7520-4C66-A530-F65AAA129B8F}.Ad-Hoc|Mixed Platforms.ActiveCfg = Release|x86
		{9E684606-7520-4C66-A530-F65AAA129B8F}.Ad-Hoc|Mixed Platforms.Build.0 = Release|x86
		{9E684606-7520-4C66-A530-F65AAA129B8F}.Ad-Hoc|x64.ActiveCfg = Debug|Any CPU
		{9E684606-7520-4C66-A530-F65AAA129B8F}.Ad-Hoc|x86.ActiveCfg = Release|x86
		{9E684606-7520-4C66-A530-F65AAA129B8F}.Ad-Hoc|x86.Build.0 = Release|x86
		{9E684606-7520-4C66-A530-F65AAA129B8F}.AppStore|Any CPU.ActiveCfg = Release|Any CPU
		{9E684606-7520-4C66-A530-F65AAA129B8F}.AppStore|Any CPU.Build.0 = Release|Any CPU
		{9E684606-7520-4C66-A530-F65AAA129B8F}.AppStore|ARM.ActiveCfg = Release|ARM
		{9E684606-7520-4C66-A530-F65AAA129B8F}.AppStore|ARM.Build.0 = Release|ARM
		{9E684606-7520-4C66-A530-F65AAA129B8F}.AppStore|iPhone.ActiveCfg = Release|Any CPU
		{9E684606-7520-4C66-A530-F65AAA129B8F}.AppStore|iPhoneSimulator.ActiveCfg = Release|Any CPU
		{9E684606-7520-4C66-A530-F65AAA129B8F}.AppStore|Mixed Platforms.ActiveCfg = Release|x86
		{9E684606-7520-4C66-A530-F65AAA129B8F}.AppStore|Mixed Platforms.Build.0 = Release|x86
		{9E684606-7520-4C66-A530-F65AAA129B8F}.AppStore|x64.ActiveCfg = Debug|Any CPU
		{9E684606-7520-4C66-A530-F65AAA129B8F}.AppStore|x86.ActiveCfg = Release|x86
		{9E684606-7520-4C66-A530-F65AAA129B8F}.AppStore|x86.Build.0 = Release|x86
		{9E684606-7520-4C66-A530-F65AAA129B8F}.Debug|Any CPU.ActiveCfg = Debug|Any CPU
		{9E684606-7520-4C66-A530-F65AAA129B8F}.Debug|Any CPU.Build.0 = Debug|Any CPU
		{9E684606-7520-4C66-A530-F65AAA129B8F}.Debug|ARM.ActiveCfg = Debug|ARM
		{9E684606-7520-4C66-A530-F65AAA129B8F}.Debug|ARM.Build.0 = Debug|ARM
		{9E684606-7520-4C66-A530-F65AAA129B8F}.Debug|iPhone.ActiveCfg = Debug|Any CPU
		{9E684606-7520-4C66-A530-F65AAA129B8F}.Debug|iPhoneSimulator.ActiveCfg = Debug|Any CPU
		{9E684606-7520-4C66-A530-F65AAA129B8F}.Debug|Mixed Platforms.ActiveCfg = Debug|x86
		{9E684606-7520-4C66-A530-F65AAA129B8F}.Debug|Mixed Platforms.Build.0 = Debug|x86
		{9E684606-7520-4C66-A530-F65AAA129B8F}.Debug|x64.ActiveCfg = Debug|Any CPU
		{9E684606-7520-4C66-A530-F65AAA129B8F}.Debug|x86.ActiveCfg = Debug|x86
		{9E684606-7520-4C66-A530-F65AAA129B8F}.Debug|x86.Build.0 = Debug|x86
		{9E684606-7520-4C66-A530-F65AAA129B8F}.Release|Any CPU.ActiveCfg = Release|Any CPU
		{9E684606-7520-4C66-A530-F65AAA129B8F}.Release|Any CPU.Build.0 = Release|Any CPU
		{9E684606-7520-4C66-A530-F65AAA129B8F}.Release|ARM.ActiveCfg = Release|ARM
		{9E684606-7520-4C66-A530-F65AAA129B8F}.Release|ARM.Build.0 = Release|ARM
		{9E684606-7520-4C66-A530-F65AAA129B8F}.Release|iPhone.ActiveCfg = Release|Any CPU
		{9E684606-7520-4C66-A530-F65AAA129B8F}.Release|iPhoneSimulator.ActiveCfg = Release|Any CPU
		{9E684606-7520-4C66-A530-F65AAA129B8F}.Release|Mixed Platforms.ActiveCfg = Release|x86
		{9E684606-7520-4C66-A530-F65AAA129B8F}.Release|Mixed Platforms.Build.0 = Release|x86
		{9E684606-7520-4C66-A530-F65AAA129B8F}.Release|x64.ActiveCfg = Release|Any CPU
		{9E684606-7520-4C66-A530-F65AAA129B8F}.Release|x86.ActiveCfg = Release|x86
		{9E684606-7520-4C66-A530-F65AAA129B8F}.Release|x86.Build.0 = Release|x86
		{7417DF41-1260-4F98-8AF5-23B9C6048AAB}.Ad-Hoc|Any CPU.ActiveCfg = Release|Any CPU
		{7417DF41-1260-4F98-8AF5-23B9C6048AAB}.Ad-Hoc|Any CPU.Build.0 = Release|Any CPU
		{7417DF41-1260-4F98-8AF5-23B9C6048AAB}.Ad-Hoc|ARM.ActiveCfg = Release|ARM
		{7417DF41-1260-4F98-8AF5-23B9C6048AAB}.Ad-Hoc|ARM.Build.0 = Release|ARM
		{7417DF41-1260-4F98-8AF5-23B9C6048AAB}.Ad-Hoc|iPhone.ActiveCfg = Release|Any CPU
		{7417DF41-1260-4F98-8AF5-23B9C6048AAB}.Ad-Hoc|iPhoneSimulator.ActiveCfg = Release|Any CPU
		{7417DF41-1260-4F98-8AF5-23B9C6048AAB}.Ad-Hoc|Mixed Platforms.ActiveCfg = Release|x86
		{7417DF41-1260-4F98-8AF5-23B9C6048AAB}.Ad-Hoc|Mixed Platforms.Build.0 = Release|x86
		{7417DF41-1260-4F98-8AF5-23B9C6048AAB}.Ad-Hoc|x64.ActiveCfg = Debug|Any CPU
		{7417DF41-1260-4F98-8AF5-23B9C6048AAB}.Ad-Hoc|x86.ActiveCfg = Release|x86
		{7417DF41-1260-4F98-8AF5-23B9C6048AAB}.Ad-Hoc|x86.Build.0 = Release|x86
		{7417DF41-1260-4F98-8AF5-23B9C6048AAB}.AppStore|Any CPU.ActiveCfg = Release|Any CPU
		{7417DF41-1260-4F98-8AF5-23B9C6048AAB}.AppStore|Any CPU.Build.0 = Release|Any CPU
		{7417DF41-1260-4F98-8AF5-23B9C6048AAB}.AppStore|ARM.ActiveCfg = Release|ARM
		{7417DF41-1260-4F98-8AF5-23B9C6048AAB}.AppStore|ARM.Build.0 = Release|ARM
		{7417DF41-1260-4F98-8AF5-23B9C6048AAB}.AppStore|iPhone.ActiveCfg = Release|Any CPU
		{7417DF41-1260-4F98-8AF5-23B9C6048AAB}.AppStore|iPhoneSimulator.ActiveCfg = Release|Any CPU
		{7417DF41-1260-4F98-8AF5-23B9C6048AAB}.AppStore|Mixed Platforms.ActiveCfg = Release|x86
		{7417DF41-1260-4F98-8AF5-23B9C6048AAB}.AppStore|Mixed Platforms.Build.0 = Release|x86
		{7417DF41-1260-4F98-8AF5-23B9C6048AAB}.AppStore|x64.ActiveCfg = Debug|Any CPU
		{7417DF41-1260-4F98-8AF5-23B9C6048AAB}.AppStore|x86.ActiveCfg = Release|x86
		{7417DF41-1260-4F98-8AF5-23B9C6048AAB}.AppStore|x86.Build.0 = Release|x86
		{7417DF41-1260-4F98-8AF5-23B9C6048AAB}.Debug|Any CPU.ActiveCfg = Debug|Any CPU
		{7417DF41-1260-4F98-8AF5-23B9C6048AAB}.Debug|Any CPU.Build.0 = Debug|Any CPU
		{7417DF41-1260-4F98-8AF5-23B9C6048AAB}.Debug|ARM.ActiveCfg = Debug|ARM
		{7417DF41-1260-4F98-8AF5-23B9C6048AAB}.Debug|ARM.Build.0 = Debug|ARM
		{7417DF41-1260-4F98-8AF5-23B9C6048AAB}.Debug|iPhone.ActiveCfg = Debug|Any CPU
		{7417DF41-1260-4F98-8AF5-23B9C6048AAB}.Debug|iPhoneSimulator.ActiveCfg = Debug|Any CPU
		{7417DF41-1260-4F98-8AF5-23B9C6048AAB}.Debug|Mixed Platforms.ActiveCfg = Debug|x86
		{7417DF41-1260-4F98-8AF5-23B9C6048AAB}.Debug|Mixed Platforms.Build.0 = Debug|x86
		{7417DF41-1260-4F98-8AF5-23B9C6048AAB}.Debug|x64.ActiveCfg = Debug|Any CPU
		{7417DF41-1260-4F98-8AF5-23B9C6048AAB}.Debug|x86.ActiveCfg = Debug|x86
		{7417DF41-1260-4F98-8AF5-23B9C6048AAB}.Debug|x86.Build.0 = Debug|x86
		{7417DF41-1260-4F98-8AF5-23B9C6048AAB}.Release|Any CPU.ActiveCfg = Release|Any CPU
		{7417DF41-1260-4F98-8AF5-23B9C6048AAB}.Release|Any CPU.Build.0 = Release|Any CPU
		{7417DF41-1260-4F98-8AF5-23B9C6048AAB}.Release|ARM.ActiveCfg = Release|ARM
		{7417DF41-1260-4F98-8AF5-23B9C6048AAB}.Release|ARM.Build.0 = Release|ARM
		{7417DF41-1260-4F98-8AF5-23B9C6048AAB}.Release|iPhone.ActiveCfg = Release|Any CPU
		{7417DF41-1260-4F98-8AF5-23B9C6048AAB}.Release|iPhoneSimulator.ActiveCfg = Release|Any CPU
		{7417DF41-1260-4F98-8AF5-23B9C6048AAB}.Release|Mixed Platforms.ActiveCfg = Release|x86
		{7417DF41-1260-4F98-8AF5-23B9C6048AAB}.Release|Mixed Platforms.Build.0 = Release|x86
		{7417DF41-1260-4F98-8AF5-23B9C6048AAB}.Release|x64.ActiveCfg = Release|Any CPU
		{7417DF41-1260-4F98-8AF5-23B9C6048AAB}.Release|x86.ActiveCfg = Release|x86
		{7417DF41-1260-4F98-8AF5-23B9C6048AAB}.Release|x86.Build.0 = Release|x86
		{51B9D799-0F0B-44F9-9CBE-5AEFF7A23C1E}.Ad-Hoc|Any CPU.ActiveCfg = Release|Any CPU
		{51B9D799-0F0B-44F9-9CBE-5AEFF7A23C1E}.Ad-Hoc|Any CPU.Build.0 = Release|Any CPU
		{51B9D799-0F0B-44F9-9CBE-5AEFF7A23C1E}.Ad-Hoc|ARM.ActiveCfg = Release|ARM
		{51B9D799-0F0B-44F9-9CBE-5AEFF7A23C1E}.Ad-Hoc|ARM.Build.0 = Release|ARM
		{51B9D799-0F0B-44F9-9CBE-5AEFF7A23C1E}.Ad-Hoc|iPhone.ActiveCfg = Release|Any CPU
		{51B9D799-0F0B-44F9-9CBE-5AEFF7A23C1E}.Ad-Hoc|iPhoneSimulator.ActiveCfg = Release|Any CPU
		{51B9D799-0F0B-44F9-9CBE-5AEFF7A23C1E}.Ad-Hoc|Mixed Platforms.ActiveCfg = Release|x86
		{51B9D799-0F0B-44F9-9CBE-5AEFF7A23C1E}.Ad-Hoc|Mixed Platforms.Build.0 = Release|x86
		{51B9D799-0F0B-44F9-9CBE-5AEFF7A23C1E}.Ad-Hoc|x64.ActiveCfg = Release|x64
		{51B9D799-0F0B-44F9-9CBE-5AEFF7A23C1E}.Ad-Hoc|x64.Build.0 = Release|x64
		{51B9D799-0F0B-44F9-9CBE-5AEFF7A23C1E}.Ad-Hoc|x86.ActiveCfg = Release|x86
		{51B9D799-0F0B-44F9-9CBE-5AEFF7A23C1E}.Ad-Hoc|x86.Build.0 = Release|x86
		{51B9D799-0F0B-44F9-9CBE-5AEFF7A23C1E}.AppStore|Any CPU.ActiveCfg = Release|Any CPU
		{51B9D799-0F0B-44F9-9CBE-5AEFF7A23C1E}.AppStore|Any CPU.Build.0 = Release|Any CPU
		{51B9D799-0F0B-44F9-9CBE-5AEFF7A23C1E}.AppStore|ARM.ActiveCfg = Release|ARM
		{51B9D799-0F0B-44F9-9CBE-5AEFF7A23C1E}.AppStore|ARM.Build.0 = Release|ARM
		{51B9D799-0F0B-44F9-9CBE-5AEFF7A23C1E}.AppStore|iPhone.ActiveCfg = Release|Any CPU
		{51B9D799-0F0B-44F9-9CBE-5AEFF7A23C1E}.AppStore|iPhoneSimulator.ActiveCfg = Release|Any CPU
		{51B9D799-0F0B-44F9-9CBE-5AEFF7A23C1E}.AppStore|Mixed Platforms.ActiveCfg = Release|x86
		{51B9D799-0F0B-44F9-9CBE-5AEFF7A23C1E}.AppStore|Mixed Platforms.Build.0 = Release|x86
		{51B9D799-0F0B-44F9-9CBE-5AEFF7A23C1E}.AppStore|x64.ActiveCfg = Release|x64
		{51B9D799-0F0B-44F9-9CBE-5AEFF7A23C1E}.AppStore|x64.Build.0 = Release|x64
		{51B9D799-0F0B-44F9-9CBE-5AEFF7A23C1E}.AppStore|x86.ActiveCfg = Release|x86
		{51B9D799-0F0B-44F9-9CBE-5AEFF7A23C1E}.AppStore|x86.Build.0 = Release|x86
		{51B9D799-0F0B-44F9-9CBE-5AEFF7A23C1E}.Debug|Any CPU.ActiveCfg = Debug|Any CPU
		{51B9D799-0F0B-44F9-9CBE-5AEFF7A23C1E}.Debug|Any CPU.Build.0 = Debug|Any CPU
		{51B9D799-0F0B-44F9-9CBE-5AEFF7A23C1E}.Debug|ARM.ActiveCfg = Debug|ARM
		{51B9D799-0F0B-44F9-9CBE-5AEFF7A23C1E}.Debug|ARM.Build.0 = Debug|ARM
		{51B9D799-0F0B-44F9-9CBE-5AEFF7A23C1E}.Debug|iPhone.ActiveCfg = Debug|Any CPU
		{51B9D799-0F0B-44F9-9CBE-5AEFF7A23C1E}.Debug|iPhoneSimulator.ActiveCfg = Debug|Any CPU
		{51B9D799-0F0B-44F9-9CBE-5AEFF7A23C1E}.Debug|Mixed Platforms.ActiveCfg = Debug|x86
		{51B9D799-0F0B-44F9-9CBE-5AEFF7A23C1E}.Debug|Mixed Platforms.Build.0 = Debug|x86
		{51B9D799-0F0B-44F9-9CBE-5AEFF7A23C1E}.Debug|x64.ActiveCfg = Debug|x64
		{51B9D799-0F0B-44F9-9CBE-5AEFF7A23C1E}.Debug|x64.Build.0 = Debug|x64
		{51B9D799-0F0B-44F9-9CBE-5AEFF7A23C1E}.Debug|x86.ActiveCfg = Debug|x86
		{51B9D799-0F0B-44F9-9CBE-5AEFF7A23C1E}.Debug|x86.Build.0 = Debug|x86
		{51B9D799-0F0B-44F9-9CBE-5AEFF7A23C1E}.Release|Any CPU.ActiveCfg = Release|Any CPU
		{51B9D799-0F0B-44F9-9CBE-5AEFF7A23C1E}.Release|Any CPU.Build.0 = Release|Any CPU
		{51B9D799-0F0B-44F9-9CBE-5AEFF7A23C1E}.Release|ARM.ActiveCfg = Release|ARM
		{51B9D799-0F0B-44F9-9CBE-5AEFF7A23C1E}.Release|ARM.Build.0 = Release|ARM
		{51B9D799-0F0B-44F9-9CBE-5AEFF7A23C1E}.Release|iPhone.ActiveCfg = Release|Any CPU
		{51B9D799-0F0B-44F9-9CBE-5AEFF7A23C1E}.Release|iPhoneSimulator.ActiveCfg = Release|Any CPU
		{51B9D799-0F0B-44F9-9CBE-5AEFF7A23C1E}.Release|Mixed Platforms.ActiveCfg = Release|x86
		{51B9D799-0F0B-44F9-9CBE-5AEFF7A23C1E}.Release|Mixed Platforms.Build.0 = Release|x86
		{51B9D799-0F0B-44F9-9CBE-5AEFF7A23C1E}.Release|x64.ActiveCfg = Release|x64
		{51B9D799-0F0B-44F9-9CBE-5AEFF7A23C1E}.Release|x64.Build.0 = Release|x64
		{51B9D799-0F0B-44F9-9CBE-5AEFF7A23C1E}.Release|x86.ActiveCfg = Release|x86
		{51B9D799-0F0B-44F9-9CBE-5AEFF7A23C1E}.Release|x86.Build.0 = Release|x86
		{036F649F-2348-41CE-85E1-3DF2B0331270}.Ad-Hoc|Any CPU.ActiveCfg = Release|Any CPU
		{036F649F-2348-41CE-85E1-3DF2B0331270}.Ad-Hoc|Any CPU.Build.0 = Release|Any CPU
		{036F649F-2348-41CE-85E1-3DF2B0331270}.Ad-Hoc|ARM.ActiveCfg = Release|ARM
		{036F649F-2348-41CE-85E1-3DF2B0331270}.Ad-Hoc|ARM.Build.0 = Release|ARM
		{036F649F-2348-41CE-85E1-3DF2B0331270}.Ad-Hoc|iPhone.ActiveCfg = Release|Any CPU
		{036F649F-2348-41CE-85E1-3DF2B0331270}.Ad-Hoc|iPhone.Build.0 = Release|Any CPU
		{036F649F-2348-41CE-85E1-3DF2B0331270}.Ad-Hoc|iPhoneSimulator.ActiveCfg = Release|Any CPU
		{036F649F-2348-41CE-85E1-3DF2B0331270}.Ad-Hoc|iPhoneSimulator.Build.0 = Release|Any CPU
		{036F649F-2348-41CE-85E1-3DF2B0331270}.Ad-Hoc|Mixed Platforms.ActiveCfg = Release|x86
		{036F649F-2348-41CE-85E1-3DF2B0331270}.Ad-Hoc|Mixed Platforms.Build.0 = Release|x86
		{036F649F-2348-41CE-85E1-3DF2B0331270}.Ad-Hoc|x64.ActiveCfg = Release|Any CPU
		{036F649F-2348-41CE-85E1-3DF2B0331270}.Ad-Hoc|x64.Build.0 = Release|Any CPU
		{036F649F-2348-41CE-85E1-3DF2B0331270}.Ad-Hoc|x86.ActiveCfg = Release|x86
		{036F649F-2348-41CE-85E1-3DF2B0331270}.Ad-Hoc|x86.Build.0 = Release|x86
		{036F649F-2348-41CE-85E1-3DF2B0331270}.AppStore|Any CPU.ActiveCfg = Release|Any CPU
		{036F649F-2348-41CE-85E1-3DF2B0331270}.AppStore|Any CPU.Build.0 = Release|Any CPU
		{036F649F-2348-41CE-85E1-3DF2B0331270}.AppStore|ARM.ActiveCfg = Release|ARM
		{036F649F-2348-41CE-85E1-3DF2B0331270}.AppStore|ARM.Build.0 = Release|ARM
		{036F649F-2348-41CE-85E1-3DF2B0331270}.AppStore|iPhone.ActiveCfg = Release|Any CPU
		{036F649F-2348-41CE-85E1-3DF2B0331270}.AppStore|iPhone.Build.0 = Release|Any CPU
		{036F649F-2348-41CE-85E1-3DF2B0331270}.AppStore|iPhoneSimulator.ActiveCfg = Release|Any CPU
		{036F649F-2348-41CE-85E1-3DF2B0331270}.AppStore|iPhoneSimulator.Build.0 = Release|Any CPU
		{036F649F-2348-41CE-85E1-3DF2B0331270}.AppStore|Mixed Platforms.ActiveCfg = Release|x86
		{036F649F-2348-41CE-85E1-3DF2B0331270}.AppStore|Mixed Platforms.Build.0 = Release|x86
		{036F649F-2348-41CE-85E1-3DF2B0331270}.AppStore|x64.ActiveCfg = Release|Any CPU
		{036F649F-2348-41CE-85E1-3DF2B0331270}.AppStore|x64.Build.0 = Release|Any CPU
		{036F649F-2348-41CE-85E1-3DF2B0331270}.AppStore|x86.ActiveCfg = Release|x86
		{036F649F-2348-41CE-85E1-3DF2B0331270}.AppStore|x86.Build.0 = Release|x86
		{036F649F-2348-41CE-85E1-3DF2B0331270}.Debug|Any CPU.ActiveCfg = Debug|Any CPU
		{036F649F-2348-41CE-85E1-3DF2B0331270}.Debug|Any CPU.Build.0 = Debug|Any CPU
		{036F649F-2348-41CE-85E1-3DF2B0331270}.Debug|ARM.ActiveCfg = Debug|ARM
		{036F649F-2348-41CE-85E1-3DF2B0331270}.Debug|ARM.Build.0 = Debug|ARM
		{036F649F-2348-41CE-85E1-3DF2B0331270}.Debug|iPhone.ActiveCfg = Debug|Any CPU
		{036F649F-2348-41CE-85E1-3DF2B0331270}.Debug|iPhone.Build.0 = Debug|Any CPU
		{036F649F-2348-41CE-85E1-3DF2B0331270}.Debug|iPhoneSimulator.ActiveCfg = Debug|Any CPU
		{036F649F-2348-41CE-85E1-3DF2B0331270}.Debug|iPhoneSimulator.Build.0 = Debug|Any CPU
		{036F649F-2348-41CE-85E1-3DF2B0331270}.Debug|Mixed Platforms.ActiveCfg = Debug|x86
		{036F649F-2348-41CE-85E1-3DF2B0331270}.Debug|Mixed Platforms.Build.0 = Debug|x86
		{036F649F-2348-41CE-85E1-3DF2B0331270}.Debug|x64.ActiveCfg = Debug|Any CPU
		{036F649F-2348-41CE-85E1-3DF2B0331270}.Debug|x64.Build.0 = Debug|Any CPU
		{036F649F-2348-41CE-85E1-3DF2B0331270}.Debug|x86.ActiveCfg = Debug|x86
		{036F649F-2348-41CE-85E1-3DF2B0331270}.Debug|x86.Build.0 = Debug|x86
		{036F649F-2348-41CE-85E1-3DF2B0331270}.Release|Any CPU.ActiveCfg = Release|Any CPU
		{036F649F-2348-41CE-85E1-3DF2B0331270}.Release|Any CPU.Build.0 = Release|Any CPU
		{036F649F-2348-41CE-85E1-3DF2B0331270}.Release|ARM.ActiveCfg = Release|ARM
		{036F649F-2348-41CE-85E1-3DF2B0331270}.Release|ARM.Build.0 = Release|ARM
		{036F649F-2348-41CE-85E1-3DF2B0331270}.Release|iPhone.ActiveCfg = Release|Any CPU
		{036F649F-2348-41CE-85E1-3DF2B0331270}.Release|iPhone.Build.0 = Release|Any CPU
		{036F649F-2348-41CE-85E1-3DF2B0331270}.Release|iPhoneSimulator.ActiveCfg = Release|Any CPU
		{036F649F-2348-41CE-85E1-3DF2B0331270}.Release|iPhoneSimulator.Build.0 = Release|Any CPU
		{036F649F-2348-41CE-85E1-3DF2B0331270}.Release|Mixed Platforms.ActiveCfg = Release|x86
		{036F649F-2348-41CE-85E1-3DF2B0331270}.Release|Mixed Platforms.Build.0 = Release|x86
		{036F649F-2348-41CE-85E1-3DF2B0331270}.Release|x64.ActiveCfg = Release|Any CPU
		{036F649F-2348-41CE-85E1-3DF2B0331270}.Release|x64.Build.0 = Release|Any CPU
		{036F649F-2348-41CE-85E1-3DF2B0331270}.Release|x86.ActiveCfg = Release|x86
		{036F649F-2348-41CE-85E1-3DF2B0331270}.Release|x86.Build.0 = Release|x86
	EndGlobalSection
	GlobalSection(SolutionProperties) = preSolution
		HideSolutionNode = FALSE
	EndGlobalSection
	GlobalSection(NestedProjects) = preSolution
		{E0951DAE-4B6E-421D-AA30-5BD2203D5DEC} = {915A7419-1DC8-43AE-962D-2F1046F01070}
		{75DFD328-A91C-4056-B50B-1EFDC595C6A0} = {915A7419-1DC8-43AE-962D-2F1046F01070}
		{C1497752-06AF-4FDB-886E-8DD57F5CB5A0} = {915A7419-1DC8-43AE-962D-2F1046F01070}
		{9E684606-7520-4C66-A530-F65AAA129B8F} = {915A7419-1DC8-43AE-962D-2F1046F01070}
		{7417DF41-1260-4F98-8AF5-23B9C6048AAB} = {915A7419-1DC8-43AE-962D-2F1046F01070}
		{51B9D799-0F0B-44F9-9CBE-5AEFF7A23C1E} = {915A7419-1DC8-43AE-962D-2F1046F01070}
		{1B491EE5-956C-45F5-98B6-B20A30F28875} = {915A7419-1DC8-43AE-962D-2F1046F01070}
		{036F649F-2348-41CE-85E1-3DF2B0331270} = {915A7419-1DC8-43AE-962D-2F1046F01070}
		{025D3BE6-8C87-4C5C-A2B9-1551FA8A3172} = {915A7419-1DC8-43AE-962D-2F1046F01070}
	EndGlobalSection
	GlobalSection(MonoDevelopProperties) = preSolution
		Policies = $0
		$0.TextStylePolicy = $1
		$1.inheritsSet = VisualStudio
		$1.inheritsScope = text/plain
		$1.scope = text/plain
		$0.CSharpFormattingPolicy = $2
		$2.IndentSwitchBody = True
		$2.IndentBlocksInsideExpressions = True
		$2.AnonymousMethodBraceStyle = NextLine
		$2.PropertyBraceStyle = NextLine
		$2.PropertyGetBraceStyle = NextLine
		$2.PropertySetBraceStyle = NextLine
		$2.EventBraceStyle = NextLine
		$2.EventAddBraceStyle = NextLine
		$2.EventRemoveBraceStyle = NextLine
		$2.StatementBraceStyle = NextLine
		$2.ElseNewLinePlacement = NewLine
		$2.CatchNewLinePlacement = NewLine
		$2.FinallyNewLinePlacement = NewLine
		$2.WhileNewLinePlacement = DoNotCare
		$2.ArrayInitializerWrapping = DoNotChange
		$2.ArrayInitializerBraceStyle = NextLine
		$2.BeforeMethodDeclarationParentheses = False
		$2.BeforeMethodCallParentheses = False
		$2.BeforeConstructorDeclarationParentheses = False
		$2.NewLineBeforeConstructorInitializerColon = NewLine
		$2.NewLineAfterConstructorInitializerColon = SameLine
		$2.BeforeDelegateDeclarationParentheses = False
		$2.NewParentheses = False
		$2.SpacesBeforeBrackets = False
		$2.inheritsSet = Mono
		$2.inheritsScope = text/x-csharp
		$2.scope = text/x-csharp
		$0.DotNetNamingPolicy = $3
		$3.DirectoryNamespaceAssociation = PrefixedHierarchical
		$3.ResourceNamePolicy = FileFormatDefault
	EndGlobalSection
EndGlobal
