
Microsoft Visual Studio Solution File, Format Version 12.00
# Visual Studio 2013
VisualStudioVersion = 12.0.31101.0
MinimumVisualStudioVersion = 10.0.40219.1
Project("{FAE04EC0-301F-11D3-BF4B-00C04F79EFBC}") = "NControl.Forms.Xamarin.Plugins.Abstractions", "NControl.Forms.Xamarin.Plugins.Abstractions\NControl.Forms.Xamarin.Plugins.Abstractions.csproj", "{E0951DAE-4B6E-421D-AA30-5BD2203D5DEC}"
EndProject
Project("{2150E333-8FDC-42A3-9474-1A3956D46DE8}") = "Solution Items", "Solution Items", "{99ED309E-66A0-43F0-8153-D217D64F3266}"
	ProjectSection(SolutionItems) = preProject
		NControl.Forms.Plugin.nuspec = NControl.Forms.Plugin.nuspec
	EndProjectSection
EndProject
Project("{FAE04EC0-301F-11D3-BF4B-00C04F79EFBC}") = "NControl.Forms.Xamarin.Plugins.Droid", "NControl.Forms.Xamarin.Plugins.Droid\NControl.Forms.Xamarin.Plugins.Droid.csproj", "{75DFD328-A91C-4056-B50B-1EFDC595C6A0}"
EndProject
Project("{FAE04EC0-301F-11D3-BF4B-00C04F79EFBC}") = "NControl.Forms.Xamarin.Plugins.iOS", "NControl.Forms.Xamarin.Plugins.iOS\NControl.Forms.Xamarin.Plugins.iOS.csproj", "{C1497752-06AF-4FDB-886E-8DD57F5CB5A0}"
EndProject
Project("{FAE04EC0-301F-11D3-BF4B-00C04F79EFBC}") = "NControl.Forms.Xamarin.Plugins.WP81", "NControl.Forms.Xamarin.Plugins.WP81\NControl.Forms.Xamarin.Plugins.WP81.csproj", "{9E684606-7520-4C66-A530-F65AAA129B8F}"
EndProject
Global
	GlobalSection(SolutionConfigurationPlatforms) = preSolution
		Debug|Any CPU = Debug|Any CPU
		Debug|ARM = Debug|ARM
		Debug|x86 = Debug|x86
		Release|Any CPU = Release|Any CPU
		Release|ARM = Release|ARM
		Release|x86 = Release|x86
	EndGlobalSection
	GlobalSection(ProjectConfigurationPlatforms) = postSolution
		{E0951DAE-4B6E-421D-AA30-5BD2203D5DEC}.Debug|Any CPU.ActiveCfg = Debug|Any CPU
		{E0951DAE-4B6E-421D-AA30-5BD2203D5DEC}.Debug|Any CPU.Build.0 = Debug|Any CPU
		{E0951DAE-4B6E-421D-AA30-5BD2203D5DEC}.Debug|ARM.ActiveCfg = Debug|Any CPU
		{E0951DAE-4B6E-421D-AA30-5BD2203D5DEC}.Debug|x86.ActiveCfg = Debug|Any CPU
		{E0951DAE-4B6E-421D-AA30-5BD2203D5DEC}.Release|Any CPU.ActiveCfg = Release|Any CPU
		{E0951DAE-4B6E-421D-AA30-5BD2203D5DEC}.Release|Any CPU.Build.0 = Release|Any CPU
		{E0951DAE-4B6E-421D-AA30-5BD2203D5DEC}.Release|ARM.ActiveCfg = Release|Any CPU
		{E0951DAE-4B6E-421D-AA30-5BD2203D5DEC}.Release|x86.ActiveCfg = Release|Any CPU
		{75DFD328-A91C-4056-B50B-1EFDC595C6A0}.Debug|Any CPU.ActiveCfg = Debug|Any CPU
		{75DFD328-A91C-4056-B50B-1EFDC595C6A0}.Debug|Any CPU.Build.0 = Debug|Any CPU
		{75DFD328-A91C-4056-B50B-1EFDC595C6A0}.Debug|ARM.ActiveCfg = Debug|Any CPU
		{75DFD328-A91C-4056-B50B-1EFDC595C6A0}.Debug|x86.ActiveCfg = Debug|Any CPU
		{75DFD328-A91C-4056-B50B-1EFDC595C6A0}.Release|Any CPU.ActiveCfg = Release|Any CPU
		{75DFD328-A91C-4056-B50B-1EFDC595C6A0}.Release|Any CPU.Build.0 = Release|Any CPU
		{75DFD328-A91C-4056-B50B-1EFDC595C6A0}.Release|ARM.ActiveCfg = Release|Any CPU
		{75DFD328-A91C-4056-B50B-1EFDC595C6A0}.Release|x86.ActiveCfg = Release|Any CPU
		{C1497752-06AF-4FDB-886E-8DD57F5CB5A0}.Debug|Any CPU.ActiveCfg = Debug|Any CPU
		{C1497752-06AF-4FDB-886E-8DD57F5CB5A0}.Debug|Any CPU.Build.0 = Debug|Any CPU
		{C1497752-06AF-4FDB-886E-8DD57F5CB5A0}.Debug|ARM.ActiveCfg = Debug|Any CPU
		{C1497752-06AF-4FDB-886E-8DD57F5CB5A0}.Debug|x86.ActiveCfg = Debug|Any CPU
		{C1497752-06AF-4FDB-886E-8DD57F5CB5A0}.Release|Any CPU.ActiveCfg = Release|Any CPU
		{C1497752-06AF-4FDB-886E-8DD57F5CB5A0}.Release|Any CPU.Build.0 = Release|Any CPU
		{C1497752-06AF-4FDB-886E-8DD57F5CB5A0}.Release|ARM.ActiveCfg = Release|Any CPU
		{C1497752-06AF-4FDB-886E-8DD57F5CB5A0}.Release|x86.ActiveCfg = Release|Any CPU
		{9E684606-7520-4C66-A530-F65AAA129B8F}.Debug|Any CPU.ActiveCfg = Debug|Any CPU
		{9E684606-7520-4C66-A530-F65AAA129B8F}.Debug|Any CPU.Build.0 = Debug|Any CPU
		{9E684606-7520-4C66-A530-F65AAA129B8F}.Debug|ARM.ActiveCfg = Debug|ARM
		{9E684606-7520-4C66-A530-F65AAA129B8F}.Debug|ARM.Build.0 = Debug|ARM
		{9E684606-7520-4C66-A530-F65AAA129B8F}.Debug|x86.ActiveCfg = Debug|x86
		{9E684606-7520-4C66-A530-F65AAA129B8F}.Debug|x86.Build.0 = Debug|x86
		{9E684606-7520-4C66-A530-F65AAA129B8F}.Release|Any CPU.ActiveCfg = Release|Any CPU
		{9E684606-7520-4C66-A530-F65AAA129B8F}.Release|Any CPU.Build.0 = Release|Any CPU
		{9E684606-7520-4C66-A530-F65AAA129B8F}.Release|ARM.ActiveCfg = Release|ARM
		{9E684606-7520-4C66-A530-F65AAA129B8F}.Release|ARM.Build.0 = Release|ARM
		{9E684606-7520-4C66-A530-F65AAA129B8F}.Release|x86.ActiveCfg = Release|x86
		{9E684606-7520-4C66-A530-F65AAA129B8F}.Release|x86.Build.0 = Release|x86
	EndGlobalSection
	GlobalSection(SolutionProperties) = preSolution
		HideSolutionNode = FALSE
	EndGlobalSection
EndGlobal
